{
  "version": 4,
  "terraform_version": "1.3.7",
  "serial": 837,
  "lineage": "bb213a84-c039-2a4d-5be5-356d6bb34ab7",
  "outputs": {},
  "resources": [
    {
      "mode": "data",
      "type": "aws_ami",
      "name": "eks_default",
      "provider": "provider[\"registry.terraform.io/hashicorp/aws\"]",
      "instances": [
        {
          "schema_version": 0,
          "attributes": {
            "architecture": "x86_64",
            "arn": "arn:aws:ec2:eu-west-1::image/ami-0ae92cf6a0a5d24d0",
            "block_device_mappings": [
              {
                "device_name": "/dev/xvda",
                "ebs": {
                  "delete_on_termination": "true",
                  "encrypted": "false",
                  "iops": "0",
                  "snapshot_id": "snap-009a113ed95bc4771",
                  "throughput": "0",
                  "volume_size": "20",
                  "volume_type": "gp2"
                },
                "no_device": "",
                "virtual_name": ""
              }
            ],
            "boot_mode": "",
            "creation_date": "2023-01-05T17:38:20.000Z",
            "deprecation_time": "2025-01-05T17:38:20.000Z",
            "description": "EKS Kubernetes Worker AMI with AmazonLinux2 image, (k8s: 1.24.7, docker: 20.10.17-1.amzn2.0.1, containerd: 1.6.6-1.amzn2.0.2)",
            "ena_support": true,
            "executable_users": null,
            "filter": [
              {
                "name": "name",
                "values": [
                  "amazon-eks-node-1.24-v*"
                ]
              }
            ],
            "hypervisor": "xen",
            "id": "ami-0ae92cf6a0a5d24d0",
            "image_id": "ami-0ae92cf6a0a5d24d0",
            "image_location": "amazon/amazon-eks-node-1.24-v20230105",
            "image_owner_alias": "amazon",
            "image_type": "machine",
            "imds_support": "",
            "include_deprecated": false,
            "kernel_id": "",
            "most_recent": true,
            "name": "amazon-eks-node-1.24-v20230105",
            "name_regex": null,
            "owner_id": "602401143452",
            "owners": [
              "amazon"
            ],
            "platform": "",
            "platform_details": "Linux/UNIX",
            "product_codes": [],
            "public": true,
            "ramdisk_id": "",
            "root_device_name": "/dev/xvda",
            "root_device_type": "ebs",
            "root_snapshot_id": "snap-009a113ed95bc4771",
            "sriov_net_support": "simple",
            "state": "available",
            "state_reason": {
              "code": "UNSET",
              "message": "UNSET"
            },
            "tags": {},
            "timeouts": null,
            "tpm_support": "",
            "usage_operation": "RunInstances",
            "virtualization_type": "hvm"
          },
          "sensitive_attributes": []
        }
      ]
    },
    {
      "mode": "data",
      "type": "aws_ami",
      "name": "eks_default_arm",
      "provider": "provider[\"registry.terraform.io/hashicorp/aws\"]",
      "instances": [
        {
          "schema_version": 0,
          "attributes": {
            "architecture": "arm64",
            "arn": "arn:aws:ec2:eu-west-1::image/ami-0d0dabb5c7aa28fe1",
            "block_device_mappings": [
              {
                "device_name": "/dev/xvda",
                "ebs": {
                  "delete_on_termination": "true",
                  "encrypted": "false",
                  "iops": "0",
                  "snapshot_id": "snap-00eb0c69842462712",
                  "throughput": "0",
                  "volume_size": "20",
                  "volume_type": "gp2"
                },
                "no_device": "",
                "virtual_name": ""
              }
            ],
            "boot_mode": "uefi",
            "creation_date": "2023-01-05T17:38:20.000Z",
            "deprecation_time": "2025-01-05T17:38:20.000Z",
            "description": "EKS Kubernetes Worker AMI with AmazonLinux2 image, (k8s: 1.24.7, docker: 20.10.17-1.amzn2.0.1, containerd: 1.6.6-1.amzn2.0.2)",
            "ena_support": true,
            "executable_users": null,
            "filter": [
              {
                "name": "name",
                "values": [
                  "amazon-eks-arm64-node-1.24-v*"
                ]
              }
            ],
            "hypervisor": "xen",
            "id": "ami-0d0dabb5c7aa28fe1",
            "image_id": "ami-0d0dabb5c7aa28fe1",
            "image_location": "amazon/amazon-eks-arm64-node-1.24-v20230105",
            "image_owner_alias": "amazon",
            "image_type": "machine",
            "imds_support": "",
            "include_deprecated": false,
            "kernel_id": "",
            "most_recent": true,
            "name": "amazon-eks-arm64-node-1.24-v20230105",
            "name_regex": null,
            "owner_id": "602401143452",
            "owners": [
              "amazon"
            ],
            "platform": "",
            "platform_details": "Linux/UNIX",
            "product_codes": [],
            "public": true,
            "ramdisk_id": "",
            "root_device_name": "/dev/xvda",
            "root_device_type": "ebs",
            "root_snapshot_id": "snap-00eb0c69842462712",
            "sriov_net_support": "simple",
            "state": "available",
            "state_reason": {
              "code": "UNSET",
              "message": "UNSET"
            },
            "tags": {},
            "timeouts": null,
            "tpm_support": "",
            "usage_operation": "RunInstances",
            "virtualization_type": "hvm"
          },
          "sensitive_attributes": []
        }
      ]
    },
    {
      "mode": "data",
      "type": "aws_ami",
      "name": "eks_default_bottlerocket",
      "provider": "provider[\"registry.terraform.io/hashicorp/aws\"]",
      "instances": [
        {
          "schema_version": 0,
          "attributes": {
            "architecture": "x86_64",
            "arn": "arn:aws:ec2:eu-west-1::image/ami-04c3c0624aad46804",
            "block_device_mappings": [
              {
                "device_name": "/dev/xvda",
                "ebs": {
                  "delete_on_termination": "true",
                  "encrypted": "false",
                  "iops": "0",
                  "snapshot_id": "snap-06b378d440f686ce1",
                  "throughput": "0",
                  "volume_size": "2",
                  "volume_type": "gp2"
                },
                "no_device": "",
                "virtual_name": ""
              },
              {
                "device_name": "/dev/xvdb",
                "ebs": {
                  "delete_on_termination": "true",
                  "encrypted": "false",
                  "iops": "0",
                  "snapshot_id": "snap-035fb85f0b3a7d96c",
                  "throughput": "0",
                  "volume_size": "20",
                  "volume_type": "gp2"
                },
                "no_device": "",
                "virtual_name": ""
              }
            ],
            "boot_mode": "",
            "creation_date": "2022-11-26T01:32:43.000Z",
            "deprecation_time": "2024-11-26T01:32:43.000Z",
            "description": "bottlerocket-aws-k8s-1.24-x86_64-v1.11.1-104f8e0f",
            "ena_support": true,
            "executable_users": null,
            "filter": [
              {
                "name": "name",
                "values": [
                  "bottlerocket-aws-k8s-1.24-x86_64-*"
                ]
              }
            ],
            "hypervisor": "xen",
            "id": "ami-04c3c0624aad46804",
            "image_id": "ami-04c3c0624aad46804",
            "image_location": "amazon/bottlerocket-aws-k8s-1.24-x86_64-v1.11.1-104f8e0f",
            "image_owner_alias": "amazon",
            "image_type": "machine",
            "imds_support": "",
            "include_deprecated": false,
            "kernel_id": "",
            "most_recent": true,
            "name": "bottlerocket-aws-k8s-1.24-x86_64-v1.11.1-104f8e0f",
            "name_regex": null,
            "owner_id": "503807174151",
            "owners": [
              "amazon"
            ],
            "platform": "",
            "platform_details": "Linux/UNIX",
            "product_codes": [],
            "public": true,
            "ramdisk_id": "",
            "root_device_name": "/dev/xvda",
            "root_device_type": "ebs",
            "root_snapshot_id": "snap-06b378d440f686ce1",
            "sriov_net_support": "simple",
            "state": "available",
            "state_reason": {
              "code": "UNSET",
              "message": "UNSET"
            },
            "tags": {},
            "timeouts": null,
            "tpm_support": "",
            "usage_operation": "RunInstances",
            "virtualization_type": "hvm"
          },
          "sensitive_attributes": []
        }
      ]
    },
    {
      "mode": "data",
      "type": "aws_availability_zones",
      "name": "available",
      "provider": "provider[\"registry.terraform.io/hashicorp/aws\"]",
      "instances": [
        {
          "schema_version": 0,
          "attributes": {
            "all_availability_zones": null,
            "exclude_names": null,
            "exclude_zone_ids": null,
            "filter": null,
            "group_names": [
              "eu-west-1"
            ],
            "id": "eu-west-1",
            "names": [
              "eu-west-1a",
              "eu-west-1b",
              "eu-west-1c"
            ],
            "state": null,
            "timeouts": null,
            "zone_ids": [
              "euw1-az1",
              "euw1-az2",
              "euw1-az3"
            ]
          },
          "sensitive_attributes": []
        }
      ]
    },
    {
      "mode": "data",
      "type": "aws_caller_identity",
      "name": "current",
      "provider": "provider[\"registry.terraform.io/hashicorp/aws\"]",
      "instances": [
        {
          "schema_version": 0,
          "attributes": {
            "account_id": "832611670348",
            "arn": "arn:aws:iam::832611670348:user/masterclass",
            "id": "832611670348",
            "user_id": "AIDA4DW4F3FGBVAS6I4WT"
          },
          "sensitive_attributes": []
        }
      ]
    },
    {
      "mode": "managed",
      "type": "aws_iam_policy",
      "name": "node_additional",
      "provider": "provider[\"registry.terraform.io/hashicorp/aws\"]",
      "instances": [
        {
          "schema_version": 0,
          "attributes": {
            "arn": "arn:aws:iam::832611670348:policy/ex-fluxcd-additional",
            "description": "Example usage of node additional policy",
            "id": "arn:aws:iam::832611670348:policy/ex-fluxcd-additional",
            "name": "ex-fluxcd-additional",
            "name_prefix": null,
            "path": "/",
            "policy": "{\"Statement\":[{\"Action\":[\"ec2:Describe*\"],\"Effect\":\"Allow\",\"Resource\":\"*\"}],\"Version\":\"2012-10-17\"}",
            "policy_id": "ANPA4DW4F3FGCJI5GS7AG",
            "tags": {
              "Example": "ex-fluxcd",
              "GithubOrg": "terraform-aws-modules",
              "GithubRepo": "terraform-aws-eks"
            },
            "tags_all": {
              "Example": "ex-fluxcd",
              "GithubOrg": "terraform-aws-modules",
              "GithubRepo": "terraform-aws-eks"
            }
          },
          "sensitive_attributes": [],
          "private": "bnVsbA==",
          "create_before_destroy": true
        }
      ]
    },
    {
      "mode": "managed",
      "type": "aws_security_group",
      "name": "remote_access",
      "provider": "provider[\"registry.terraform.io/hashicorp/aws\"]",
      "instances": [
        {
          "schema_version": 1,
          "attributes": {
            "arn": "arn:aws:ec2:eu-west-1:832611670348:security-group/sg-008e2921bfb6f0c6d",
            "description": "Allow remote SSH access",
            "egress": [
              {
                "cidr_blocks": [
                  "0.0.0.0/0"
                ],
                "description": "",
                "from_port": 0,
                "ipv6_cidr_blocks": [
                  "::/0"
                ],
                "prefix_list_ids": [],
                "protocol": "-1",
                "security_groups": [],
                "self": false,
                "to_port": 0
              }
            ],
            "id": "sg-008e2921bfb6f0c6d",
            "ingress": [
              {
                "cidr_blocks": [
                  "10.0.0.0/8"
                ],
                "description": "SSH access",
                "from_port": 22,
                "ipv6_cidr_blocks": [],
                "prefix_list_ids": [],
                "protocol": "tcp",
                "security_groups": [],
                "self": false,
                "to_port": 22
              }
            ],
            "name": "ex-fluxcd-remote-access20230120233948433700000009",
            "name_prefix": "ex-fluxcd-remote-access",
            "owner_id": "832611670348",
            "revoke_rules_on_delete": false,
            "tags": {
              "Example": "ex-fluxcd",
              "GithubOrg": "terraform-aws-modules",
              "GithubRepo": "terraform-aws-eks",
              "Name": "ex-fluxcd-remote"
            },
            "tags_all": {
              "Example": "ex-fluxcd",
              "GithubOrg": "terraform-aws-modules",
              "GithubRepo": "terraform-aws-eks",
              "Name": "ex-fluxcd-remote"
            },
            "timeouts": null,
            "vpc_id": "vpc-0a9f05c347f07e84d"
          },
          "sensitive_attributes": [],
          "private": "eyJlMmJmYjczMC1lY2FhLTExZTYtOGY4OC0zNDM2M2JjN2M0YzAiOnsiY3JlYXRlIjo2MDAwMDAwMDAwMDAsImRlbGV0ZSI6OTAwMDAwMDAwMDAwfSwic2NoZW1hX3ZlcnNpb24iOiIxIn0=",
          "dependencies": [
            "module.vpc.aws_vpc.this"
          ],
          "create_before_destroy": true
        }
      ]
    },
    {
      "module": "module.ebs_kms_key",
      "mode": "data",
      "type": "aws_caller_identity",
      "name": "current",
      "provider": "provider[\"registry.terraform.io/hashicorp/aws\"]",
      "instances": [
        {
          "schema_version": 0,
          "attributes": {
            "account_id": "832611670348",
            "arn": "arn:aws:iam::832611670348:user/masterclass",
            "id": "832611670348",
            "user_id": "AIDA4DW4F3FGBVAS6I4WT"
          },
          "sensitive_attributes": []
        }
      ]
    },
    {
      "module": "module.ebs_kms_key",
      "mode": "data",
      "type": "aws_iam_policy_document",
      "name": "this",
      "provider": "provider[\"registry.terraform.io/hashicorp/aws\"]",
      "instances": [
        {
          "index_key": 0,
          "schema_version": 0,
          "attributes": {
            "id": "494561493",
            "json": "{\n  \"Version\": \"2012-10-17\",\n  \"Statement\": [\n    {\n      \"Sid\": \"Default\",\n      \"Effect\": \"Allow\",\n      \"Action\": \"kms:*\",\n      \"Resource\": \"*\",\n      \"Principal\": {\n        \"AWS\": \"arn:aws:iam::832611670348:root\"\n      }\n    },\n    {\n      \"Sid\": \"KeyAdministration\",\n      \"Effect\": \"Allow\",\n      \"Action\": [\n        \"kms:Update*\",\n        \"kms:UntagResource\",\n        \"kms:TagResource\",\n        \"kms:ScheduleKeyDeletion\",\n        \"kms:Revoke*\",\n        \"kms:Put*\",\n        \"kms:List*\",\n        \"kms:Get*\",\n        \"kms:Enable*\",\n        \"kms:Disable*\",\n        \"kms:Describe*\",\n        \"kms:Delete*\",\n        \"kms:Create*\",\n        \"kms:CancelKeyDeletion\"\n      ],\n      \"Resource\": \"*\",\n      \"Principal\": {\n        \"AWS\": \"arn:aws:iam::832611670348:user/masterclass\"\n      }\n    },\n    {\n      \"Sid\": \"KeyServiceUsage\",\n      \"Effect\": \"Allow\",\n      \"Action\": [\n        \"kms:RevokeGrant\",\n        \"kms:ListGrants\",\n        \"kms:CreateGrant\"\n      ],\n      \"Resource\": \"*\",\n      \"Principal\": {\n        \"AWS\": [\n          \"arn:aws:iam::832611670348:role/ex-fluxcd-cluster-20230120233926309800000002\",\n          \"arn:aws:iam::832611670348:role/aws-service-role/autoscaling.amazonaws.com/AWSServiceRoleForAutoScaling\"\n        ]\n      },\n      \"Condition\": {\n        \"Bool\": {\n          \"kms:GrantIsForAWSResource\": \"true\"\n        }\n      }\n    }\n  ]\n}",
            "override_json": null,
            "override_policy_documents": null,
            "policy_id": null,
            "source_json": null,
            "source_policy_documents": null,
            "statement": [
              {
                "actions": [
                  "kms:*"
                ],
                "condition": [],
                "effect": "Allow",
                "not_actions": [],
                "not_principals": [],
                "not_resources": [],
                "principals": [
                  {
                    "identifiers": [
                      "arn:aws:iam::832611670348:root"
                    ],
                    "type": "AWS"
                  }
                ],
                "resources": [
                  "*"
                ],
                "sid": "Default"
              },
              {
                "actions": [
                  "kms:CancelKeyDeletion",
                  "kms:Create*",
                  "kms:Delete*",
                  "kms:Describe*",
                  "kms:Disable*",
                  "kms:Enable*",
                  "kms:Get*",
                  "kms:List*",
                  "kms:Put*",
                  "kms:Revoke*",
                  "kms:ScheduleKeyDeletion",
                  "kms:TagResource",
                  "kms:UntagResource",
                  "kms:Update*"
                ],
                "condition": [],
                "effect": "Allow",
                "not_actions": [],
                "not_principals": [],
                "not_resources": [],
                "principals": [
                  {
                    "identifiers": [
                      "arn:aws:iam::832611670348:user/masterclass"
                    ],
                    "type": "AWS"
                  }
                ],
                "resources": [
                  "*"
                ],
                "sid": "KeyAdministration"
              },
              {
                "actions": [
                  "kms:CreateGrant",
                  "kms:ListGrants",
                  "kms:RevokeGrant"
                ],
                "condition": [
                  {
                    "test": "Bool",
                    "values": [
                      "true"
                    ],
                    "variable": "kms:GrantIsForAWSResource"
                  }
                ],
                "effect": "Allow",
                "not_actions": [],
                "not_principals": [],
                "not_resources": [],
                "principals": [
                  {
                    "identifiers": [
                      "arn:aws:iam::832611670348:role/aws-service-role/autoscaling.amazonaws.com/AWSServiceRoleForAutoScaling",
                      "arn:aws:iam::832611670348:role/ex-fluxcd-cluster-20230120233926309800000002"
                    ],
                    "type": "AWS"
                  }
                ],
                "resources": [
                  "*"
                ],
                "sid": "KeyServiceUsage"
              }
            ],
            "version": "2012-10-17"
          },
          "sensitive_attributes": []
        }
      ]
    },
    {
      "module": "module.ebs_kms_key",
      "mode": "data",
      "type": "aws_partition",
      "name": "current",
      "provider": "provider[\"registry.terraform.io/hashicorp/aws\"]",
      "instances": [
        {
          "schema_version": 0,
          "attributes": {
            "dns_suffix": "amazonaws.com",
            "id": "aws",
            "partition": "aws",
            "reverse_dns_prefix": "com.amazonaws"
          },
          "sensitive_attributes": []
        }
      ]
    },
    {
      "module": "module.ebs_kms_key",
      "mode": "managed",
      "type": "aws_kms_alias",
      "name": "this",
      "provider": "provider[\"registry.terraform.io/hashicorp/aws\"]",
      "instances": [
        {
          "index_key": "eks/ex-fluxcd/ebs",
          "schema_version": 0,
          "attributes": {
            "arn": "arn:aws:kms:eu-west-1:832611670348:alias/eks/ex-fluxcd/ebs",
            "id": "alias/eks/ex-fluxcd/ebs",
            "name": "alias/eks/ex-fluxcd/ebs",
            "name_prefix": "",
            "target_key_arn": "arn:aws:kms:eu-west-1:832611670348:key/775b1fae-fa66-4b1f-83e4-c4779469eb68",
            "target_key_id": "775b1fae-fa66-4b1f-83e4-c4779469eb68"
          },
          "sensitive_attributes": [],
          "private": "bnVsbA==",
          "dependencies": [
            "data.aws_caller_identity.current",
            "module.ebs_kms_key.aws_kms_external_key.this",
            "module.ebs_kms_key.aws_kms_key.this",
            "module.ebs_kms_key.data.aws_caller_identity.current",
            "module.ebs_kms_key.data.aws_iam_policy_document.this",
            "module.ebs_kms_key.data.aws_partition.current",
            "module.eks.aws_iam_role.this",
            "module.eks.data.aws_iam_policy_document.assume_role_policy"
          ]
        }
      ]
    },
    {
      "module": "module.ebs_kms_key",
      "mode": "managed",
      "type": "aws_kms_key",
      "name": "this",
      "provider": "provider[\"registry.terraform.io/hashicorp/aws\"]",
      "instances": [
        {
          "index_key": 0,
          "schema_version": 0,
          "attributes": {
            "arn": "arn:aws:kms:eu-west-1:832611670348:key/775b1fae-fa66-4b1f-83e4-c4779469eb68",
            "bypass_policy_lockout_safety_check": false,
            "custom_key_store_id": "",
            "customer_master_key_spec": "SYMMETRIC_DEFAULT",
            "deletion_window_in_days": null,
            "description": "Customer managed key to encrypt EKS managed node group volumes",
            "enable_key_rotation": true,
            "id": "775b1fae-fa66-4b1f-83e4-c4779469eb68",
            "is_enabled": true,
            "key_id": "775b1fae-fa66-4b1f-83e4-c4779469eb68",
            "key_usage": "ENCRYPT_DECRYPT",
            "multi_region": false,
            "policy": "{\"Statement\":[{\"Action\":\"kms:*\",\"Effect\":\"Allow\",\"Principal\":{\"AWS\":\"arn:aws:iam::832611670348:root\"},\"Resource\":\"*\",\"Sid\":\"Default\"},{\"Action\":[\"kms:Update*\",\"kms:UntagResource\",\"kms:TagResource\",\"kms:ScheduleKeyDeletion\",\"kms:Revoke*\",\"kms:Put*\",\"kms:List*\",\"kms:Get*\",\"kms:Enable*\",\"kms:Disable*\",\"kms:Describe*\",\"kms:Delete*\",\"kms:Create*\",\"kms:CancelKeyDeletion\"],\"Effect\":\"Allow\",\"Principal\":{\"AWS\":\"arn:aws:iam::832611670348:user/masterclass\"},\"Resource\":\"*\",\"Sid\":\"KeyAdministration\"},{\"Action\":[\"kms:RevokeGrant\",\"kms:ListGrants\",\"kms:CreateGrant\"],\"Condition\":{\"Bool\":{\"kms:GrantIsForAWSResource\":\"true\"}},\"Effect\":\"Allow\",\"Principal\":{\"AWS\":[\"arn:aws:iam::832611670348:role/ex-fluxcd-cluster-20230120233926309800000002\",\"arn:aws:iam::832611670348:role/aws-service-role/autoscaling.amazonaws.com/AWSServiceRoleForAutoScaling\"]},\"Resource\":\"*\",\"Sid\":\"KeyServiceUsage\"}],\"Version\":\"2012-10-17\"}",
            "tags": {
              "Example": "ex-fluxcd",
              "GithubOrg": "terraform-aws-modules",
              "GithubRepo": "terraform-aws-eks"
            },
            "tags_all": {
              "Example": "ex-fluxcd",
              "GithubOrg": "terraform-aws-modules",
              "GithubRepo": "terraform-aws-eks"
            }
          },
          "sensitive_attributes": [],
          "private": "bnVsbA==",
          "dependencies": [
            "data.aws_caller_identity.current",
            "module.ebs_kms_key.data.aws_caller_identity.current",
            "module.ebs_kms_key.data.aws_iam_policy_document.this",
            "module.ebs_kms_key.data.aws_partition.current",
            "module.eks.aws_iam_role.this",
            "module.eks.data.aws_iam_policy_document.assume_role_policy"
          ],
          "create_before_destroy": true
        }
      ]
    },
    {
      "module": "module.eks",
      "mode": "data",
      "type": "aws_caller_identity",
      "name": "current",
      "provider": "provider[\"registry.terraform.io/hashicorp/aws\"]",
      "instances": [
        {
          "schema_version": 0,
          "attributes": {
            "account_id": "832611670348",
            "arn": "arn:aws:iam::832611670348:user/masterclass",
            "id": "832611670348",
            "user_id": "AIDA4DW4F3FGBVAS6I4WT"
          },
          "sensitive_attributes": []
        }
      ]
    },
    {
      "module": "module.eks",
      "mode": "data",
      "type": "aws_eks_addon_version",
      "name": "this",
      "provider": "provider[\"registry.terraform.io/hashicorp/aws\"]",
      "instances": [
        {
          "index_key": "coredns",
          "schema_version": 0,
          "attributes": {
            "addon_name": "coredns",
            "id": "coredns",
            "kubernetes_version": "1.24",
            "most_recent": true,
            "version": "v1.8.7-eksbuild.3"
          },
          "sensitive_attributes": []
        },
        {
          "index_key": "kube-proxy",
          "schema_version": 0,
          "attributes": {
            "addon_name": "kube-proxy",
            "id": "kube-proxy",
            "kubernetes_version": "1.24",
            "most_recent": true,
            "version": "v1.24.9-eksbuild.1"
          },
          "sensitive_attributes": []
        },
        {
          "index_key": "vpc-cni",
          "schema_version": 0,
          "attributes": {
            "addon_name": "vpc-cni",
            "id": "vpc-cni",
            "kubernetes_version": "1.24",
            "most_recent": true,
            "version": "v1.12.1-eksbuild.1"
          },
          "sensitive_attributes": []
        }
      ]
    },
    {
      "module": "module.eks",
      "mode": "data",
      "type": "aws_iam_policy_document",
      "name": "assume_role_policy",
      "provider": "provider[\"registry.terraform.io/hashicorp/aws\"]",
      "instances": [
        {
          "index_key": 0,
          "schema_version": 0,
          "attributes": {
            "id": "2764486067",
            "json": "{\n  \"Version\": \"2012-10-17\",\n  \"Statement\": [\n    {\n      \"Sid\": \"EKSClusterAssumeRole\",\n      \"Effect\": \"Allow\",\n      \"Action\": \"sts:AssumeRole\",\n      \"Principal\": {\n        \"Service\": \"eks.amazonaws.com\"\n      }\n    }\n  ]\n}",
            "override_json": null,
            "override_policy_documents": null,
            "policy_id": null,
            "source_json": null,
            "source_policy_documents": null,
            "statement": [
              {
                "actions": [
                  "sts:AssumeRole"
                ],
                "condition": [],
                "effect": "Allow",
                "not_actions": [],
                "not_principals": [],
                "not_resources": [],
                "principals": [
                  {
                    "identifiers": [
                      "eks.amazonaws.com"
                    ],
                    "type": "Service"
                  }
                ],
                "resources": [],
                "sid": "EKSClusterAssumeRole"
              }
            ],
            "version": "2012-10-17"
          },
          "sensitive_attributes": []
        }
      ]
    },
    {
      "module": "module.eks",
      "mode": "data",
      "type": "aws_iam_policy_document",
      "name": "cni_ipv6_policy",
      "provider": "provider[\"registry.terraform.io/hashicorp/aws\"]",
      "instances": [
        {
          "index_key": 0,
          "schema_version": 0,
          "attributes": {
            "id": "5099659",
            "json": "{\n  \"Version\": \"2012-10-17\",\n  \"Statement\": [\n    {\n      \"Sid\": \"AssignDescribe\",\n      \"Effect\": \"Allow\",\n      \"Action\": [\n        \"ec2:DescribeTags\",\n        \"ec2:DescribeNetworkInterfaces\",\n        \"ec2:DescribeInstances\",\n        \"ec2:DescribeInstanceTypes\",\n        \"ec2:AssignIpv6Addresses\"\n      ],\n      \"Resource\": \"*\"\n    },\n    {\n      \"Sid\": \"CreateTags\",\n      \"Effect\": \"Allow\",\n      \"Action\": \"ec2:CreateTags\",\n      \"Resource\": \"arn:aws:ec2:*:*:network-interface/*\"\n    }\n  ]\n}",
            "override_json": null,
            "override_policy_documents": null,
            "policy_id": null,
            "source_json": null,
            "source_policy_documents": null,
            "statement": [
              {
                "actions": [
                  "ec2:AssignIpv6Addresses",
                  "ec2:DescribeInstanceTypes",
                  "ec2:DescribeInstances",
                  "ec2:DescribeNetworkInterfaces",
                  "ec2:DescribeTags"
                ],
                "condition": [],
                "effect": "Allow",
                "not_actions": [],
                "not_principals": [],
                "not_resources": [],
                "principals": [],
                "resources": [
                  "*"
                ],
                "sid": "AssignDescribe"
              },
              {
                "actions": [
                  "ec2:CreateTags"
                ],
                "condition": [],
                "effect": "Allow",
                "not_actions": [],
                "not_principals": [],
                "not_resources": [],
                "principals": [],
                "resources": [
                  "arn:aws:ec2:*:*:network-interface/*"
                ],
                "sid": "CreateTags"
              }
            ],
            "version": "2012-10-17"
          },
          "sensitive_attributes": []
        }
      ]
    },
    {
      "module": "module.eks",
      "mode": "data",
      "type": "aws_iam_session_context",
      "name": "current",
      "provider": "provider[\"registry.terraform.io/hashicorp/aws\"]",
      "instances": [
        {
          "schema_version": 0,
          "attributes": {
            "arn": "arn:aws:iam::832611670348:user/masterclass",
            "id": "arn:aws:iam::832611670348:user/masterclass",
            "issuer_arn": "arn:aws:iam::832611670348:user/masterclass",
            "issuer_id": "",
            "issuer_name": "",
            "session_name": ""
          },
          "sensitive_attributes": []
        }
      ]
    },
    {
      "module": "module.eks",
      "mode": "data",
      "type": "aws_partition",
      "name": "current",
      "provider": "provider[\"registry.terraform.io/hashicorp/aws\"]",
      "instances": [
        {
          "schema_version": 0,
          "attributes": {
            "dns_suffix": "amazonaws.com",
            "id": "aws",
            "partition": "aws",
            "reverse_dns_prefix": "com.amazonaws"
          },
          "sensitive_attributes": []
        }
      ]
    },
    {
      "module": "module.eks",
      "mode": "data",
      "type": "tls_certificate",
      "name": "this",
      "provider": "provider[\"registry.terraform.io/hashicorp/tls\"]",
      "instances": [
        {
          "index_key": 0,
          "schema_version": 0,
          "attributes": {
            "certificates": [
              {
                "cert_pem": "-----BEGIN CERTIFICATE-----\nMIIEdTCCA12gAwIBAgIJAKcOSkw0grd/MA0GCSqGSIb3DQEBCwUAMGgxCzAJBgNV\nBAYTAlVTMSUwIwYDVQQKExxTdGFyZmllbGQgVGVjaG5vbG9naWVzLCBJbmMuMTIw\nMAYDVQQLEylTdGFyZmllbGQgQ2xhc3MgMiBDZXJ0aWZpY2F0aW9uIEF1dGhvcml0\neTAeFw0wOTA5MDIwMDAwMDBaFw0zNDA2MjgxNzM5MTZaMIGYMQswCQYDVQQGEwJV\nUzEQMA4GA1UECBMHQXJpem9uYTETMBEGA1UEBxMKU2NvdHRzZGFsZTElMCMGA1UE\nChMcU3RhcmZpZWxkIFRlY2hub2xvZ2llcywgSW5jLjE7MDkGA1UEAxMyU3RhcmZp\nZWxkIFNlcnZpY2VzIFJvb3QgQ2VydGlmaWNhdGUgQXV0aG9yaXR5IC0gRzIwggEi\nMA0GCSqGSIb3DQEBAQUAA4IBDwAwggEKAoIBAQDVDDrEKvlO4vW+GZdfjohTsR8/\ny8+fIBNtKTrID30892t2OGPZNmCom15cAICyL1l/9of5JUOG52kbUpqQ4XHj2C0N\nTm/2yEnZtvMaVq4rtnQU68/7JuMauh2WLmo7WJSJR1b/JaCTcFOD2oR0FMNnngRo\nOt+OQFodSk7PQ5E751bWAHDLUu57fa4657wx+UX2wmDPE1kCK4DMNEffud6QZW0C\nzyyRpqbn3oUYSXxmTqM6bam17jQuug0DuDPfR+uxa40l2ZvOgdFFRjKWcIfeAg5J\nQ4W2bHO7ZOphQazJ1FTfhy/HIrImzJ9ZVGif/L4qL8RVHHVAYBeFAlU5i38FAgMB\nAAGjgfAwge0wDwYDVR0TAQH/BAUwAwEB/zAOBgNVHQ8BAf8EBAMCAYYwHQYDVR0O\nBBYEFJxfAN+qAdcwKziIorhtSpzyEZGDMB8GA1UdIwQYMBaAFL9ft9HO3R+G9FtV\nrNzXEMIOqYjnME8GCCsGAQUFBwEBBEMwQTAcBggrBgEFBQcwAYYQaHR0cDovL28u\nc3MyLnVzLzAhBggrBgEFBQcwAoYVaHR0cDovL3guc3MyLnVzL3guY2VyMCYGA1Ud\nHwQfMB0wG6AZoBeGFWh0dHA6Ly9zLnNzMi51cy9yLmNybDARBgNVHSAECjAIMAYG\nBFUdIAAwDQYJKoZIhvcNAQELBQADggEBACMd44pXyn3pF3lM8R5V/cxTbj5HD9/G\nVfKyBDbtgB9TxF00KGu+x1X8Z+rLP3+QsjPNG1gQggL4+C/1E2DUBc7xgQjB3ad1\nl08YuW3e95ORCLp+QCztweq7dp4zBncdDQh/U90bZKuCJ/Fp1U1ervShw3WnWEQt\n8jxwmKy6abaVd38PMV4s/KCHOkdp8Hlf9BRUpJVeEXgSYCfOn8J3/yNTd126/+pZ\n59vPr5KW7ySaNRB6nJHGDn2Z9j8Z3/VyVOEVqQdZe4O/Ui5GjLIAZHYcSNPYeehu\nVsyuLAOQ1xk4meTKCRlb/weWsKh/NEnfVqn3sF/tM+2MR7cwA130A4w=\n-----END CERTIFICATE-----\n",
                "is_ca": true,
                "issuer": "OU=Starfield Class 2 Certification Authority,O=Starfield Technologies\\, Inc.,C=US",
                "not_after": "2034-06-28T17:39:16Z",
                "not_before": "2009-09-02T00:00:00Z",
                "public_key_algorithm": "RSA",
                "serial_number": "12037640545166866303",
                "sha1_fingerprint": "9e99a48a9960b14926bb7f3b02e22da2b0ab7280",
                "signature_algorithm": "SHA256-RSA",
                "subject": "CN=Starfield Services Root Certificate Authority - G2,O=Starfield Technologies\\, Inc.,L=Scottsdale,ST=Arizona,C=US",
                "version": 3
              },
              {
                "cert_pem": "-----BEGIN CERTIFICATE-----\nMIIEkjCCA3qgAwIBAgITBn+USionzfP6wq4rAfkI7rnExjANBgkqhkiG9w0BAQsF\nADCBmDELMAkGA1UEBhMCVVMxEDAOBgNVBAgTB0FyaXpvbmExEzARBgNVBAcTClNj\nb3R0c2RhbGUxJTAjBgNVBAoTHFN0YXJmaWVsZCBUZWNobm9sb2dpZXMsIEluYy4x\nOzA5BgNVBAMTMlN0YXJmaWVsZCBTZXJ2aWNlcyBSb290IENlcnRpZmljYXRlIEF1\ndGhvcml0eSAtIEcyMB4XDTE1MDUyNTEyMDAwMFoXDTM3MTIzMTAxMDAwMFowOTEL\nMAkGA1UEBhMCVVMxDzANBgNVBAoTBkFtYXpvbjEZMBcGA1UEAxMQQW1hem9uIFJv\nb3QgQ0EgMTCCASIwDQYJKoZIhvcNAQEBBQADggEPADCCAQoCggEBALJ4gHHKeNXj\nca9HgFB0fW7Y14h29Jlo91ghYPl0hAEvrAIthtOgQ3pOsqTQNroBvo3bSMgHFzZM\n9O6II8c+6zf1tRn4SWiw3te5djgdYZ6k/oI2peVKVuRF4fn9tBb6dNqcmzU5L/qw\nIFAGbHrQgLKm+a/sRxmPUDgH3KKHOVj4utWp+UhnMJbulHheb4mjUcAwhmahRWa6\nVOujw5H5SNz/0egwLX0tdHA114gk957EWW67c4cX8jJGKLhD+rcdqsq08p8kDi1L\n93FcXmn/6pUCyziKrlA4b9v7LWIbxcceVOF34GfID5yHI9Y/QCB/IIDEgEw+OyQm\njgSubJrIqg0CAwEAAaOCATEwggEtMA8GA1UdEwEB/wQFMAMBAf8wDgYDVR0PAQH/\nBAQDAgGGMB0GA1UdDgQWBBSEGMyFNOy8DJSULghZnMeyEE4KCDAfBgNVHSMEGDAW\ngBScXwDfqgHXMCs4iKK4bUqc8hGRgzB4BggrBgEFBQcBAQRsMGowLgYIKwYBBQUH\nMAGGImh0dHA6Ly9vY3NwLnJvb3RnMi5hbWF6b250cnVzdC5jb20wOAYIKwYBBQUH\nMAKGLGh0dHA6Ly9jcnQucm9vdGcyLmFtYXpvbnRydXN0LmNvbS9yb290ZzIuY2Vy\nMD0GA1UdHwQ2MDQwMqAwoC6GLGh0dHA6Ly9jcmwucm9vdGcyLmFtYXpvbnRydXN0\nLmNvbS9yb290ZzIuY3JsMBEGA1UdIAQKMAgwBgYEVR0gADANBgkqhkiG9w0BAQsF\nAAOCAQEAYjdCXLwQtT6LLOkMm2xF4gcAevnFWAu5CIw+7bMlPLVvUOTNNWqnkzSW\nMiGpSESrnO09tKpzbeR/FoCJbM8oAxiDR3mjEH4wW6w7sGDgd9QIpuEdfF7Au/ma\neyKdpwAJfqxGF4PcnCZXmTA5YpaP7dreqsXMGz7KQ2hsVxa81Q4gLv7/wmpdLqBK\nbRRYh5TmOTFffHPLkIhqhBGWJ6bt2YFGpn6jcgAKUj6DiAdjd4lpFw85hdKrCEVN\n0FE6/V1dN2RMfjCyVSRCnTawXZwXgWHxyvkQAiSr6w10kY17RSlQOYiypok1JR4U\nakcjMS9cmvqtmg5iUaQqqcT5NJ0hGA==\n-----END CERTIFICATE-----\n",
                "is_ca": true,
                "issuer": "CN=Starfield Services Root Certificate Authority - G2,O=Starfield Technologies\\, Inc.,L=Scottsdale,ST=Arizona,C=US",
                "not_after": "2037-12-31T01:00:00Z",
                "not_before": "2015-05-25T12:00:00Z",
                "public_key_algorithm": "RSA",
                "serial_number": "144918191876577076464031512351042010504348870",
                "sha1_fingerprint": "06b25927c42a721631c1efd9431e648fa62e1e39",
                "signature_algorithm": "SHA256-RSA",
                "subject": "CN=Amazon Root CA 1,O=Amazon,C=US",
                "version": 3
              },
              {
                "cert_pem": "-----BEGIN CERTIFICATE-----\nMIIESTCCAzGgAwIBAgITBn+UV4WH6Kx33rJTMlu8mYtWDTANBgkqhkiG9w0BAQsF\nADA5MQswCQYDVQQGEwJVUzEPMA0GA1UEChMGQW1hem9uMRkwFwYDVQQDExBBbWF6\nb24gUm9vdCBDQSAxMB4XDTE1MTAyMjAwMDAwMFoXDTI1MTAxOTAwMDAwMFowRjEL\nMAkGA1UEBhMCVVMxDzANBgNVBAoTBkFtYXpvbjEVMBMGA1UECxMMU2VydmVyIENB\nIDFCMQ8wDQYDVQQDEwZBbWF6b24wggEiMA0GCSqGSIb3DQEBAQUAA4IBDwAwggEK\nAoIBAQDCThZn3c68asg3Wuw6MLAd5tES6BIoSMzoKcG5blPVo+sDORrMd4f2AbnZ\ncMzPa43j4wNxhplty6aUKk4T1qe9BOwKFjwK6zmxxLVYo7bHViXsPlJ6qOMpFge5\nblDP+18x+B26A0piiQOuPkfyDyeR4xQghfj66Yo19V+emU3nazfvpFA+ROz6WoVm\nB5x+F2pV8xeKNR7u6azDdU5YVX1TawprmxRC1+WsAYmz6qP+z8ArDITC2FMVy2fw\n0IjKOtEXc/VfmtTFch5+AfGYMGMqqvJ6LcXiAhqG5TI+Dr0RtM88k+8XUBCeQ8IG\nKuANaL7TiItKZYxK1MMuTJtV9IblAgMBAAGjggE7MIIBNzASBgNVHRMBAf8ECDAG\nAQH/AgEAMA4GA1UdDwEB/wQEAwIBhjAdBgNVHQ4EFgQUWaRmBlKge5WSPKOUByeW\ndFv5PdAwHwYDVR0jBBgwFoAUhBjMhTTsvAyUlC4IWZzHshBOCggwewYIKwYBBQUH\nAQEEbzBtMC8GCCsGAQUFBzABhiNodHRwOi8vb2NzcC5yb290Y2ExLmFtYXpvbnRy\ndXN0LmNvbTA6BggrBgEFBQcwAoYuaHR0cDovL2NydC5yb290Y2ExLmFtYXpvbnRy\ndXN0LmNvbS9yb290Y2ExLmNlcjA/BgNVHR8EODA2MDSgMqAwhi5odHRwOi8vY3Js\nLnJvb3RjYTEuYW1hem9udHJ1c3QuY29tL3Jvb3RjYTEuY3JsMBMGA1UdIAQMMAow\nCAYGZ4EMAQIBMA0GCSqGSIb3DQEBCwUAA4IBAQCFkr41u3nPo4FCHOTjY3NTOVI1\n59Gt/a6ZiqyJEi+752+a1U5y6iAwYfmXss2lJwJFqMp2PphKg5625kXg8kP2CN5t\n6G7bMQcT8C8xDZNtYTd7WPD8UZiRKAJPBXa30/AbwuZe0GaFEQ8ugcYQgSn+IGBI\n8/LwhBNTZTUVEWuCUUBVV18YtbAiPq3yXqMB48Oz+ctBWuZSkbvkNodPLamkB2g1\nupRyzQ7qDn1X8nn8N8V7YJ6y68AtkHcNSRAnpTitxBKjtKPISLMVCx7i4hncxHZS\nyLyKQXhw2W2Xs0qLeC1etA+jTGDK4UfLeC0SF7FSi8o5LL21L8IzApar2pR/\n-----END CERTIFICATE-----\n",
                "is_ca": true,
                "issuer": "CN=Amazon Root CA 1,O=Amazon,C=US",
                "not_after": "2025-10-19T00:00:00Z",
                "not_before": "2015-10-22T00:00:00Z",
                "public_key_algorithm": "RSA",
                "serial_number": "144918209630989264145272943054026349679957517",
                "sha1_fingerprint": "917e732d330f9a12404f73d8bea36948b929dffc",
                "signature_algorithm": "SHA256-RSA",
                "subject": "CN=Amazon,OU=Server CA 1B,O=Amazon,C=US",
                "version": 3
              },
              {
                "cert_pem": "-----BEGIN CERTIFICATE-----\nMIIF9jCCBN6gAwIBAgIQBgsPNizoYZupDAxN5IGIOTANBgkqhkiG9w0BAQsFADBG\nMQswCQYDVQQGEwJVUzEPMA0GA1UEChMGQW1hem9uMRUwEwYDVQQLEwxTZXJ2ZXIg\nQ0EgMUIxDzANBgNVBAMTBkFtYXpvbjAeFw0yMjA1MTUwMDAwMDBaFw0yMzA2MTMy\nMzU5NTlaMCsxKTAnBgNVBAMTIG9pZGMuZWtzLmV1LXdlc3QtMS5hbWF6b25hd3Mu\nY29tMIIBIjANBgkqhkiG9w0BAQEFAAOCAQ8AMIIBCgKCAQEAr/7bi57AVJ3IDRGK\n+ecfW+t/hFsgDBNYYXGMN9L0RL/2A5n8r4B1dEe+oeluFXP/ucZlvmZlaxpQ0xMJ\ndisF46b5dQXA9od2xtXVrxf+4EXmHo+hxEkhcEjXRd8Yv0w4yJjinpdVUp1nOTNy\nIhvjvQzafkWUXRYT0G8CP3BvZdtWdx8wn1bBpyEwANmarQHtOTsp+WXmGk6MzZKd\njNDFLLTYAtiokva6DHwXZOPXS41vMN4Ix7PGZGism8Qna8CBHzGpNtb+PV/Et+au\nYpQOShrG0R5ZVqCxlgtdSPJxihpqqRdqAxCSoIIg9khHbKMPws2PP1p3HbXQGKn0\n8Fe8jwIDAQABo4IC+TCCAvUwHwYDVR0jBBgwFoAUWaRmBlKge5WSPKOUByeWdFv5\nPdAwHQYDVR0OBBYEFFoQZdCV1/7KJm3V1ZehrsrvTMBWMCsGA1UdEQQkMCKCIG9p\nZGMuZWtzLmV1LXdlc3QtMS5hbWF6b25hd3MuY29tMA4GA1UdDwEB/wQEAwIFoDAd\nBgNVHSUEFjAUBggrBgEFBQcDAQYIKwYBBQUHAwIwPQYDVR0fBDYwNDAyoDCgLoYs\naHR0cDovL2NybC5zY2ExYi5hbWF6b250cnVzdC5jb20vc2NhMWItMS5jcmwwEwYD\nVR0gBAwwCjAIBgZngQwBAgEwdQYIKwYBBQUHAQEEaTBnMC0GCCsGAQUFBzABhiFo\ndHRwOi8vb2NzcC5zY2ExYi5hbWF6b250cnVzdC5jb20wNgYIKwYBBQUHMAKGKmh0\ndHA6Ly9jcnQuc2NhMWIuYW1hem9udHJ1c3QuY29tL3NjYTFiLmNydDAMBgNVHRMB\nAf8EAjAAMIIBfAYKKwYBBAHWeQIEAgSCAWwEggFoAWYAdQDoPtDaPvUGNTLnVyi8\niWvJA9PL0RFr7Otp4Xd9bQa9bgAAAYDFEeHQAAAEAwBGMEQCIH5LdEL4QAbH6zOh\nzvTD4Tn6grLiUmTmYTxfSig1gFNAAiBzTHbBZM3BNuuZAOAHwGuiweNKwIwNpvlf\n6dKgJM74xAB2ADXPGRu/sWxXvw+tTG1Cy7u2JyAmUeo/4SrvqAPDO9ZMAAABgMUR\n4T4AAAQDAEcwRQIhANYogbpcOj+wYotAsfpfjp6KIk/OwsoBoKq1w52/Vq6bAiBm\nA5Y7010tfpQokkLFtf3VVK4wibCEQ0tAFol7ZRhPowB1ALNzdwfhhFD4Y4bWBanc\nEQlKeS2xZwwLh9zwAw55NqWaAAABgMUR4XQAAAQDAEYwRAIgKgnbnvZEiavLX/G6\nlETvMbp7VKJuprrjixkK+LcjODQCIC0hd8uS59gCUFv0rSsT+PLxzjSR7FFHIZ7P\nHQ2gB/JoMA0GCSqGSIb3DQEBCwUAA4IBAQCoaprifEQYFyUpSEVUBaEpAo5leolI\nx8bNKf1RKrbdRJap+2D0paMgPNfJ6S8UpwlJvtzsCgPR0TBiSVsBhfQVYKmsSnJd\nUVWq13Cqq58M3sSal4iL1XPYrYsOhESO41WNtjZd6zuYZt9OBa8UCBFc4HcITh9f\nZYJMv0E0t0D3J/5MIBwrwWE6H3FxYre3JM1PzsKMUeM1Ug23QzVhN7Xe7hLpF/c6\nVfW5fGXLjrFB9J/J09oM16da9ZJ3p9+G+67jQ4WIhAhz39kabP5yncn9tzClcWUA\neydMX2PovyAKIGgQUcJz8P+fMR9Xnc9nYsMIE3P9mQMBLWExmI4p/yNB\n-----END CERTIFICATE-----\n",
                "is_ca": false,
                "issuer": "CN=Amazon,OU=Server CA 1B,O=Amazon,C=US",
                "not_after": "2023-06-13T23:59:59Z",
                "not_before": "2022-05-15T00:00:00Z",
                "public_key_algorithm": "RSA",
                "serial_number": "8032791768516481049932338475250583609",
                "sha1_fingerprint": "bc02d93ab35b617c527611b977ca09ef76c81bb5",
                "signature_algorithm": "SHA256-RSA",
                "subject": "CN=oidc.eks.eu-west-1.amazonaws.com",
                "version": 3
              }
            ],
            "content": null,
            "id": "a5615580cbd9272bdae2e3906bc02344ec342de6",
            "url": "https://oidc.eks.eu-west-1.amazonaws.com/id/30B0BA2FAE48E0BF09CBECD7AB819276",
            "verify_chain": true
          },
          "sensitive_attributes": []
        }
      ]
    },
    {
      "module": "module.eks",
      "mode": "managed",
      "type": "aws_cloudwatch_log_group",
      "name": "this",
      "provider": "provider[\"registry.terraform.io/hashicorp/aws\"]",
      "instances": [
        {
          "index_key": 0,
          "schema_version": 0,
          "attributes": {
            "arn": "arn:aws:logs:eu-west-1:832611670348:log-group:/aws/eks/ex-fluxcd/cluster",
            "id": "/aws/eks/ex-fluxcd/cluster",
            "kms_key_id": "",
            "name": "/aws/eks/ex-fluxcd/cluster",
            "name_prefix": "",
            "retention_in_days": 90,
            "skip_destroy": false,
            "tags": {
              "Example": "ex-fluxcd",
              "GithubOrg": "terraform-aws-modules",
              "GithubRepo": "terraform-aws-eks"
            },
            "tags_all": {
              "Example": "ex-fluxcd",
              "GithubOrg": "terraform-aws-modules",
              "GithubRepo": "terraform-aws-eks"
            }
          },
          "sensitive_attributes": [],
          "private": "bnVsbA==",
          "create_before_destroy": true
        }
      ]
    },
    {
      "module": "module.eks",
      "mode": "managed",
      "type": "aws_ec2_tag",
      "name": "cluster_primary_security_group",
      "provider": "provider[\"registry.terraform.io/hashicorp/aws\"]",
      "instances": [
        {
          "index_key": "Example",
          "schema_version": 0,
          "attributes": {
            "id": "sg-0ca54e22876e54f4f,Example",
            "key": "Example",
            "resource_id": "sg-0ca54e22876e54f4f",
            "value": "ex-fluxcd"
          },
          "sensitive_attributes": [],
          "private": "bnVsbA==",
          "dependencies": [
            "data.aws_availability_zones.available",
            "module.eks.aws_cloudwatch_log_group.this",
            "module.eks.aws_eks_cluster.this",
            "module.eks.aws_iam_role.this",
            "module.eks.aws_iam_role_policy_attachment.this",
            "module.eks.aws_security_group.cluster",
            "module.eks.aws_security_group.node",
            "module.eks.aws_security_group_rule.cluster",
            "module.eks.aws_security_group_rule.node",
            "module.eks.data.aws_iam_policy_document.assume_role_policy",
            "module.eks.data.aws_iam_session_context.current",
            "module.eks.data.aws_partition.current",
            "module.eks.module.kms.aws_kms_external_key.this",
            "module.eks.module.kms.aws_kms_key.this",
            "module.eks.module.kms.data.aws_caller_identity.current",
            "module.eks.module.kms.data.aws_iam_policy_document.this",
            "module.eks.module.kms.data.aws_partition.current",
            "module.vpc.aws_subnet.intra",
            "module.vpc.aws_subnet.private",
            "module.vpc.aws_vpc.this",
            "module.vpc.aws_vpc_ipv4_cidr_block_association.this"
          ]
        },
        {
          "index_key": "GithubOrg",
          "schema_version": 0,
          "attributes": {
            "id": "sg-0ca54e22876e54f4f,GithubOrg",
            "key": "GithubOrg",
            "resource_id": "sg-0ca54e22876e54f4f",
            "value": "terraform-aws-modules"
          },
          "sensitive_attributes": [],
          "private": "bnVsbA==",
          "dependencies": [
            "data.aws_availability_zones.available",
            "module.eks.aws_cloudwatch_log_group.this",
            "module.eks.aws_eks_cluster.this",
            "module.eks.aws_iam_role.this",
            "module.eks.aws_iam_role_policy_attachment.this",
            "module.eks.aws_security_group.cluster",
            "module.eks.aws_security_group.node",
            "module.eks.aws_security_group_rule.cluster",
            "module.eks.aws_security_group_rule.node",
            "module.eks.data.aws_iam_policy_document.assume_role_policy",
            "module.eks.data.aws_iam_session_context.current",
            "module.eks.data.aws_partition.current",
            "module.eks.module.kms.aws_kms_external_key.this",
            "module.eks.module.kms.aws_kms_key.this",
            "module.eks.module.kms.data.aws_caller_identity.current",
            "module.eks.module.kms.data.aws_iam_policy_document.this",
            "module.eks.module.kms.data.aws_partition.current",
            "module.vpc.aws_subnet.intra",
            "module.vpc.aws_subnet.private",
            "module.vpc.aws_vpc.this",
            "module.vpc.aws_vpc_ipv4_cidr_block_association.this"
          ]
        },
        {
          "index_key": "GithubRepo",
          "schema_version": 0,
          "attributes": {
            "id": "sg-0ca54e22876e54f4f,GithubRepo",
            "key": "GithubRepo",
            "resource_id": "sg-0ca54e22876e54f4f",
            "value": "terraform-aws-eks"
          },
          "sensitive_attributes": [],
          "private": "bnVsbA==",
          "dependencies": [
            "data.aws_availability_zones.available",
            "module.eks.aws_cloudwatch_log_group.this",
            "module.eks.aws_eks_cluster.this",
            "module.eks.aws_iam_role.this",
            "module.eks.aws_iam_role_policy_attachment.this",
            "module.eks.aws_security_group.cluster",
            "module.eks.aws_security_group.node",
            "module.eks.aws_security_group_rule.cluster",
            "module.eks.aws_security_group_rule.node",
            "module.eks.data.aws_iam_policy_document.assume_role_policy",
            "module.eks.data.aws_iam_session_context.current",
            "module.eks.data.aws_partition.current",
            "module.eks.module.kms.aws_kms_external_key.this",
            "module.eks.module.kms.aws_kms_key.this",
            "module.eks.module.kms.data.aws_caller_identity.current",
            "module.eks.module.kms.data.aws_iam_policy_document.this",
            "module.eks.module.kms.data.aws_partition.current",
            "module.vpc.aws_subnet.intra",
            "module.vpc.aws_subnet.private",
            "module.vpc.aws_vpc.this",
            "module.vpc.aws_vpc_ipv4_cidr_block_association.this"
          ]
        }
      ]
    },
    {
      "module": "module.eks",
      "mode": "managed",
      "type": "aws_eks_addon",
      "name": "this",
      "provider": "provider[\"registry.terraform.io/hashicorp/aws\"]",
      "instances": []
    },
    {
      "module": "module.eks",
      "mode": "managed",
      "type": "aws_eks_cluster",
      "name": "this",
      "provider": "provider[\"registry.terraform.io/hashicorp/aws\"]",
      "instances": [
        {
          "index_key": 0,
          "schema_version": 0,
          "attributes": {
            "arn": "arn:aws:eks:eu-west-1:832611670348:cluster/ex-fluxcd",
            "certificate_authority": [
              {
                "data": "LS0tLS1CRUdJTiBDRVJUSUZJQ0FURS0tLS0tCk1JSUMvakNDQWVhZ0F3SUJBZ0lCQURBTkJna3Foa2lHOXcwQkFRc0ZBREFWTVJNd0VRWURWUVFERXdwcmRXSmwKY201bGRHVnpNQjRYRFRJek1ERXlNREl6TkRRMU5Gb1hEVE16TURFeE56SXpORFExTkZvd0ZURVRNQkVHQTFVRQpBeE1LYTNWaVpYSnVaWFJsY3pDQ0FTSXdEUVlKS29aSWh2Y05BUUVCQlFBRGdnRVBBRENDQVFvQ2dnRUJBTjJECnh4anBITWxPeUpyOHpFaVVwRUFRVEVyRDIvcmV4NHFlTG10bDdZeTRQYzNWOVpwcnUxd2NLbzNkMlRVblAvaE8KKzRMa2p1dnFoeFB4YVRWUFBmcTdhNHlPVDREZk9heURqSUVQUmY5ZDg3Z3dyVmNac1ZQSmFyMUlhV0RSK3M5bQpuMWpNVWVrSjhGcktWYys0MXd3cW14d0NJR2hGWXF4SnF6V2dNcmVtbk83VlBmZkJid2x6bkpQUXh0SVBlZzdOCjVUdXZtdTMwZmZFY1ZQOEM1K2pMaHdMN0ZkVVlqNStibkNxN0RaandPdXdNNUg2eGxsUE94Sk90LzhEam40RUsKYlJZWjVwWWdXNlE2Q1RLbXlua2NIdWhjczNMSGJYMFNiSUF5RkliYjdXVnNyZFhZeUNibDdNL0VXOVNSTExZVQptbVhBRC9BYjZrMFJ1UTZENHljQ0F3RUFBYU5aTUZjd0RnWURWUjBQQVFIL0JBUURBZ0trTUE4R0ExVWRFd0VCCi93UUZNQU1CQWY4d0hRWURWUjBPQkJZRUZNWTRFSUdZUEIya2FNekpmbnQ4QVpHamNYYytNQlVHQTFVZEVRUU8KTUF5Q0NtdDFZbVZ5Ym1WMFpYTXdEUVlKS29aSWh2Y05BUUVMQlFBRGdnRUJBQVRuY3J0ejZlZmVlYlpUUkY4ZQpVNXFiVlYrWmVIODEvRGgycHJyaHZHTVNoRzBlZytoSElOSDhid0k4eGFIcWFZZWgxek55UENlV1VwRVZCcFZ5CjdYNnA3cHQzeWt0d0oydzAwdnN4aStqSTdENmt2MTJUUWtFazFaeDMydzdqMkU4eUVHSjZudmFmQ1NmdnpRRWEKRktvekFFSFQzTkF2d1BRTjVSYVBFeWhMMm5hSzVBM2M0K21MelBlQ1dkRlhTdHFrOUZXTXhFWmlJaTNsZnlVMgo1ckVVOW40b2JVMUY3ejRLZUZtRGlTdHA5cVRkeW00OGxFMG42QVJGSmowSi9SV0JPSmpZUUZpOGxXaUt3VkEzCmxiSCtqelNUVEJHZ1BPRVljWWFuMlVRcDhSZEREd1IweS9uYitKTll4QXd2M01NcThRWDg4MW1zWllWdEwyTXMKanpvPQotLS0tLUVORCBDRVJUSUZJQ0FURS0tLS0tCg=="
              }
            ],
            "cluster_id": null,
            "created_at": "2023-01-20 23:39:57.537 +0000 UTC",
            "enabled_cluster_log_types": [
              "api",
              "audit",
              "authenticator"
            ],
            "encryption_config": [
              {
                "provider": [
                  {
                    "key_arn": "arn:aws:kms:eu-west-1:832611670348:key/257f4b3a-267a-457a-bb24-08c7ecbbaa97"
                  }
                ],
                "resources": [
                  "secrets"
                ]
              }
            ],
            "endpoint": "https://30B0BA2FAE48E0BF09CBECD7AB819276.yl4.eu-west-1.eks.amazonaws.com",
            "id": "ex-fluxcd",
            "identity": [
              {
                "oidc": [
                  {
                    "issuer": "https://oidc.eks.eu-west-1.amazonaws.com/id/30B0BA2FAE48E0BF09CBECD7AB819276"
                  }
                ]
              }
            ],
            "kubernetes_network_config": [
              {
                "ip_family": "ipv4",
                "service_ipv4_cidr": "172.20.0.0/16",
                "service_ipv6_cidr": ""
              }
            ],
            "name": "ex-fluxcd",
            "outpost_config": [],
            "platform_version": "eks.3",
            "role_arn": "arn:aws:iam::832611670348:role/ex-fluxcd-cluster-20230120233926309800000002",
            "status": "ACTIVE",
            "tags": {
              "Example": "ex-fluxcd",
              "GithubOrg": "terraform-aws-modules",
              "GithubRepo": "terraform-aws-eks"
            },
            "tags_all": {
              "Example": "ex-fluxcd",
              "GithubOrg": "terraform-aws-modules",
              "GithubRepo": "terraform-aws-eks"
            },
            "timeouts": {
              "create": null,
              "delete": null,
              "update": null
            },
            "version": "1.24",
            "vpc_config": [
              {
                "cluster_security_group_id": "sg-0ca54e22876e54f4f",
                "endpoint_private_access": true,
                "endpoint_public_access": true,
                "public_access_cidrs": [
                  "0.0.0.0/0"
                ],
                "security_group_ids": [
                  "sg-04786bc4a7f5eb098"
                ],
                "subnet_ids": [
                  "subnet-003f599ecf3cda57e",
                  "subnet-068e034f86e8dbde8",
                  "subnet-0fc6d077ac111ce10"
                ],
                "vpc_id": "vpc-0a9f05c347f07e84d"
              }
            ]
          },
          "sensitive_attributes": [],
          "private": "eyJlMmJmYjczMC1lY2FhLTExZTYtOGY4OC0zNDM2M2JjN2M0YzAiOnsiY3JlYXRlIjoxODAwMDAwMDAwMDAwLCJkZWxldGUiOjkwMDAwMDAwMDAwMCwidXBkYXRlIjozNjAwMDAwMDAwMDAwfX0=",
          "dependencies": [
            "data.aws_availability_zones.available",
            "module.eks.aws_cloudwatch_log_group.this",
            "module.eks.aws_iam_role.this",
            "module.eks.aws_iam_role_policy_attachment.this",
            "module.eks.aws_security_group.cluster",
            "module.eks.aws_security_group.node",
            "module.eks.aws_security_group_rule.cluster",
            "module.eks.aws_security_group_rule.node",
            "module.eks.data.aws_iam_policy_document.assume_role_policy",
            "module.eks.data.aws_iam_session_context.current",
            "module.eks.data.aws_partition.current",
            "module.eks.module.kms.aws_kms_external_key.this",
            "module.eks.module.kms.aws_kms_key.this",
            "module.eks.module.kms.data.aws_caller_identity.current",
            "module.eks.module.kms.data.aws_iam_policy_document.this",
            "module.eks.module.kms.data.aws_partition.current",
            "module.vpc.aws_subnet.intra",
            "module.vpc.aws_subnet.private",
            "module.vpc.aws_vpc.this",
            "module.vpc.aws_vpc_ipv4_cidr_block_association.this"
          ],
          "create_before_destroy": true
        }
      ]
    },
    {
      "module": "module.eks",
      "mode": "managed",
      "type": "aws_iam_openid_connect_provider",
      "name": "oidc_provider",
      "provider": "provider[\"registry.terraform.io/hashicorp/aws\"]",
      "instances": [
        {
          "index_key": 0,
          "schema_version": 0,
          "attributes": {
            "arn": "arn:aws:iam::832611670348:oidc-provider/oidc.eks.eu-west-1.amazonaws.com/id/30B0BA2FAE48E0BF09CBECD7AB819276",
            "client_id_list": [
              "sts.amazonaws.com"
            ],
            "id": "arn:aws:iam::832611670348:oidc-provider/oidc.eks.eu-west-1.amazonaws.com/id/30B0BA2FAE48E0BF09CBECD7AB819276",
            "tags": {
              "Example": "ex-fluxcd",
              "GithubOrg": "terraform-aws-modules",
              "GithubRepo": "terraform-aws-eks",
              "Name": "ex-fluxcd-eks-irsa"
            },
            "tags_all": {
              "Example": "ex-fluxcd",
              "GithubOrg": "terraform-aws-modules",
              "GithubRepo": "terraform-aws-eks",
              "Name": "ex-fluxcd-eks-irsa"
            },
            "thumbprint_list": [
              "9e99a48a9960b14926bb7f3b02e22da2b0ab7280",
              "06b25927c42a721631c1efd9431e648fa62e1e39",
              "917e732d330f9a12404f73d8bea36948b929dffc",
              "bc02d93ab35b617c527611b977ca09ef76c81bb5"
            ],
            "url": "oidc.eks.eu-west-1.amazonaws.com/id/30B0BA2FAE48E0BF09CBECD7AB819276"
          },
          "sensitive_attributes": [],
          "private": "bnVsbA==",
          "dependencies": [
            "data.aws_availability_zones.available",
            "module.eks.aws_cloudwatch_log_group.this",
            "module.eks.aws_eks_cluster.this",
            "module.eks.aws_iam_role.this",
            "module.eks.aws_iam_role_policy_attachment.this",
            "module.eks.aws_security_group.cluster",
            "module.eks.aws_security_group.node",
            "module.eks.aws_security_group_rule.cluster",
            "module.eks.aws_security_group_rule.node",
            "module.eks.data.aws_iam_policy_document.assume_role_policy",
            "module.eks.data.aws_iam_session_context.current",
            "module.eks.data.aws_partition.current",
            "module.eks.data.tls_certificate.this",
            "module.eks.module.kms.aws_kms_external_key.this",
            "module.eks.module.kms.aws_kms_key.this",
            "module.eks.module.kms.data.aws_caller_identity.current",
            "module.eks.module.kms.data.aws_iam_policy_document.this",
            "module.eks.module.kms.data.aws_partition.current",
            "module.vpc.aws_subnet.intra",
            "module.vpc.aws_subnet.private",
            "module.vpc.aws_vpc.this",
            "module.vpc.aws_vpc_ipv4_cidr_block_association.this"
          ]
        }
      ]
    },
    {
      "module": "module.eks",
      "mode": "managed",
      "type": "aws_iam_policy",
      "name": "cluster_encryption",
      "provider": "provider[\"registry.terraform.io/hashicorp/aws\"]",
      "instances": [
        {
          "index_key": 0,
          "schema_version": 0,
          "attributes": {
            "arn": "arn:aws:iam::832611670348:policy/ex-fluxcd-cluster-ClusterEncryption2023012023394984090000000d",
            "description": "Cluster encryption policy to allow cluster role to utilize CMK provided",
            "id": "arn:aws:iam::832611670348:policy/ex-fluxcd-cluster-ClusterEncryption2023012023394984090000000d",
            "name": "ex-fluxcd-cluster-ClusterEncryption2023012023394984090000000d",
            "name_prefix": "ex-fluxcd-cluster-ClusterEncryption",
            "path": "/",
            "policy": "{\"Statement\":[{\"Action\":[\"kms:Encrypt\",\"kms:Decrypt\",\"kms:ListGrants\",\"kms:DescribeKey\"],\"Effect\":\"Allow\",\"Resource\":\"arn:aws:kms:eu-west-1:832611670348:key/257f4b3a-267a-457a-bb24-08c7ecbbaa97\"}],\"Version\":\"2012-10-17\"}",
            "policy_id": "ANPA4DW4F3FGBYOUJKHPN",
            "tags": {
              "Example": "ex-fluxcd",
              "GithubOrg": "terraform-aws-modules",
              "GithubRepo": "terraform-aws-eks"
            },
            "tags_all": {
              "Example": "ex-fluxcd",
              "GithubOrg": "terraform-aws-modules",
              "GithubRepo": "terraform-aws-eks"
            }
          },
          "sensitive_attributes": [],
          "private": "bnVsbA==",
          "dependencies": [
            "module.eks.aws_iam_role.this",
            "module.eks.data.aws_iam_policy_document.assume_role_policy",
            "module.eks.data.aws_iam_session_context.current",
            "module.eks.module.kms.aws_kms_external_key.this",
            "module.eks.module.kms.aws_kms_key.this",
            "module.eks.module.kms.data.aws_caller_identity.current",
            "module.eks.module.kms.data.aws_iam_policy_document.this",
            "module.eks.module.kms.data.aws_partition.current"
          ]
        }
      ]
    },
    {
      "module": "module.eks",
      "mode": "managed",
      "type": "aws_iam_policy",
      "name": "cni_ipv6_policy",
      "provider": "provider[\"registry.terraform.io/hashicorp/aws\"]",
      "instances": [
        {
          "index_key": 0,
          "schema_version": 0,
          "attributes": {
            "arn": "arn:aws:iam::832611670348:policy/AmazonEKS_CNI_IPv6_Policy",
            "description": "IAM policy for EKS CNI to assign IPV6 addresses",
            "id": "arn:aws:iam::832611670348:policy/AmazonEKS_CNI_IPv6_Policy",
            "name": "AmazonEKS_CNI_IPv6_Policy",
            "name_prefix": null,
            "path": "/",
            "policy": "{\"Statement\":[{\"Action\":[\"ec2:DescribeTags\",\"ec2:DescribeNetworkInterfaces\",\"ec2:DescribeInstances\",\"ec2:DescribeInstanceTypes\",\"ec2:AssignIpv6Addresses\"],\"Effect\":\"Allow\",\"Resource\":\"*\",\"Sid\":\"AssignDescribe\"},{\"Action\":\"ec2:CreateTags\",\"Effect\":\"Allow\",\"Resource\":\"arn:aws:ec2:*:*:network-interface/*\",\"Sid\":\"CreateTags\"}],\"Version\":\"2012-10-17\"}",
            "policy_id": "ANPA4DW4F3FGLMT55YSNL",
            "tags": {
              "Example": "ex-fluxcd",
              "GithubOrg": "terraform-aws-modules",
              "GithubRepo": "terraform-aws-eks"
            },
            "tags_all": {
              "Example": "ex-fluxcd",
              "GithubOrg": "terraform-aws-modules",
              "GithubRepo": "terraform-aws-eks"
            }
          },
          "sensitive_attributes": [],
          "private": "bnVsbA==",
          "dependencies": [
            "module.eks.data.aws_iam_policy_document.cni_ipv6_policy"
          ]
        }
      ]
    },
    {
      "module": "module.eks",
      "mode": "managed",
      "type": "aws_iam_role",
      "name": "this",
      "provider": "provider[\"registry.terraform.io/hashicorp/aws\"]",
      "instances": [
        {
          "index_key": 0,
          "schema_version": 0,
          "attributes": {
            "arn": "arn:aws:iam::832611670348:role/ex-fluxcd-cluster-20230120233926309800000002",
            "assume_role_policy": "{\"Statement\":[{\"Action\":\"sts:AssumeRole\",\"Effect\":\"Allow\",\"Principal\":{\"Service\":\"eks.amazonaws.com\"},\"Sid\":\"EKSClusterAssumeRole\"}],\"Version\":\"2012-10-17\"}",
            "create_date": "2023-01-20T23:39:26Z",
            "description": "",
            "force_detach_policies": true,
            "id": "ex-fluxcd-cluster-20230120233926309800000002",
            "inline_policy": [
              {
                "name": "ex-fluxcd-cluster",
                "policy": "{\"Version\":\"2012-10-17\",\"Statement\":[{\"Action\":[\"logs:CreateLogGroup\"],\"Effect\":\"Deny\",\"Resource\":\"*\"}]}"
              }
            ],
            "managed_policy_arns": [],
            "max_session_duration": 3600,
            "name": "ex-fluxcd-cluster-20230120233926309800000002",
            "name_prefix": "ex-fluxcd-cluster-",
            "path": "/",
            "permissions_boundary": null,
            "tags": {
              "Example": "ex-fluxcd",
              "GithubOrg": "terraform-aws-modules",
              "GithubRepo": "terraform-aws-eks"
            },
            "tags_all": {
              "Example": "ex-fluxcd",
              "GithubOrg": "terraform-aws-modules",
              "GithubRepo": "terraform-aws-eks"
            },
            "unique_id": "AROA4DW4F3FGK43U5WM5M"
          },
          "sensitive_attributes": [],
          "private": "bnVsbA==",
          "dependencies": [
            "module.eks.data.aws_iam_policy_document.assume_role_policy"
          ],
          "create_before_destroy": true
        }
      ]
    },
    {
      "module": "module.eks",
      "mode": "managed",
      "type": "aws_iam_role_policy_attachment",
      "name": "cluster_encryption",
      "provider": "provider[\"registry.terraform.io/hashicorp/aws\"]",
      "instances": [
        {
          "index_key": 0,
          "schema_version": 0,
          "attributes": {
            "id": "ex-fluxcd-cluster-20230120233926309800000002-20230120233950925500000010",
            "policy_arn": "arn:aws:iam::832611670348:policy/ex-fluxcd-cluster-ClusterEncryption2023012023394984090000000d",
            "role": "ex-fluxcd-cluster-20230120233926309800000002"
          },
          "sensitive_attributes": [],
          "private": "bnVsbA==",
          "dependencies": [
            "module.eks.aws_iam_policy.cluster_encryption",
            "module.eks.aws_iam_role.this",
            "module.eks.data.aws_iam_policy_document.assume_role_policy",
            "module.eks.data.aws_iam_session_context.current",
            "module.eks.module.kms.aws_kms_external_key.this",
            "module.eks.module.kms.aws_kms_key.this",
            "module.eks.module.kms.data.aws_caller_identity.current",
            "module.eks.module.kms.data.aws_iam_policy_document.this",
            "module.eks.module.kms.data.aws_partition.current"
          ]
        }
      ]
    },
    {
      "module": "module.eks",
      "mode": "managed",
      "type": "aws_iam_role_policy_attachment",
      "name": "this",
      "provider": "provider[\"registry.terraform.io/hashicorp/aws\"]",
      "instances": [
        {
          "index_key": "AmazonEKSClusterPolicy",
          "schema_version": 0,
          "attributes": {
            "id": "ex-fluxcd-cluster-20230120233926309800000002-20230120233928061300000007",
            "policy_arn": "arn:aws:iam::aws:policy/AmazonEKSClusterPolicy",
            "role": "ex-fluxcd-cluster-20230120233926309800000002"
          },
          "sensitive_attributes": [],
          "private": "bnVsbA==",
          "dependencies": [
            "module.eks.aws_iam_role.this",
            "module.eks.data.aws_iam_policy_document.assume_role_policy",
            "module.eks.data.aws_partition.current"
          ],
          "create_before_destroy": true
        },
        {
          "index_key": "AmazonEKSVPCResourceController",
          "schema_version": 0,
          "attributes": {
            "id": "ex-fluxcd-cluster-20230120233926309800000002-20230120233928058400000006",
            "policy_arn": "arn:aws:iam::aws:policy/AmazonEKSVPCResourceController",
            "role": "ex-fluxcd-cluster-20230120233926309800000002"
          },
          "sensitive_attributes": [],
          "private": "bnVsbA==",
          "dependencies": [
            "module.eks.aws_iam_role.this",
            "module.eks.data.aws_iam_policy_document.assume_role_policy",
            "module.eks.data.aws_partition.current"
          ],
          "create_before_destroy": true
        }
      ]
    },
    {
      "module": "module.eks",
      "mode": "managed",
      "type": "aws_security_group",
      "name": "cluster",
      "provider": "provider[\"registry.terraform.io/hashicorp/aws\"]",
      "instances": [
        {
          "index_key": 0,
          "schema_version": 1,
          "attributes": {
            "arn": "arn:aws:ec2:eu-west-1:832611670348:security-group/sg-04786bc4a7f5eb098",
            "description": "EKS cluster security group",
            "egress": [],
            "id": "sg-04786bc4a7f5eb098",
            "ingress": [],
            "name": "ex-fluxcd-cluster-2023012023394953250000000b",
            "name_prefix": "ex-fluxcd-cluster-",
            "owner_id": "832611670348",
            "revoke_rules_on_delete": false,
            "tags": {
              "Example": "ex-fluxcd",
              "GithubOrg": "terraform-aws-modules",
              "GithubRepo": "terraform-aws-eks",
              "Name": "ex-fluxcd-cluster"
            },
            "tags_all": {
              "Example": "ex-fluxcd",
              "GithubOrg": "terraform-aws-modules",
              "GithubRepo": "terraform-aws-eks",
              "Name": "ex-fluxcd-cluster"
            },
            "timeouts": null,
            "vpc_id": "vpc-0a9f05c347f07e84d"
          },
          "sensitive_attributes": [],
          "private": "eyJlMmJmYjczMC1lY2FhLTExZTYtOGY4OC0zNDM2M2JjN2M0YzAiOnsiY3JlYXRlIjo2MDAwMDAwMDAwMDAsImRlbGV0ZSI6OTAwMDAwMDAwMDAwfSwic2NoZW1hX3ZlcnNpb24iOiIxIn0=",
          "dependencies": [
            "module.vpc.aws_vpc.this"
          ],
          "create_before_destroy": true
        }
      ]
    },
    {
      "module": "module.eks",
      "mode": "managed",
      "type": "aws_security_group",
      "name": "node",
      "provider": "provider[\"registry.terraform.io/hashicorp/aws\"]",
      "instances": [
        {
          "index_key": 0,
          "schema_version": 1,
          "attributes": {
            "arn": "arn:aws:ec2:eu-west-1:832611670348:security-group/sg-09c39117a03f36d64",
            "description": "EKS node shared security group",
            "egress": [],
            "id": "sg-09c39117a03f36d64",
            "ingress": [],
            "name": "ex-fluxcd-node-2023012023394953250000000c",
            "name_prefix": "ex-fluxcd-node-",
            "owner_id": "832611670348",
            "revoke_rules_on_delete": false,
            "tags": {
              "Example": "ex-fluxcd",
              "GithubOrg": "terraform-aws-modules",
              "GithubRepo": "terraform-aws-eks",
              "Name": "ex-fluxcd-node",
              "kubernetes.io/cluster/ex-fluxcd": "owned"
            },
            "tags_all": {
              "Example": "ex-fluxcd",
              "GithubOrg": "terraform-aws-modules",
              "GithubRepo": "terraform-aws-eks",
              "Name": "ex-fluxcd-node",
              "kubernetes.io/cluster/ex-fluxcd": "owned"
            },
            "timeouts": null,
            "vpc_id": "vpc-0a9f05c347f07e84d"
          },
          "sensitive_attributes": [],
          "private": "eyJlMmJmYjczMC1lY2FhLTExZTYtOGY4OC0zNDM2M2JjN2M0YzAiOnsiY3JlYXRlIjo2MDAwMDAwMDAwMDAsImRlbGV0ZSI6OTAwMDAwMDAwMDAwfSwic2NoZW1hX3ZlcnNpb24iOiIxIn0=",
          "dependencies": [
            "module.vpc.aws_vpc.this"
          ],
          "create_before_destroy": true
        }
      ]
    },
    {
      "module": "module.eks",
      "mode": "managed",
      "type": "aws_security_group_rule",
      "name": "cluster",
      "provider": "provider[\"registry.terraform.io/hashicorp/aws\"]",
      "instances": [
        {
          "index_key": "ingress_nodes_443",
          "schema_version": 2,
          "attributes": {
            "cidr_blocks": null,
            "description": "Node groups to cluster API",
            "from_port": 443,
            "id": "sgrule-3888870229",
            "ipv6_cidr_blocks": null,
            "prefix_list_ids": null,
            "protocol": "tcp",
            "security_group_id": "sg-04786bc4a7f5eb098",
            "security_group_rule_id": "sgr-0afe66295e7eb3fa5",
            "self": false,
            "source_security_group_id": "sg-09c39117a03f36d64",
            "timeouts": null,
            "to_port": 443,
            "type": "ingress"
          },
          "sensitive_attributes": [],
          "private": "eyJlMmJmYjczMC1lY2FhLTExZTYtOGY4OC0zNDM2M2JjN2M0YzAiOnsiY3JlYXRlIjozMDAwMDAwMDAwMDB9LCJzY2hlbWFfdmVyc2lvbiI6IjIifQ==",
          "dependencies": [
            "module.eks.aws_security_group.cluster",
            "module.eks.aws_security_group.node",
            "module.vpc.aws_vpc.this"
          ],
          "create_before_destroy": true
        }
      ]
    },
    {
      "module": "module.eks",
      "mode": "managed",
      "type": "aws_security_group_rule",
      "name": "node",
      "provider": "provider[\"registry.terraform.io/hashicorp/aws\"]",
      "instances": [
        {
          "index_key": "egress_all",
          "schema_version": 2,
          "attributes": {
            "cidr_blocks": [
              "0.0.0.0/0"
            ],
            "description": "Allow all egress",
            "from_port": 0,
            "id": "sgrule-927028631",
            "ipv6_cidr_blocks": null,
            "prefix_list_ids": [],
            "protocol": "-1",
            "security_group_id": "sg-09c39117a03f36d64",
            "security_group_rule_id": "sgr-0c689588cbb5a0faa",
            "self": false,
            "source_security_group_id": null,
            "timeouts": null,
            "to_port": 0,
            "type": "egress"
          },
          "sensitive_attributes": [],
          "private": "eyJlMmJmYjczMC1lY2FhLTExZTYtOGY4OC0zNDM2M2JjN2M0YzAiOnsiY3JlYXRlIjozMDAwMDAwMDAwMDB9LCJzY2hlbWFfdmVyc2lvbiI6IjIifQ==",
          "dependencies": [
            "module.eks.aws_security_group.cluster",
            "module.eks.aws_security_group.node",
            "module.vpc.aws_vpc.this"
          ],
          "create_before_destroy": true
        },
        {
          "index_key": "ingress_cluster_443",
          "schema_version": 2,
          "attributes": {
            "cidr_blocks": null,
            "description": "Cluster API to node groups",
            "from_port": 443,
            "id": "sgrule-2729020006",
            "ipv6_cidr_blocks": null,
            "prefix_list_ids": [],
            "protocol": "tcp",
            "security_group_id": "sg-09c39117a03f36d64",
            "security_group_rule_id": "sgr-084c2b1a469edf54d",
            "self": false,
            "source_security_group_id": "sg-04786bc4a7f5eb098",
            "timeouts": null,
            "to_port": 443,
            "type": "ingress"
          },
          "sensitive_attributes": [],
          "private": "eyJlMmJmYjczMC1lY2FhLTExZTYtOGY4OC0zNDM2M2JjN2M0YzAiOnsiY3JlYXRlIjozMDAwMDAwMDAwMDB9LCJzY2hlbWFfdmVyc2lvbiI6IjIifQ==",
          "dependencies": [
            "module.eks.aws_security_group.cluster",
            "module.eks.aws_security_group.node",
            "module.vpc.aws_vpc.this"
          ],
          "create_before_destroy": true
        },
        {
          "index_key": "ingress_cluster_4443_webhook",
          "schema_version": 2,
          "attributes": {
            "cidr_blocks": null,
            "description": "Cluster API to node 4443/tcp webhook",
            "from_port": 4443,
            "id": "sgrule-2182327636",
            "ipv6_cidr_blocks": null,
            "prefix_list_ids": [],
            "protocol": "tcp",
            "security_group_id": "sg-09c39117a03f36d64",
            "security_group_rule_id": "sgr-0eee208c3ec06e9c4",
            "self": false,
            "source_security_group_id": "sg-04786bc4a7f5eb098",
            "timeouts": null,
            "to_port": 4443,
            "type": "ingress"
          },
          "sensitive_attributes": [],
          "private": "eyJlMmJmYjczMC1lY2FhLTExZTYtOGY4OC0zNDM2M2JjN2M0YzAiOnsiY3JlYXRlIjozMDAwMDAwMDAwMDB9LCJzY2hlbWFfdmVyc2lvbiI6IjIifQ==",
          "dependencies": [
            "module.eks.aws_security_group.cluster",
            "module.eks.aws_security_group.node",
            "module.vpc.aws_vpc.this"
          ],
          "create_before_destroy": true
        },
        {
          "index_key": "ingress_cluster_8443_webhook",
          "schema_version": 2,
          "attributes": {
            "cidr_blocks": null,
            "description": "Cluster API to node 8443/tcp webhook",
            "from_port": 8443,
            "id": "sgrule-1477310179",
            "ipv6_cidr_blocks": null,
            "prefix_list_ids": [],
            "protocol": "tcp",
            "security_group_id": "sg-09c39117a03f36d64",
            "security_group_rule_id": "sgr-02cdd7ede9ea3ddb1",
            "self": false,
            "source_security_group_id": "sg-04786bc4a7f5eb098",
            "timeouts": null,
            "to_port": 8443,
            "type": "ingress"
          },
          "sensitive_attributes": [],
          "private": "eyJlMmJmYjczMC1lY2FhLTExZTYtOGY4OC0zNDM2M2JjN2M0YzAiOnsiY3JlYXRlIjozMDAwMDAwMDAwMDB9LCJzY2hlbWFfdmVyc2lvbiI6IjIifQ==",
          "dependencies": [
            "module.eks.aws_security_group.cluster",
            "module.eks.aws_security_group.node",
            "module.vpc.aws_vpc.this"
          ],
          "create_before_destroy": true
        },
        {
          "index_key": "ingress_cluster_9443_webhook",
          "schema_version": 2,
          "attributes": {
            "cidr_blocks": null,
            "description": "Cluster API to node 9443/tcp webhook",
            "from_port": 9443,
            "id": "sgrule-1017955624",
            "ipv6_cidr_blocks": null,
            "prefix_list_ids": [],
            "protocol": "tcp",
            "security_group_id": "sg-09c39117a03f36d64",
            "security_group_rule_id": "sgr-06d2791906ccc3bad",
            "self": false,
            "source_security_group_id": "sg-04786bc4a7f5eb098",
            "timeouts": null,
            "to_port": 9443,
            "type": "ingress"
          },
          "sensitive_attributes": [],
          "private": "eyJlMmJmYjczMC1lY2FhLTExZTYtOGY4OC0zNDM2M2JjN2M0YzAiOnsiY3JlYXRlIjozMDAwMDAwMDAwMDB9LCJzY2hlbWFfdmVyc2lvbiI6IjIifQ==",
          "dependencies": [
            "module.eks.aws_security_group.cluster",
            "module.eks.aws_security_group.node",
            "module.vpc.aws_vpc.this"
          ],
          "create_before_destroy": true
        },
        {
          "index_key": "ingress_cluster_kubelet",
          "schema_version": 2,
          "attributes": {
            "cidr_blocks": null,
            "description": "Cluster API to node kubelets",
            "from_port": 10250,
            "id": "sgrule-1896856442",
            "ipv6_cidr_blocks": null,
            "prefix_list_ids": [],
            "protocol": "tcp",
            "security_group_id": "sg-09c39117a03f36d64",
            "security_group_rule_id": "sgr-0d2f130ace2262acc",
            "self": false,
            "source_security_group_id": "sg-04786bc4a7f5eb098",
            "timeouts": null,
            "to_port": 10250,
            "type": "ingress"
          },
          "sensitive_attributes": [],
          "private": "eyJlMmJmYjczMC1lY2FhLTExZTYtOGY4OC0zNDM2M2JjN2M0YzAiOnsiY3JlYXRlIjozMDAwMDAwMDAwMDB9LCJzY2hlbWFfdmVyc2lvbiI6IjIifQ==",
          "dependencies": [
            "module.eks.aws_security_group.cluster",
            "module.eks.aws_security_group.node",
            "module.vpc.aws_vpc.this"
          ],
          "create_before_destroy": true
        },
        {
          "index_key": "ingress_nodes_ephemeral",
          "schema_version": 2,
          "attributes": {
            "cidr_blocks": null,
            "description": "Node to node ingress on ephemeral ports",
            "from_port": 1025,
            "id": "sgrule-2582038938",
            "ipv6_cidr_blocks": null,
            "prefix_list_ids": [],
            "protocol": "tcp",
            "security_group_id": "sg-09c39117a03f36d64",
            "security_group_rule_id": "sgr-0b313e709a0fd307e",
            "self": true,
            "source_security_group_id": null,
            "timeouts": null,
            "to_port": 65535,
            "type": "ingress"
          },
          "sensitive_attributes": [],
          "private": "eyJlMmJmYjczMC1lY2FhLTExZTYtOGY4OC0zNDM2M2JjN2M0YzAiOnsiY3JlYXRlIjozMDAwMDAwMDAwMDB9LCJzY2hlbWFfdmVyc2lvbiI6IjIifQ==",
          "dependencies": [
            "module.eks.aws_security_group.cluster",
            "module.eks.aws_security_group.node",
            "module.vpc.aws_vpc.this"
          ],
          "create_before_destroy": true
        },
        {
          "index_key": "ingress_self_coredns_tcp",
          "schema_version": 2,
          "attributes": {
            "cidr_blocks": null,
            "description": "Node to node CoreDNS",
            "from_port": 53,
            "id": "sgrule-850606782",
            "ipv6_cidr_blocks": null,
            "prefix_list_ids": [],
            "protocol": "tcp",
            "security_group_id": "sg-09c39117a03f36d64",
            "security_group_rule_id": "sgr-0a7e382a9f0244e68",
            "self": true,
            "source_security_group_id": null,
            "timeouts": null,
            "to_port": 53,
            "type": "ingress"
          },
          "sensitive_attributes": [],
          "private": "eyJlMmJmYjczMC1lY2FhLTExZTYtOGY4OC0zNDM2M2JjN2M0YzAiOnsiY3JlYXRlIjozMDAwMDAwMDAwMDB9LCJzY2hlbWFfdmVyc2lvbiI6IjIifQ==",
          "dependencies": [
            "module.eks.aws_security_group.cluster",
            "module.eks.aws_security_group.node",
            "module.vpc.aws_vpc.this"
          ],
          "create_before_destroy": true
        },
        {
          "index_key": "ingress_self_coredns_udp",
          "schema_version": 2,
          "attributes": {
            "cidr_blocks": null,
            "description": "Node to node CoreDNS UDP",
            "from_port": 53,
            "id": "sgrule-2532088145",
            "ipv6_cidr_blocks": null,
            "prefix_list_ids": [],
            "protocol": "udp",
            "security_group_id": "sg-09c39117a03f36d64",
            "security_group_rule_id": "sgr-036ee883bec3c3615",
            "self": true,
            "source_security_group_id": null,
            "timeouts": null,
            "to_port": 53,
            "type": "ingress"
          },
          "sensitive_attributes": [],
          "private": "eyJlMmJmYjczMC1lY2FhLTExZTYtOGY4OC0zNDM2M2JjN2M0YzAiOnsiY3JlYXRlIjozMDAwMDAwMDAwMDB9LCJzY2hlbWFfdmVyc2lvbiI6IjIifQ==",
          "dependencies": [
            "module.eks.aws_security_group.cluster",
            "module.eks.aws_security_group.node",
            "module.vpc.aws_vpc.this"
          ],
          "create_before_destroy": true
        }
      ]
    },
    {
      "module": "module.eks",
      "mode": "managed",
      "type": "kubernetes_config_map",
      "name": "aws_auth",
      "provider": "provider[\"registry.terraform.io/hashicorp/kubernetes\"]",
      "instances": []
    },
    {
      "module": "module.eks",
      "mode": "managed",
      "type": "kubernetes_config_map_v1_data",
      "name": "aws_auth",
      "provider": "provider[\"registry.terraform.io/hashicorp/kubernetes\"]",
      "instances": []
    },
    {
      "module": "module.eks.module.eks_managed_node_group[\"bottlerocket_add\"]",
      "mode": "data",
      "type": "aws_caller_identity",
      "name": "current",
      "provider": "provider[\"registry.terraform.io/hashicorp/aws\"]",
      "instances": [
        {
          "schema_version": 0,
          "attributes": {
            "account_id": "832611670348",
            "arn": "arn:aws:iam::832611670348:user/masterclass",
            "id": "832611670348",
            "user_id": "AIDA4DW4F3FGBVAS6I4WT"
          },
          "sensitive_attributes": []
        }
      ]
    },
    {
      "module": "module.eks.module.eks_managed_node_group[\"bottlerocket_add\"]",
      "mode": "data",
      "type": "aws_iam_policy_document",
      "name": "assume_role_policy",
      "provider": "provider[\"registry.terraform.io/hashicorp/aws\"]",
      "instances": [
        {
          "index_key": 0,
          "schema_version": 0,
          "attributes": {
            "id": "2560088296",
            "json": "{\n  \"Version\": \"2012-10-17\",\n  \"Statement\": [\n    {\n      \"Sid\": \"EKSNodeAssumeRole\",\n      \"Effect\": \"Allow\",\n      \"Action\": \"sts:AssumeRole\",\n      \"Principal\": {\n        \"Service\": \"ec2.amazonaws.com\"\n      }\n    }\n  ]\n}",
            "override_json": null,
            "override_policy_documents": null,
            "policy_id": null,
            "source_json": null,
            "source_policy_documents": null,
            "statement": [
              {
                "actions": [
                  "sts:AssumeRole"
                ],
                "condition": [],
                "effect": "Allow",
                "not_actions": [],
                "not_principals": [],
                "not_resources": [],
                "principals": [
                  {
                    "identifiers": [
                      "ec2.amazonaws.com"
                    ],
                    "type": "Service"
                  }
                ],
                "resources": [],
                "sid": "EKSNodeAssumeRole"
              }
            ],
            "version": "2012-10-17"
          },
          "sensitive_attributes": []
        }
      ]
    },
    {
      "module": "module.eks.module.eks_managed_node_group[\"bottlerocket_add\"]",
      "mode": "data",
      "type": "aws_partition",
      "name": "current",
      "provider": "provider[\"registry.terraform.io/hashicorp/aws\"]",
      "instances": [
        {
          "schema_version": 0,
          "attributes": {
            "dns_suffix": "amazonaws.com",
            "id": "aws",
            "partition": "aws",
            "reverse_dns_prefix": "com.amazonaws"
          },
          "sensitive_attributes": []
        }
      ]
    },
    {
      "module": "module.eks.module.eks_managed_node_group[\"bottlerocket_add\"]",
      "mode": "managed",
      "type": "aws_iam_role",
      "name": "this",
      "provider": "provider[\"registry.terraform.io/hashicorp/aws\"]",
      "instances": [
        {
          "index_key": 0,
          "schema_version": 0,
          "attributes": {
            "arn": "arn:aws:iam::832611670348:role/bottlerocket_add-eks-node-group-20230120233951022200000012",
            "assume_role_policy": "{\"Statement\":[{\"Action\":\"sts:AssumeRole\",\"Effect\":\"Allow\",\"Principal\":{\"Service\":\"ec2.amazonaws.com\"},\"Sid\":\"EKSNodeAssumeRole\"}],\"Version\":\"2012-10-17\"}",
            "create_date": "2023-01-20T23:39:51Z",
            "description": "EKS managed node group IAM role",
            "force_detach_policies": true,
            "id": "bottlerocket_add-eks-node-group-20230120233951022200000012",
            "inline_policy": [],
            "managed_policy_arns": [],
            "max_session_duration": 3600,
            "name": "bottlerocket_add-eks-node-group-20230120233951022200000012",
            "name_prefix": "bottlerocket_add-eks-node-group-",
            "path": "/",
            "permissions_boundary": null,
            "tags": {
              "Example": "ex-fluxcd",
              "GithubOrg": "terraform-aws-modules",
              "GithubRepo": "terraform-aws-eks"
            },
            "tags_all": {
              "Example": "ex-fluxcd",
              "GithubOrg": "terraform-aws-modules",
              "GithubRepo": "terraform-aws-eks"
            },
            "unique_id": "AROA4DW4F3FGNQTCQP5XU"
          },
          "sensitive_attributes": [],
          "private": "bnVsbA==",
          "dependencies": [
            "aws_iam_policy.node_additional",
            "aws_security_group.remote_access",
            "data.aws_ami.eks_default",
            "data.aws_ami.eks_default_arm",
            "data.aws_ami.eks_default_bottlerocket",
            "data.aws_availability_zones.available",
            "data.aws_caller_identity.current",
            "module.ebs_kms_key.aws_kms_external_key.this",
            "module.ebs_kms_key.aws_kms_key.this",
            "module.ebs_kms_key.data.aws_caller_identity.current",
            "module.ebs_kms_key.data.aws_iam_policy_document.this",
            "module.ebs_kms_key.data.aws_partition.current",
            "module.eks.aws_iam_role.this",
            "module.eks.data.aws_iam_policy_document.assume_role_policy",
            "module.eks.module.eks_managed_node_group.data.aws_iam_policy_document.assume_role_policy",
            "module.key_pair.aws_key_pair.this",
            "module.key_pair.tls_private_key.this",
            "module.vpc.aws_subnet.private",
            "module.vpc.aws_vpc.this",
            "module.vpc.aws_vpc_ipv4_cidr_block_association.this"
          ],
          "create_before_destroy": true
        }
      ]
    },
    {
      "module": "module.eks.module.eks_managed_node_group[\"bottlerocket_add\"]",
      "mode": "managed",
      "type": "aws_iam_role_policy_attachment",
      "name": "this",
      "provider": "provider[\"registry.terraform.io/hashicorp/aws\"]",
      "instances": [
        {
          "index_key": "arn:aws:iam::aws:policy/AmazonEC2ContainerRegistryReadOnly",
          "schema_version": 0,
          "attributes": {
            "id": "bottlerocket_add-eks-node-group-20230120233951022200000012-2023012023395439050000001c",
            "policy_arn": "arn:aws:iam::aws:policy/AmazonEC2ContainerRegistryReadOnly",
            "role": "bottlerocket_add-eks-node-group-20230120233951022200000012"
          },
          "sensitive_attributes": [],
          "private": "bnVsbA==",
          "dependencies": [
            "aws_iam_policy.node_additional",
            "aws_security_group.remote_access",
            "data.aws_ami.eks_default",
            "data.aws_ami.eks_default_arm",
            "data.aws_ami.eks_default_bottlerocket",
            "data.aws_availability_zones.available",
            "data.aws_caller_identity.current",
            "module.ebs_kms_key.aws_kms_external_key.this",
            "module.ebs_kms_key.aws_kms_key.this",
            "module.ebs_kms_key.data.aws_caller_identity.current",
            "module.ebs_kms_key.data.aws_iam_policy_document.this",
            "module.ebs_kms_key.data.aws_partition.current",
            "module.eks.aws_iam_role.this",
            "module.eks.data.aws_iam_policy_document.assume_role_policy",
            "module.eks.module.eks_managed_node_group.aws_iam_role.this",
            "module.eks.module.eks_managed_node_group.data.aws_caller_identity.current",
            "module.eks.module.eks_managed_node_group.data.aws_iam_policy_document.assume_role_policy",
            "module.eks.module.eks_managed_node_group.data.aws_partition.current",
            "module.key_pair.aws_key_pair.this",
            "module.key_pair.tls_private_key.this",
            "module.vpc.aws_subnet.private",
            "module.vpc.aws_vpc.this",
            "module.vpc.aws_vpc_ipv4_cidr_block_association.this"
          ],
          "create_before_destroy": true
        },
        {
          "index_key": "arn:aws:iam::aws:policy/AmazonEKSWorkerNodePolicy",
          "schema_version": 0,
          "attributes": {
            "id": "bottlerocket_add-eks-node-group-20230120233951022200000012-2023012023395456920000001e",
            "policy_arn": "arn:aws:iam::aws:policy/AmazonEKSWorkerNodePolicy",
            "role": "bottlerocket_add-eks-node-group-20230120233951022200000012"
          },
          "sensitive_attributes": [],
          "private": "bnVsbA==",
          "dependencies": [
            "aws_iam_policy.node_additional",
            "aws_security_group.remote_access",
            "data.aws_ami.eks_default",
            "data.aws_ami.eks_default_arm",
            "data.aws_ami.eks_default_bottlerocket",
            "data.aws_availability_zones.available",
            "data.aws_caller_identity.current",
            "module.ebs_kms_key.aws_kms_external_key.this",
            "module.ebs_kms_key.aws_kms_key.this",
            "module.ebs_kms_key.data.aws_caller_identity.current",
            "module.ebs_kms_key.data.aws_iam_policy_document.this",
            "module.ebs_kms_key.data.aws_partition.current",
            "module.eks.aws_iam_role.this",
            "module.eks.data.aws_iam_policy_document.assume_role_policy",
            "module.eks.module.eks_managed_node_group.aws_iam_role.this",
            "module.eks.module.eks_managed_node_group.data.aws_caller_identity.current",
            "module.eks.module.eks_managed_node_group.data.aws_iam_policy_document.assume_role_policy",
            "module.eks.module.eks_managed_node_group.data.aws_partition.current",
            "module.key_pair.aws_key_pair.this",
            "module.key_pair.tls_private_key.this",
            "module.vpc.aws_subnet.private",
            "module.vpc.aws_vpc.this",
            "module.vpc.aws_vpc_ipv4_cidr_block_association.this"
          ],
          "create_before_destroy": true
        },
        {
          "index_key": "arn:aws:iam::aws:policy/AmazonEKS_CNI_Policy",
          "schema_version": 0,
          "attributes": {
            "id": "bottlerocket_add-eks-node-group-20230120233951022200000012-2023012023395442750000001d",
            "policy_arn": "arn:aws:iam::aws:policy/AmazonEKS_CNI_Policy",
            "role": "bottlerocket_add-eks-node-group-20230120233951022200000012"
          },
          "sensitive_attributes": [],
          "private": "bnVsbA==",
          "dependencies": [
            "aws_iam_policy.node_additional",
            "aws_security_group.remote_access",
            "data.aws_ami.eks_default",
            "data.aws_ami.eks_default_arm",
            "data.aws_ami.eks_default_bottlerocket",
            "data.aws_availability_zones.available",
            "data.aws_caller_identity.current",
            "module.ebs_kms_key.aws_kms_external_key.this",
            "module.ebs_kms_key.aws_kms_key.this",
            "module.ebs_kms_key.data.aws_caller_identity.current",
            "module.ebs_kms_key.data.aws_iam_policy_document.this",
            "module.ebs_kms_key.data.aws_partition.current",
            "module.eks.aws_iam_role.this",
            "module.eks.data.aws_iam_policy_document.assume_role_policy",
            "module.eks.module.eks_managed_node_group.aws_iam_role.this",
            "module.eks.module.eks_managed_node_group.data.aws_caller_identity.current",
            "module.eks.module.eks_managed_node_group.data.aws_iam_policy_document.assume_role_policy",
            "module.eks.module.eks_managed_node_group.data.aws_partition.current",
            "module.key_pair.aws_key_pair.this",
            "module.key_pair.tls_private_key.this",
            "module.vpc.aws_subnet.private",
            "module.vpc.aws_vpc.this",
            "module.vpc.aws_vpc_ipv4_cidr_block_association.this"
          ],
          "create_before_destroy": true
        }
      ]
    },
    {
      "module": "module.eks.module.eks_managed_node_group[\"bottlerocket_add\"]",
      "mode": "managed",
      "type": "aws_launch_template",
      "name": "this",
      "provider": "provider[\"registry.terraform.io/hashicorp/aws\"]",
      "instances": [
        {
          "index_key": 0,
          "schema_version": 0,
          "attributes": {
            "arn": "arn:aws:ec2:eu-west-1:832611670348:launch-template/lt-080c67e758dc50c79",
            "block_device_mappings": [],
            "capacity_reservation_specification": [],
            "cpu_options": [],
            "credit_specification": [],
            "default_version": 1,
            "description": "Custom launch template for bottlerocket_add EKS managed node group",
            "disable_api_stop": false,
            "disable_api_termination": false,
            "ebs_optimized": "",
            "elastic_gpu_specifications": [],
            "elastic_inference_accelerator": [],
            "enclave_options": [],
            "hibernation_options": [],
            "iam_instance_profile": [],
            "id": "lt-080c67e758dc50c79",
            "image_id": "",
            "instance_initiated_shutdown_behavior": "",
            "instance_market_options": [],
            "instance_requirements": [],
            "instance_type": "",
            "kernel_id": "",
            "key_name": "",
            "latest_version": 1,
            "license_specification": [],
            "maintenance_options": [],
            "metadata_options": [
              {
                "http_endpoint": "enabled",
                "http_protocol_ipv6": "disabled",
                "http_put_response_hop_limit": 2,
                "http_tokens": "required",
                "instance_metadata_tags": "disabled"
              }
            ],
            "monitoring": [
              {
                "enabled": true
              }
            ],
            "name": "bottlerocket_add-20230120234908275000000030",
            "name_prefix": "bottlerocket_add-",
            "network_interfaces": [],
            "placement": [],
            "private_dns_name_options": [],
            "ram_disk_id": "",
            "security_group_names": null,
            "tag_specifications": [
              {
                "resource_type": "instance",
                "tags": {
                  "Example": "ex-fluxcd",
                  "GithubOrg": "terraform-aws-modules",
                  "GithubRepo": "terraform-aws-eks",
                  "Name": "bottlerocket_add"
                }
              },
              {
                "resource_type": "network-interface",
                "tags": {
                  "Example": "ex-fluxcd",
                  "GithubOrg": "terraform-aws-modules",
                  "GithubRepo": "terraform-aws-eks",
                  "Name": "bottlerocket_add"
                }
              },
              {
                "resource_type": "volume",
                "tags": {
                  "Example": "ex-fluxcd",
                  "GithubOrg": "terraform-aws-modules",
                  "GithubRepo": "terraform-aws-eks",
                  "Name": "bottlerocket_add"
                }
              }
            ],
            "tags": {
              "Example": "ex-fluxcd",
              "GithubOrg": "terraform-aws-modules",
              "GithubRepo": "terraform-aws-eks"
            },
            "tags_all": {
              "Example": "ex-fluxcd",
              "GithubOrg": "terraform-aws-modules",
              "GithubRepo": "terraform-aws-eks"
            },
            "update_default_version": true,
            "user_data": "IyBleHRyYSBhcmdzIGFkZGVkCltzZXR0aW5ncy5rZXJuZWxdCmxvY2tkb3duID0gImludGVncml0eSIK",
            "vpc_security_group_ids": [
              "sg-09c39117a03f36d64"
            ]
          },
          "sensitive_attributes": [],
          "private": "bnVsbA==",
          "dependencies": [
            "aws_iam_policy.node_additional",
            "aws_security_group.remote_access",
            "data.aws_ami.eks_default",
            "data.aws_ami.eks_default_arm",
            "data.aws_ami.eks_default_bottlerocket",
            "data.aws_availability_zones.available",
            "data.aws_caller_identity.current",
            "module.ebs_kms_key.aws_kms_external_key.this",
            "module.ebs_kms_key.aws_kms_key.this",
            "module.ebs_kms_key.data.aws_caller_identity.current",
            "module.ebs_kms_key.data.aws_iam_policy_document.this",
            "module.ebs_kms_key.data.aws_partition.current",
            "module.eks.aws_cloudwatch_log_group.this",
            "module.eks.aws_eks_cluster.this",
            "module.eks.aws_iam_role.this",
            "module.eks.aws_iam_role_policy_attachment.this",
            "module.eks.aws_security_group.cluster",
            "module.eks.aws_security_group.node",
            "module.eks.aws_security_group_rule.cluster",
            "module.eks.aws_security_group_rule.node",
            "module.eks.data.aws_iam_policy_document.assume_role_policy",
            "module.eks.data.aws_iam_session_context.current",
            "module.eks.data.aws_partition.current",
            "module.eks.module.eks_managed_node_group.aws_iam_role.this",
            "module.eks.module.eks_managed_node_group.aws_iam_role_policy_attachment.this",
            "module.eks.module.eks_managed_node_group.data.aws_caller_identity.current",
            "module.eks.module.eks_managed_node_group.data.aws_iam_policy_document.assume_role_policy",
            "module.eks.module.eks_managed_node_group.data.aws_partition.current",
            "module.eks.module.eks_managed_node_group.module.user_data.data.cloudinit_config.linux_eks_managed_node_group",
            "module.eks.module.kms.aws_kms_external_key.this",
            "module.eks.module.kms.aws_kms_key.this",
            "module.eks.module.kms.data.aws_caller_identity.current",
            "module.eks.module.kms.data.aws_iam_policy_document.this",
            "module.eks.module.kms.data.aws_partition.current",
            "module.key_pair.aws_key_pair.this",
            "module.key_pair.tls_private_key.this",
            "module.vpc.aws_subnet.intra",
            "module.vpc.aws_subnet.private",
            "module.vpc.aws_vpc.this",
            "module.vpc.aws_vpc_ipv4_cidr_block_association.this"
          ],
          "create_before_destroy": true
        }
      ]
    },
    {
      "module": "module.eks.module.eks_managed_node_group[\"bottlerocket_custom\"]",
      "mode": "data",
      "type": "aws_caller_identity",
      "name": "current",
      "provider": "provider[\"registry.terraform.io/hashicorp/aws\"]",
      "instances": [
        {
          "schema_version": 0,
          "attributes": {
            "account_id": "832611670348",
            "arn": "arn:aws:iam::832611670348:user/masterclass",
            "id": "832611670348",
            "user_id": "AIDA4DW4F3FGBVAS6I4WT"
          },
          "sensitive_attributes": []
        }
      ]
    },
    {
      "module": "module.eks.module.eks_managed_node_group[\"bottlerocket_custom\"]",
      "mode": "data",
      "type": "aws_iam_policy_document",
      "name": "assume_role_policy",
      "provider": "provider[\"registry.terraform.io/hashicorp/aws\"]",
      "instances": [
        {
          "index_key": 0,
          "schema_version": 0,
          "attributes": {
            "id": "2560088296",
            "json": "{\n  \"Version\": \"2012-10-17\",\n  \"Statement\": [\n    {\n      \"Sid\": \"EKSNodeAssumeRole\",\n      \"Effect\": \"Allow\",\n      \"Action\": \"sts:AssumeRole\",\n      \"Principal\": {\n        \"Service\": \"ec2.amazonaws.com\"\n      }\n    }\n  ]\n}",
            "override_json": null,
            "override_policy_documents": null,
            "policy_id": null,
            "source_json": null,
            "source_policy_documents": null,
            "statement": [
              {
                "actions": [
                  "sts:AssumeRole"
                ],
                "condition": [],
                "effect": "Allow",
                "not_actions": [],
                "not_principals": [],
                "not_resources": [],
                "principals": [
                  {
                    "identifiers": [
                      "ec2.amazonaws.com"
                    ],
                    "type": "Service"
                  }
                ],
                "resources": [],
                "sid": "EKSNodeAssumeRole"
              }
            ],
            "version": "2012-10-17"
          },
          "sensitive_attributes": []
        }
      ]
    },
    {
      "module": "module.eks.module.eks_managed_node_group[\"bottlerocket_custom\"]",
      "mode": "data",
      "type": "aws_partition",
      "name": "current",
      "provider": "provider[\"registry.terraform.io/hashicorp/aws\"]",
      "instances": [
        {
          "schema_version": 0,
          "attributes": {
            "dns_suffix": "amazonaws.com",
            "id": "aws",
            "partition": "aws",
            "reverse_dns_prefix": "com.amazonaws"
          },
          "sensitive_attributes": []
        }
      ]
    },
    {
      "module": "module.eks.module.eks_managed_node_group[\"bottlerocket_custom\"]",
      "mode": "managed",
      "type": "aws_eks_node_group",
      "name": "this",
      "provider": "provider[\"registry.terraform.io/hashicorp/aws\"]",
      "instances": [
        {
          "index_key": 0,
          "schema_version": 0,
          "attributes": {
            "ami_type": "CUSTOM",
            "arn": "arn:aws:eks:eu-west-1:832611670348:nodegroup/ex-fluxcd/bottlerocket_custom-20230120234909031700000040/34c2e8cb-04c5-6722-74b4-b70be42c018d",
            "capacity_type": "ON_DEMAND",
            "cluster_name": "ex-fluxcd",
            "disk_size": 0,
            "force_update_version": null,
            "id": "ex-fluxcd:bottlerocket_custom-20230120234909031700000040",
            "instance_types": [
              "m6i.large",
              "m5.large",
              "m5n.large",
              "m5zn.large"
            ],
            "labels": null,
            "launch_template": [
              {
                "id": "lt-095b9400b2a0121d4",
                "name": "bottlerocket_custom-20230120234908276900000034",
                "version": "1"
              }
            ],
            "node_group_name": "bottlerocket_custom-20230120234909031700000040",
            "node_group_name_prefix": "bottlerocket_custom-",
            "node_role_arn": "arn:aws:iam::832611670348:role/bottlerocket_custom-eks-node-group-20230120233951153700000014",
            "release_version": "ami-04c3c0624aad46804",
            "remote_access": [],
            "resources": [
              {
                "autoscaling_groups": [
                  {
                    "name": "eks-bottlerocket_custom-20230120234909031700000040-34c2e8cb-04c5-6722-74b4-b70be42c018d"
                  }
                ],
                "remote_access_security_group_id": ""
              }
            ],
            "scaling_config": [
              {
                "desired_size": 1,
                "max_size": 3,
                "min_size": 1
              }
            ],
            "status": "ACTIVE",
            "subnet_ids": [
              "subnet-0369e7a678a97fe7d",
              "subnet-05a8df5705c949ec7",
              "subnet-09194fbe54de96b47"
            ],
            "tags": {
              "Example": "ex-fluxcd",
              "GithubOrg": "terraform-aws-modules",
              "GithubRepo": "terraform-aws-eks",
              "Name": "bottlerocket_custom"
            },
            "tags_all": {
              "Example": "ex-fluxcd",
              "GithubOrg": "terraform-aws-modules",
              "GithubRepo": "terraform-aws-eks",
              "Name": "bottlerocket_custom"
            },
            "taint": [],
            "timeouts": {
              "create": null,
              "delete": null,
              "update": null
            },
            "update_config": [
              {
                "max_unavailable": 0,
                "max_unavailable_percentage": 33
              }
            ],
            "version": "1.24"
          },
          "sensitive_attributes": [],
          "private": "eyJlMmJmYjczMC1lY2FhLTExZTYtOGY4OC0zNDM2M2JjN2M0YzAiOnsiY3JlYXRlIjozNjAwMDAwMDAwMDAwLCJkZWxldGUiOjM2MDAwMDAwMDAwMDAsInVwZGF0ZSI6MzYwMDAwMDAwMDAwMH19",
          "dependencies": [
            "aws_iam_policy.node_additional",
            "aws_security_group.remote_access",
            "data.aws_ami.eks_default",
            "data.aws_ami.eks_default_arm",
            "data.aws_ami.eks_default_bottlerocket",
            "data.aws_availability_zones.available",
            "data.aws_caller_identity.current",
            "module.ebs_kms_key.aws_kms_external_key.this",
            "module.ebs_kms_key.aws_kms_key.this",
            "module.ebs_kms_key.data.aws_caller_identity.current",
            "module.ebs_kms_key.data.aws_iam_policy_document.this",
            "module.ebs_kms_key.data.aws_partition.current",
            "module.eks.aws_cloudwatch_log_group.this",
            "module.eks.aws_eks_cluster.this",
            "module.eks.aws_iam_role.this",
            "module.eks.aws_iam_role_policy_attachment.this",
            "module.eks.aws_security_group.cluster",
            "module.eks.aws_security_group.node",
            "module.eks.aws_security_group_rule.cluster",
            "module.eks.aws_security_group_rule.node",
            "module.eks.data.aws_iam_policy_document.assume_role_policy",
            "module.eks.data.aws_iam_session_context.current",
            "module.eks.data.aws_partition.current",
            "module.eks.module.eks_managed_node_group.aws_iam_role.this",
            "module.eks.module.eks_managed_node_group.aws_iam_role_policy_attachment.this",
            "module.eks.module.eks_managed_node_group.aws_launch_template.this",
            "module.eks.module.eks_managed_node_group.data.aws_caller_identity.current",
            "module.eks.module.eks_managed_node_group.data.aws_iam_policy_document.assume_role_policy",
            "module.eks.module.eks_managed_node_group.data.aws_partition.current",
            "module.eks.module.eks_managed_node_group.module.user_data.data.cloudinit_config.linux_eks_managed_node_group",
            "module.eks.module.kms.aws_kms_external_key.this",
            "module.eks.module.kms.aws_kms_key.this",
            "module.eks.module.kms.data.aws_caller_identity.current",
            "module.eks.module.kms.data.aws_iam_policy_document.this",
            "module.eks.module.kms.data.aws_partition.current",
            "module.key_pair.aws_key_pair.this",
            "module.key_pair.tls_private_key.this",
            "module.vpc.aws_subnet.intra",
            "module.vpc.aws_subnet.private",
            "module.vpc.aws_vpc.this",
            "module.vpc.aws_vpc_ipv4_cidr_block_association.this"
          ],
          "create_before_destroy": true
        }
      ]
    },
    {
      "module": "module.eks.module.eks_managed_node_group[\"bottlerocket_custom\"]",
      "mode": "managed",
      "type": "aws_iam_role",
      "name": "this",
      "provider": "provider[\"registry.terraform.io/hashicorp/aws\"]",
      "instances": [
        {
          "index_key": 0,
          "schema_version": 0,
          "attributes": {
            "arn": "arn:aws:iam::832611670348:role/bottlerocket_custom-eks-node-group-20230120233951153700000014",
            "assume_role_policy": "{\"Statement\":[{\"Action\":\"sts:AssumeRole\",\"Effect\":\"Allow\",\"Principal\":{\"Service\":\"ec2.amazonaws.com\"},\"Sid\":\"EKSNodeAssumeRole\"}],\"Version\":\"2012-10-17\"}",
            "create_date": "2023-01-20T23:39:51Z",
            "description": "EKS managed node group IAM role",
            "force_detach_policies": true,
            "id": "bottlerocket_custom-eks-node-group-20230120233951153700000014",
            "inline_policy": [],
            "managed_policy_arns": [],
            "max_session_duration": 3600,
            "name": "bottlerocket_custom-eks-node-group-20230120233951153700000014",
            "name_prefix": "bottlerocket_custom-eks-node-group-",
            "path": "/",
            "permissions_boundary": null,
            "tags": {
              "Example": "ex-fluxcd",
              "GithubOrg": "terraform-aws-modules",
              "GithubRepo": "terraform-aws-eks"
            },
            "tags_all": {
              "Example": "ex-fluxcd",
              "GithubOrg": "terraform-aws-modules",
              "GithubRepo": "terraform-aws-eks"
            },
            "unique_id": "AROA4DW4F3FGI4DCQL3CW"
          },
          "sensitive_attributes": [],
          "private": "bnVsbA==",
          "dependencies": [
            "aws_iam_policy.node_additional",
            "aws_security_group.remote_access",
            "data.aws_ami.eks_default",
            "data.aws_ami.eks_default_arm",
            "data.aws_ami.eks_default_bottlerocket",
            "data.aws_availability_zones.available",
            "data.aws_caller_identity.current",
            "module.ebs_kms_key.aws_kms_external_key.this",
            "module.ebs_kms_key.aws_kms_key.this",
            "module.ebs_kms_key.data.aws_caller_identity.current",
            "module.ebs_kms_key.data.aws_iam_policy_document.this",
            "module.ebs_kms_key.data.aws_partition.current",
            "module.eks.aws_iam_role.this",
            "module.eks.data.aws_iam_policy_document.assume_role_policy",
            "module.eks.module.eks_managed_node_group.data.aws_iam_policy_document.assume_role_policy",
            "module.key_pair.aws_key_pair.this",
            "module.key_pair.tls_private_key.this",
            "module.vpc.aws_subnet.private",
            "module.vpc.aws_vpc.this",
            "module.vpc.aws_vpc_ipv4_cidr_block_association.this"
          ],
          "create_before_destroy": true
        }
      ]
    },
    {
      "module": "module.eks.module.eks_managed_node_group[\"bottlerocket_custom\"]",
      "mode": "managed",
      "type": "aws_iam_role_policy_attachment",
      "name": "this",
      "provider": "provider[\"registry.terraform.io/hashicorp/aws\"]",
      "instances": [
        {
          "index_key": "arn:aws:iam::aws:policy/AmazonEC2ContainerRegistryReadOnly",
          "schema_version": 0,
          "attributes": {
            "id": "bottlerocket_custom-eks-node-group-20230120233951153700000014-20230120233954860100000021",
            "policy_arn": "arn:aws:iam::aws:policy/AmazonEC2ContainerRegistryReadOnly",
            "role": "bottlerocket_custom-eks-node-group-20230120233951153700000014"
          },
          "sensitive_attributes": [],
          "private": "bnVsbA==",
          "dependencies": [
            "aws_iam_policy.node_additional",
            "aws_security_group.remote_access",
            "data.aws_ami.eks_default",
            "data.aws_ami.eks_default_arm",
            "data.aws_ami.eks_default_bottlerocket",
            "data.aws_availability_zones.available",
            "data.aws_caller_identity.current",
            "module.ebs_kms_key.aws_kms_external_key.this",
            "module.ebs_kms_key.aws_kms_key.this",
            "module.ebs_kms_key.data.aws_caller_identity.current",
            "module.ebs_kms_key.data.aws_iam_policy_document.this",
            "module.ebs_kms_key.data.aws_partition.current",
            "module.eks.aws_iam_role.this",
            "module.eks.data.aws_iam_policy_document.assume_role_policy",
            "module.eks.module.eks_managed_node_group.aws_iam_role.this",
            "module.eks.module.eks_managed_node_group.data.aws_caller_identity.current",
            "module.eks.module.eks_managed_node_group.data.aws_iam_policy_document.assume_role_policy",
            "module.eks.module.eks_managed_node_group.data.aws_partition.current",
            "module.key_pair.aws_key_pair.this",
            "module.key_pair.tls_private_key.this",
            "module.vpc.aws_subnet.private",
            "module.vpc.aws_vpc.this",
            "module.vpc.aws_vpc_ipv4_cidr_block_association.this"
          ],
          "create_before_destroy": true
        },
        {
          "index_key": "arn:aws:iam::aws:policy/AmazonEKSWorkerNodePolicy",
          "schema_version": 0,
          "attributes": {
            "id": "bottlerocket_custom-eks-node-group-20230120233951153700000014-20230120233954728300000020",
            "policy_arn": "arn:aws:iam::aws:policy/AmazonEKSWorkerNodePolicy",
            "role": "bottlerocket_custom-eks-node-group-20230120233951153700000014"
          },
          "sensitive_attributes": [],
          "private": "bnVsbA==",
          "dependencies": [
            "aws_iam_policy.node_additional",
            "aws_security_group.remote_access",
            "data.aws_ami.eks_default",
            "data.aws_ami.eks_default_arm",
            "data.aws_ami.eks_default_bottlerocket",
            "data.aws_availability_zones.available",
            "data.aws_caller_identity.current",
            "module.ebs_kms_key.aws_kms_external_key.this",
            "module.ebs_kms_key.aws_kms_key.this",
            "module.ebs_kms_key.data.aws_caller_identity.current",
            "module.ebs_kms_key.data.aws_iam_policy_document.this",
            "module.ebs_kms_key.data.aws_partition.current",
            "module.eks.aws_iam_role.this",
            "module.eks.data.aws_iam_policy_document.assume_role_policy",
            "module.eks.module.eks_managed_node_group.aws_iam_role.this",
            "module.eks.module.eks_managed_node_group.data.aws_caller_identity.current",
            "module.eks.module.eks_managed_node_group.data.aws_iam_policy_document.assume_role_policy",
            "module.eks.module.eks_managed_node_group.data.aws_partition.current",
            "module.key_pair.aws_key_pair.this",
            "module.key_pair.tls_private_key.this",
            "module.vpc.aws_subnet.private",
            "module.vpc.aws_vpc.this",
            "module.vpc.aws_vpc_ipv4_cidr_block_association.this"
          ],
          "create_before_destroy": true
        },
        {
          "index_key": "arn:aws:iam::aws:policy/AmazonEKS_CNI_Policy",
          "schema_version": 0,
          "attributes": {
            "id": "bottlerocket_custom-eks-node-group-20230120233951153700000014-2023012023395470550000001f",
            "policy_arn": "arn:aws:iam::aws:policy/AmazonEKS_CNI_Policy",
            "role": "bottlerocket_custom-eks-node-group-20230120233951153700000014"
          },
          "sensitive_attributes": [],
          "private": "bnVsbA==",
          "dependencies": [
            "aws_iam_policy.node_additional",
            "aws_security_group.remote_access",
            "data.aws_ami.eks_default",
            "data.aws_ami.eks_default_arm",
            "data.aws_ami.eks_default_bottlerocket",
            "data.aws_availability_zones.available",
            "data.aws_caller_identity.current",
            "module.ebs_kms_key.aws_kms_external_key.this",
            "module.ebs_kms_key.aws_kms_key.this",
            "module.ebs_kms_key.data.aws_caller_identity.current",
            "module.ebs_kms_key.data.aws_iam_policy_document.this",
            "module.ebs_kms_key.data.aws_partition.current",
            "module.eks.aws_iam_role.this",
            "module.eks.data.aws_iam_policy_document.assume_role_policy",
            "module.eks.module.eks_managed_node_group.aws_iam_role.this",
            "module.eks.module.eks_managed_node_group.data.aws_caller_identity.current",
            "module.eks.module.eks_managed_node_group.data.aws_iam_policy_document.assume_role_policy",
            "module.eks.module.eks_managed_node_group.data.aws_partition.current",
            "module.key_pair.aws_key_pair.this",
            "module.key_pair.tls_private_key.this",
            "module.vpc.aws_subnet.private",
            "module.vpc.aws_vpc.this",
            "module.vpc.aws_vpc_ipv4_cidr_block_association.this"
          ],
          "create_before_destroy": true
        }
      ]
    },
    {
      "module": "module.eks.module.eks_managed_node_group[\"bottlerocket_custom\"]",
      "mode": "managed",
      "type": "aws_launch_template",
      "name": "this",
      "provider": "provider[\"registry.terraform.io/hashicorp/aws\"]",
      "instances": [
        {
          "index_key": 0,
          "schema_version": 0,
          "attributes": {
            "arn": "arn:aws:ec2:eu-west-1:832611670348:launch-template/lt-095b9400b2a0121d4",
            "block_device_mappings": [],
            "capacity_reservation_specification": [],
            "cpu_options": [],
            "credit_specification": [],
            "default_version": 1,
            "description": "Custom launch template for bottlerocket_custom EKS managed node group",
            "disable_api_stop": false,
            "disable_api_termination": false,
            "ebs_optimized": "",
            "elastic_gpu_specifications": [],
            "elastic_inference_accelerator": [],
            "enclave_options": [],
            "hibernation_options": [],
            "iam_instance_profile": [],
            "id": "lt-095b9400b2a0121d4",
            "image_id": "ami-04c3c0624aad46804",
            "instance_initiated_shutdown_behavior": "",
            "instance_market_options": [],
            "instance_requirements": [],
            "instance_type": "",
            "kernel_id": "",
            "key_name": "",
            "latest_version": 1,
            "license_specification": [],
            "maintenance_options": [],
            "metadata_options": [
              {
                "http_endpoint": "enabled",
                "http_protocol_ipv6": "disabled",
                "http_put_response_hop_limit": 2,
                "http_tokens": "required",
                "instance_metadata_tags": "disabled"
              }
            ],
            "monitoring": [
              {
                "enabled": true
              }
            ],
            "name": "bottlerocket_custom-20230120234908276900000034",
            "name_prefix": "bottlerocket_custom-",
            "network_interfaces": [],
            "placement": [],
            "private_dns_name_options": [],
            "ram_disk_id": "",
            "security_group_names": null,
            "tag_specifications": [
              {
                "resource_type": "instance",
                "tags": {
                  "Example": "ex-fluxcd",
                  "GithubOrg": "terraform-aws-modules",
                  "GithubRepo": "terraform-aws-eks",
                  "Name": "bottlerocket_custom"
                }
              },
              {
                "resource_type": "network-interface",
                "tags": {
                  "Example": "ex-fluxcd",
                  "GithubOrg": "terraform-aws-modules",
                  "GithubRepo": "terraform-aws-eks",
                  "Name": "bottlerocket_custom"
                }
              },
              {
                "resource_type": "volume",
                "tags": {
                  "Example": "ex-fluxcd",
                  "GithubOrg": "terraform-aws-modules",
                  "GithubRepo": "terraform-aws-eks",
                  "Name": "bottlerocket_custom"
                }
              }
            ],
            "tags": {
              "Example": "ex-fluxcd",
              "GithubOrg": "terraform-aws-modules",
              "GithubRepo": "terraform-aws-eks"
            },
            "tags_all": {
              "Example": "ex-fluxcd",
              "GithubOrg": "terraform-aws-modules",
              "GithubRepo": "terraform-aws-eks"
            },
            "update_default_version": true,
            "user_data": "W3NldHRpbmdzLmt1YmVybmV0ZXNdCiJjbHVzdGVyLW5hbWUiID0gImV4LWZsdXhjZCIKImFwaS1zZXJ2ZXIiID0gImh0dHBzOi8vMzBCMEJBMkZBRTQ4RTBCRjA5Q0JFQ0Q3QUI4MTkyNzYueWw0LmV1LXdlc3QtMS5la3MuYW1hem9uYXdzLmNvbSIKImNsdXN0ZXItY2VydGlmaWNhdGUiID0gIkxTMHRMUzFDUlVkSlRpQkRSVkpVU1VaSlEwRlVSUzB0TFMwdENrMUpTVU12YWtORFFXVmhaMEYzU1VKQlowbENRVVJCVGtKbmEzRm9hMmxIT1hjd1FrRlJjMFpCUkVGV1RWSk5kMFZSV1VSV1VWRkVSWGR3Y21SWFNtd0tZMjAxYkdSSFZucE5RalJZUkZSSmVrMUVSWGxOUkVsNlRrUlJNVTVHYjFoRVZFMTZUVVJGZUU1NlNYcE9SRkV4VGtadmQwWlVSVlJOUWtWSFFURlZSUXBCZUUxTFlUTldhVnBZU25WYVdGSnNZM3BEUTBGVFNYZEVVVmxLUzI5YVNXaDJZMDVCVVVWQ1FsRkJSR2RuUlZCQlJFTkRRVkZ2UTJkblJVSkJUakpFQ25oNGFuQklUV3hQZVVweU9IcEZhVlZ3UlVGUlZFVnlSREl2Y21WNE5IRmxURzEwYkRkWmVUUlFZek5XT1Zwd2NuVXhkMk5MYnpOa01sUlZibEF2YUU4S0t6Uk1hMnAxZG5Gb2VGQjRZVlJXVUZCbWNUZGhOSGxQVkRSRVprOWhlVVJxU1VWUVVtWTVaRGczWjNkeVZtTmFjMVpRU21GeU1VbGhWMFJTSzNNNWJRcHVNV3BOVldWclNqaEdja3RXWXlzME1YZDNjVzE0ZDBOSlIyaEdXWEY0U25GNlYyZE5jbVZ0Yms4M1ZsQm1aa0ppZDJ4NmJrcFFVWGgwU1ZCbFp6ZE9DalZVZFhadGRUTXdabVpGWTFaUU9FTTFLMnBNYUhkTU4wWmtWVmxxTlN0aWJrTnhOMFJhYW5kUGRYZE5OVWcyZUd4c1VFOTRTazkwTHpoRWFtNDBSVXNLWWxKWldqVndXV2RYTmxFMlExUkxiWGx1YTJOSWRXaGpjek5NU0dKWU1GTmlTVUY1UmtsaVlqZFhWbk55WkZoWmVVTmliRGROTDBWWE9WTlNURXhaVlFwdGJWaEJSQzlCWWpack1GSjFVVFpFTkhsalEwRjNSVUZCWVU1YVRVWmpkMFJuV1VSV1VqQlFRVkZJTDBKQlVVUkJaMHRyVFVFNFIwRXhWV1JGZDBWQ0NpOTNVVVpOUVUxQ1FXWTRkMGhSV1VSV1VqQlBRa0paUlVaTldUUkZTVWRaVUVJeWEyRk5la3BtYm5RNFFWcEhhbU5ZWXl0TlFsVkhRVEZWWkVWUlVVOEtUVUY1UTBOdGRERlpiVlo1WW0xV01GcFlUWGRFVVZsS1MyOWFTV2gyWTA1QlVVVk1RbEZCUkdkblJVSkJRVlJ1WTNKMGVqWmxabVZsWWxwVVVrWTRaUXBWTlhGaVZsWXJXbVZJT0RFdlJHZ3ljSEp5YUhaSFRWTm9SekJsWnl0b1NFbE9TRGhpZDBrNGVHRkljV0ZaWldneGVrNTVVRU5sVjFWd1JWWkNjRlo1Q2pkWU5uQTNjSFF6ZVd0MGQwb3lkekF3ZG5ONGFTdHFTVGRFTm10Mk1USlVVV3RGYXpGYWVETXlkemRxTWtVNGVVVkhTalp1ZG1GbVExTm1kbnBSUldFS1JrdHZla0ZGU0ZRelRrRjJkMUJSVGpWU1lWQkZlV2hNTW01aFN6VkJNMk0wSzIxTWVsQmxRMWRrUmxoVGRIRnJPVVpYVFhoRldtbEphVE5zWm5sVk1nbzFja1ZWT1c0MGIySlZNVVkzZWpSTFpVWnRSR2xUZEhBNWNWUmtlVzAwT0d4Rk1HNDJRVkpHU21vd1NpOVNWMEpQU21wWlVVWnBPR3hYYVV0M1ZrRXpDbXhpU0N0cWVsTlVWRUpIWjFCUFJWbGpXV0Z1TWxWUmNEaFNaRVJFZDFJd2VTOXVZaXRLVGxsNFFYZDJNMDFOY1RoUldEZzRNVzF6V2xsV2RFd3lUWE1LYW5wdlBRb3RMUzB0TFVWT1JDQkRSVkpVU1VaSlEwRlVSUzB0TFMwdENnPT0iCiMgVGhlIGFkbWluIGhvc3QgY29udGFpbmVyIHByb3ZpZGVzIFNTSCBhY2Nlc3MgYW5kIHJ1bnMgd2l0aCAic3VwZXJwb3dlcnMiLgojIEl0IGlzIGRpc2FibGVkIGJ5IGRlZmF1bHQsIGJ1dCBjYW4gYmUgZGlzYWJsZWQgZXhwbGljaXRseS4KW3NldHRpbmdzLmhvc3QtY29udGFpbmVycy5hZG1pbl0KZW5hYmxlZCA9IGZhbHNlCiMgVGhlIGNvbnRyb2wgaG9zdCBjb250YWluZXIgcHJvdmlkZXMgb3V0LW9mLWJhbmQgYWNjZXNzIHZpYSBTU00uCiMgSXQgaXMgZW5hYmxlZCBieSBkZWZhdWx0LCBhbmQgY2FuIGJlIGRpc2FibGVkIGlmIHlvdSBkbyBub3QgZXhwZWN0IHRvIHVzZSBTU00uCiMgVGhpcyBjb3VsZCBsZWF2ZSB5b3Ugd2l0aCBubyB3YXkgdG8gYWNjZXNzIHRoZSBBUEkgYW5kIGNoYW5nZSBzZXR0aW5ncyBvbiBhbiBleGlzdGluZyBub2RlIQpbc2V0dGluZ3MuaG9zdC1jb250YWluZXJzLmNvbnRyb2xdCmVuYWJsZWQgPSB0cnVlCiMgZXh0cmEgYXJncyBhZGRlZApbc2V0dGluZ3Mua2VybmVsXQpsb2NrZG93biA9ICJpbnRlZ3JpdHkiCltzZXR0aW5ncy5rdWJlcm5ldGVzLm5vZGUtbGFiZWxzXQpsYWJlbDEgPSAiZm9vIgpsYWJlbDIgPSAiYmFyIgpbc2V0dGluZ3Mua3ViZXJuZXRlcy5ub2RlLXRhaW50c10KZGVkaWNhdGVkID0gImV4cGVyaW1lbnRhbDpQcmVmZXJOb1NjaGVkdWxlIgpzcGVjaWFsID0gInRydWU6Tm9TY2hlZHVsZSIK",
            "vpc_security_group_ids": [
              "sg-09c39117a03f36d64"
            ]
          },
          "sensitive_attributes": [],
          "private": "bnVsbA==",
          "dependencies": [
            "aws_iam_policy.node_additional",
            "aws_security_group.remote_access",
            "data.aws_ami.eks_default",
            "data.aws_ami.eks_default_arm",
            "data.aws_ami.eks_default_bottlerocket",
            "data.aws_availability_zones.available",
            "data.aws_caller_identity.current",
            "module.ebs_kms_key.aws_kms_external_key.this",
            "module.ebs_kms_key.aws_kms_key.this",
            "module.ebs_kms_key.data.aws_caller_identity.current",
            "module.ebs_kms_key.data.aws_iam_policy_document.this",
            "module.ebs_kms_key.data.aws_partition.current",
            "module.eks.aws_cloudwatch_log_group.this",
            "module.eks.aws_eks_cluster.this",
            "module.eks.aws_iam_role.this",
            "module.eks.aws_iam_role_policy_attachment.this",
            "module.eks.aws_security_group.cluster",
            "module.eks.aws_security_group.node",
            "module.eks.aws_security_group_rule.cluster",
            "module.eks.aws_security_group_rule.node",
            "module.eks.data.aws_iam_policy_document.assume_role_policy",
            "module.eks.data.aws_iam_session_context.current",
            "module.eks.data.aws_partition.current",
            "module.eks.module.eks_managed_node_group.aws_iam_role.this",
            "module.eks.module.eks_managed_node_group.aws_iam_role_policy_attachment.this",
            "module.eks.module.eks_managed_node_group.data.aws_caller_identity.current",
            "module.eks.module.eks_managed_node_group.data.aws_iam_policy_document.assume_role_policy",
            "module.eks.module.eks_managed_node_group.data.aws_partition.current",
            "module.eks.module.eks_managed_node_group.module.user_data.data.cloudinit_config.linux_eks_managed_node_group",
            "module.eks.module.kms.aws_kms_external_key.this",
            "module.eks.module.kms.aws_kms_key.this",
            "module.eks.module.kms.data.aws_caller_identity.current",
            "module.eks.module.kms.data.aws_iam_policy_document.this",
            "module.eks.module.kms.data.aws_partition.current",
            "module.key_pair.aws_key_pair.this",
            "module.key_pair.tls_private_key.this",
            "module.vpc.aws_subnet.intra",
            "module.vpc.aws_subnet.private",
            "module.vpc.aws_vpc.this",
            "module.vpc.aws_vpc_ipv4_cidr_block_association.this"
          ],
          "create_before_destroy": true
        }
      ]
    },
    {
      "module": "module.eks.module.eks_managed_node_group[\"bottlerocket_default\"]",
      "mode": "data",
      "type": "aws_caller_identity",
      "name": "current",
      "provider": "provider[\"registry.terraform.io/hashicorp/aws\"]",
      "instances": [
        {
          "schema_version": 0,
          "attributes": {
            "account_id": "832611670348",
            "arn": "arn:aws:iam::832611670348:user/masterclass",
            "id": "832611670348",
            "user_id": "AIDA4DW4F3FGBVAS6I4WT"
          },
          "sensitive_attributes": []
        }
      ]
    },
    {
      "module": "module.eks.module.eks_managed_node_group[\"bottlerocket_default\"]",
      "mode": "data",
      "type": "aws_iam_policy_document",
      "name": "assume_role_policy",
      "provider": "provider[\"registry.terraform.io/hashicorp/aws\"]",
      "instances": [
        {
          "index_key": 0,
          "schema_version": 0,
          "attributes": {
            "id": "2560088296",
            "json": "{\n  \"Version\": \"2012-10-17\",\n  \"Statement\": [\n    {\n      \"Sid\": \"EKSNodeAssumeRole\",\n      \"Effect\": \"Allow\",\n      \"Action\": \"sts:AssumeRole\",\n      \"Principal\": {\n        \"Service\": \"ec2.amazonaws.com\"\n      }\n    }\n  ]\n}",
            "override_json": null,
            "override_policy_documents": null,
            "policy_id": null,
            "source_json": null,
            "source_policy_documents": null,
            "statement": [
              {
                "actions": [
                  "sts:AssumeRole"
                ],
                "condition": [],
                "effect": "Allow",
                "not_actions": [],
                "not_principals": [],
                "not_resources": [],
                "principals": [
                  {
                    "identifiers": [
                      "ec2.amazonaws.com"
                    ],
                    "type": "Service"
                  }
                ],
                "resources": [],
                "sid": "EKSNodeAssumeRole"
              }
            ],
            "version": "2012-10-17"
          },
          "sensitive_attributes": []
        }
      ]
    },
    {
      "module": "module.eks.module.eks_managed_node_group[\"bottlerocket_default\"]",
      "mode": "data",
      "type": "aws_partition",
      "name": "current",
      "provider": "provider[\"registry.terraform.io/hashicorp/aws\"]",
      "instances": [
        {
          "schema_version": 0,
          "attributes": {
            "dns_suffix": "amazonaws.com",
            "id": "aws",
            "partition": "aws",
            "reverse_dns_prefix": "com.amazonaws"
          },
          "sensitive_attributes": []
        }
      ]
    },
    {
      "module": "module.eks.module.eks_managed_node_group[\"bottlerocket_default\"]",
      "mode": "managed",
      "type": "aws_eks_node_group",
      "name": "this",
      "provider": "provider[\"registry.terraform.io/hashicorp/aws\"]",
      "instances": [
        {
          "index_key": 0,
          "schema_version": 0,
          "attributes": {
            "ami_type": "BOTTLEROCKET_x86_64",
            "arn": "arn:aws:eks:eu-west-1:832611670348:nodegroup/ex-fluxcd/bottlerocket_default-2023012023490903010000003a/fec2e8cb-04b5-2371-a513-1a55a69c0352",
            "capacity_type": "ON_DEMAND",
            "cluster_name": "ex-fluxcd",
            "disk_size": 20,
            "force_update_version": null,
            "id": "ex-fluxcd:bottlerocket_default-2023012023490903010000003a",
            "instance_types": [
              "m6i.large",
              "m5.large",
              "m5n.large",
              "m5zn.large"
            ],
            "labels": null,
            "launch_template": [],
            "node_group_name": "bottlerocket_default-2023012023490903010000003a",
            "node_group_name_prefix": "bottlerocket_default-",
            "node_role_arn": "arn:aws:iam::832611670348:role/bottlerocket_default-eks-node-group-20230120233951153700000013",
            "release_version": "1.11.1-104f8e0f",
            "remote_access": [],
            "resources": [
              {
                "autoscaling_groups": [
                  {
                    "name": "eks-bottlerocket_default-2023012023490903010000003a-fec2e8cb-04b5-2371-a513-1a55a69c0352"
                  }
                ],
                "remote_access_security_group_id": ""
              }
            ],
            "scaling_config": [
              {
                "desired_size": 1,
                "max_size": 3,
                "min_size": 1
              }
            ],
            "status": "ACTIVE",
            "subnet_ids": [
              "subnet-0369e7a678a97fe7d",
              "subnet-05a8df5705c949ec7",
              "subnet-09194fbe54de96b47"
            ],
            "tags": {
              "Example": "ex-fluxcd",
              "GithubOrg": "terraform-aws-modules",
              "GithubRepo": "terraform-aws-eks",
              "Name": "bottlerocket_default"
            },
            "tags_all": {
              "Example": "ex-fluxcd",
              "GithubOrg": "terraform-aws-modules",
              "GithubRepo": "terraform-aws-eks",
              "Name": "bottlerocket_default"
            },
            "taint": [],
            "timeouts": {
              "create": null,
              "delete": null,
              "update": null
            },
            "update_config": [
              {
                "max_unavailable": 0,
                "max_unavailable_percentage": 33
              }
            ],
            "version": "1.24"
          },
          "sensitive_attributes": [],
          "private": "eyJlMmJmYjczMC1lY2FhLTExZTYtOGY4OC0zNDM2M2JjN2M0YzAiOnsiY3JlYXRlIjozNjAwMDAwMDAwMDAwLCJkZWxldGUiOjM2MDAwMDAwMDAwMDAsInVwZGF0ZSI6MzYwMDAwMDAwMDAwMH19",
          "dependencies": [
            "aws_iam_policy.node_additional",
            "aws_security_group.remote_access",
            "data.aws_ami.eks_default",
            "data.aws_ami.eks_default_arm",
            "data.aws_ami.eks_default_bottlerocket",
            "data.aws_availability_zones.available",
            "data.aws_caller_identity.current",
            "module.ebs_kms_key.aws_kms_external_key.this",
            "module.ebs_kms_key.aws_kms_key.this",
            "module.ebs_kms_key.data.aws_caller_identity.current",
            "module.ebs_kms_key.data.aws_iam_policy_document.this",
            "module.ebs_kms_key.data.aws_partition.current",
            "module.eks.aws_cloudwatch_log_group.this",
            "module.eks.aws_eks_cluster.this",
            "module.eks.aws_iam_role.this",
            "module.eks.aws_iam_role_policy_attachment.this",
            "module.eks.aws_security_group.cluster",
            "module.eks.aws_security_group.node",
            "module.eks.aws_security_group_rule.cluster",
            "module.eks.aws_security_group_rule.node",
            "module.eks.data.aws_iam_policy_document.assume_role_policy",
            "module.eks.data.aws_iam_session_context.current",
            "module.eks.data.aws_partition.current",
            "module.eks.module.eks_managed_node_group.aws_iam_role.this",
            "module.eks.module.eks_managed_node_group.aws_iam_role_policy_attachment.this",
            "module.eks.module.eks_managed_node_group.aws_launch_template.this",
            "module.eks.module.eks_managed_node_group.data.aws_caller_identity.current",
            "module.eks.module.eks_managed_node_group.data.aws_iam_policy_document.assume_role_policy",
            "module.eks.module.eks_managed_node_group.data.aws_partition.current",
            "module.eks.module.eks_managed_node_group.module.user_data.data.cloudinit_config.linux_eks_managed_node_group",
            "module.eks.module.kms.aws_kms_external_key.this",
            "module.eks.module.kms.aws_kms_key.this",
            "module.eks.module.kms.data.aws_caller_identity.current",
            "module.eks.module.kms.data.aws_iam_policy_document.this",
            "module.eks.module.kms.data.aws_partition.current",
            "module.key_pair.aws_key_pair.this",
            "module.key_pair.tls_private_key.this",
            "module.vpc.aws_subnet.intra",
            "module.vpc.aws_subnet.private",
            "module.vpc.aws_vpc.this",
            "module.vpc.aws_vpc_ipv4_cidr_block_association.this"
          ],
          "create_before_destroy": true
        }
      ]
    },
    {
      "module": "module.eks.module.eks_managed_node_group[\"bottlerocket_default\"]",
      "mode": "managed",
      "type": "aws_iam_role",
      "name": "this",
      "provider": "provider[\"registry.terraform.io/hashicorp/aws\"]",
      "instances": [
        {
          "index_key": 0,
          "schema_version": 0,
          "attributes": {
            "arn": "arn:aws:iam::832611670348:role/bottlerocket_default-eks-node-group-20230120233951153700000013",
            "assume_role_policy": "{\"Statement\":[{\"Action\":\"sts:AssumeRole\",\"Effect\":\"Allow\",\"Principal\":{\"Service\":\"ec2.amazonaws.com\"},\"Sid\":\"EKSNodeAssumeRole\"}],\"Version\":\"2012-10-17\"}",
            "create_date": "2023-01-20T23:39:51Z",
            "description": "EKS managed node group IAM role",
            "force_detach_policies": true,
            "id": "bottlerocket_default-eks-node-group-20230120233951153700000013",
            "inline_policy": [],
            "managed_policy_arns": [],
            "max_session_duration": 3600,
            "name": "bottlerocket_default-eks-node-group-20230120233951153700000013",
            "name_prefix": "bottlerocket_default-eks-node-group-",
            "path": "/",
            "permissions_boundary": null,
            "tags": {
              "Example": "ex-fluxcd",
              "GithubOrg": "terraform-aws-modules",
              "GithubRepo": "terraform-aws-eks"
            },
            "tags_all": {
              "Example": "ex-fluxcd",
              "GithubOrg": "terraform-aws-modules",
              "GithubRepo": "terraform-aws-eks"
            },
            "unique_id": "AROA4DW4F3FGCA6D4W6UH"
          },
          "sensitive_attributes": [],
          "private": "bnVsbA==",
          "dependencies": [
            "aws_iam_policy.node_additional",
            "aws_security_group.remote_access",
            "data.aws_ami.eks_default",
            "data.aws_ami.eks_default_arm",
            "data.aws_ami.eks_default_bottlerocket",
            "data.aws_availability_zones.available",
            "data.aws_caller_identity.current",
            "module.ebs_kms_key.aws_kms_external_key.this",
            "module.ebs_kms_key.aws_kms_key.this",
            "module.ebs_kms_key.data.aws_caller_identity.current",
            "module.ebs_kms_key.data.aws_iam_policy_document.this",
            "module.ebs_kms_key.data.aws_partition.current",
            "module.eks.aws_iam_role.this",
            "module.eks.data.aws_iam_policy_document.assume_role_policy",
            "module.eks.module.eks_managed_node_group.data.aws_iam_policy_document.assume_role_policy",
            "module.key_pair.aws_key_pair.this",
            "module.key_pair.tls_private_key.this",
            "module.vpc.aws_subnet.private",
            "module.vpc.aws_vpc.this",
            "module.vpc.aws_vpc_ipv4_cidr_block_association.this"
          ],
          "create_before_destroy": true
        }
      ]
    },
    {
      "module": "module.eks.module.eks_managed_node_group[\"bottlerocket_default\"]",
      "mode": "managed",
      "type": "aws_iam_role_policy_attachment",
      "name": "this",
      "provider": "provider[\"registry.terraform.io/hashicorp/aws\"]",
      "instances": [
        {
          "index_key": "arn:aws:iam::aws:policy/AmazonEC2ContainerRegistryReadOnly",
          "schema_version": 0,
          "attributes": {
            "id": "bottlerocket_default-eks-node-group-20230120233951153700000013-2023012023395547610000002a",
            "policy_arn": "arn:aws:iam::aws:policy/AmazonEC2ContainerRegistryReadOnly",
            "role": "bottlerocket_default-eks-node-group-20230120233951153700000013"
          },
          "sensitive_attributes": [],
          "private": "bnVsbA==",
          "dependencies": [
            "aws_iam_policy.node_additional",
            "aws_security_group.remote_access",
            "data.aws_ami.eks_default",
            "data.aws_ami.eks_default_arm",
            "data.aws_ami.eks_default_bottlerocket",
            "data.aws_availability_zones.available",
            "data.aws_caller_identity.current",
            "module.ebs_kms_key.aws_kms_external_key.this",
            "module.ebs_kms_key.aws_kms_key.this",
            "module.ebs_kms_key.data.aws_caller_identity.current",
            "module.ebs_kms_key.data.aws_iam_policy_document.this",
            "module.ebs_kms_key.data.aws_partition.current",
            "module.eks.aws_iam_role.this",
            "module.eks.data.aws_iam_policy_document.assume_role_policy",
            "module.eks.module.eks_managed_node_group.aws_iam_role.this",
            "module.eks.module.eks_managed_node_group.data.aws_caller_identity.current",
            "module.eks.module.eks_managed_node_group.data.aws_iam_policy_document.assume_role_policy",
            "module.eks.module.eks_managed_node_group.data.aws_partition.current",
            "module.key_pair.aws_key_pair.this",
            "module.key_pair.tls_private_key.this",
            "module.vpc.aws_subnet.private",
            "module.vpc.aws_vpc.this",
            "module.vpc.aws_vpc_ipv4_cidr_block_association.this"
          ]
        },
        {
          "index_key": "arn:aws:iam::aws:policy/AmazonEKSWorkerNodePolicy",
          "schema_version": 0,
          "attributes": {
            "id": "bottlerocket_default-eks-node-group-20230120233951153700000013-2023012023395571670000002b",
            "policy_arn": "arn:aws:iam::aws:policy/AmazonEKSWorkerNodePolicy",
            "role": "bottlerocket_default-eks-node-group-20230120233951153700000013"
          },
          "sensitive_attributes": [],
          "private": "bnVsbA==",
          "dependencies": [
            "aws_iam_policy.node_additional",
            "aws_security_group.remote_access",
            "data.aws_ami.eks_default",
            "data.aws_ami.eks_default_arm",
            "data.aws_ami.eks_default_bottlerocket",
            "data.aws_availability_zones.available",
            "data.aws_caller_identity.current",
            "module.ebs_kms_key.aws_kms_external_key.this",
            "module.ebs_kms_key.aws_kms_key.this",
            "module.ebs_kms_key.data.aws_caller_identity.current",
            "module.ebs_kms_key.data.aws_iam_policy_document.this",
            "module.ebs_kms_key.data.aws_partition.current",
            "module.eks.aws_iam_role.this",
            "module.eks.data.aws_iam_policy_document.assume_role_policy",
            "module.eks.module.eks_managed_node_group.aws_iam_role.this",
            "module.eks.module.eks_managed_node_group.data.aws_caller_identity.current",
            "module.eks.module.eks_managed_node_group.data.aws_iam_policy_document.assume_role_policy",
            "module.eks.module.eks_managed_node_group.data.aws_partition.current",
            "module.key_pair.aws_key_pair.this",
            "module.key_pair.tls_private_key.this",
            "module.vpc.aws_subnet.private",
            "module.vpc.aws_vpc.this",
            "module.vpc.aws_vpc_ipv4_cidr_block_association.this"
          ]
        },
        {
          "index_key": "arn:aws:iam::aws:policy/AmazonEKS_CNI_Policy",
          "schema_version": 0,
          "attributes": {
            "id": "bottlerocket_default-eks-node-group-20230120233951153700000013-2023012023395584420000002c",
            "policy_arn": "arn:aws:iam::aws:policy/AmazonEKS_CNI_Policy",
            "role": "bottlerocket_default-eks-node-group-20230120233951153700000013"
          },
          "sensitive_attributes": [],
          "private": "bnVsbA==",
          "dependencies": [
            "aws_iam_policy.node_additional",
            "aws_security_group.remote_access",
            "data.aws_ami.eks_default",
            "data.aws_ami.eks_default_arm",
            "data.aws_ami.eks_default_bottlerocket",
            "data.aws_availability_zones.available",
            "data.aws_caller_identity.current",
            "module.ebs_kms_key.aws_kms_external_key.this",
            "module.ebs_kms_key.aws_kms_key.this",
            "module.ebs_kms_key.data.aws_caller_identity.current",
            "module.ebs_kms_key.data.aws_iam_policy_document.this",
            "module.ebs_kms_key.data.aws_partition.current",
            "module.eks.aws_iam_role.this",
            "module.eks.data.aws_iam_policy_document.assume_role_policy",
            "module.eks.module.eks_managed_node_group.aws_iam_role.this",
            "module.eks.module.eks_managed_node_group.data.aws_caller_identity.current",
            "module.eks.module.eks_managed_node_group.data.aws_iam_policy_document.assume_role_policy",
            "module.eks.module.eks_managed_node_group.data.aws_partition.current",
            "module.key_pair.aws_key_pair.this",
            "module.key_pair.tls_private_key.this",
            "module.vpc.aws_subnet.private",
            "module.vpc.aws_vpc.this",
            "module.vpc.aws_vpc_ipv4_cidr_block_association.this"
          ]
        }
      ]
    },
    {
      "module": "module.eks.module.eks_managed_node_group[\"complete\"]",
      "mode": "data",
      "type": "aws_caller_identity",
      "name": "current",
      "provider": "provider[\"registry.terraform.io/hashicorp/aws\"]",
      "instances": [
        {
          "schema_version": 0,
          "attributes": {
            "account_id": "832611670348",
            "arn": "arn:aws:iam::832611670348:user/masterclass",
            "id": "832611670348",
            "user_id": "AIDA4DW4F3FGBVAS6I4WT"
          },
          "sensitive_attributes": []
        }
      ]
    },
    {
      "module": "module.eks.module.eks_managed_node_group[\"complete\"]",
      "mode": "data",
      "type": "aws_iam_policy_document",
      "name": "assume_role_policy",
      "provider": "provider[\"registry.terraform.io/hashicorp/aws\"]",
      "instances": [
        {
          "index_key": 0,
          "schema_version": 0,
          "attributes": {
            "id": "2560088296",
            "json": "{\n  \"Version\": \"2012-10-17\",\n  \"Statement\": [\n    {\n      \"Sid\": \"EKSNodeAssumeRole\",\n      \"Effect\": \"Allow\",\n      \"Action\": \"sts:AssumeRole\",\n      \"Principal\": {\n        \"Service\": \"ec2.amazonaws.com\"\n      }\n    }\n  ]\n}",
            "override_json": null,
            "override_policy_documents": null,
            "policy_id": null,
            "source_json": null,
            "source_policy_documents": null,
            "statement": [
              {
                "actions": [
                  "sts:AssumeRole"
                ],
                "condition": [],
                "effect": "Allow",
                "not_actions": [],
                "not_principals": [],
                "not_resources": [],
                "principals": [
                  {
                    "identifiers": [
                      "ec2.amazonaws.com"
                    ],
                    "type": "Service"
                  }
                ],
                "resources": [],
                "sid": "EKSNodeAssumeRole"
              }
            ],
            "version": "2012-10-17"
          },
          "sensitive_attributes": []
        }
      ]
    },
    {
      "module": "module.eks.module.eks_managed_node_group[\"complete\"]",
      "mode": "data",
      "type": "aws_partition",
      "name": "current",
      "provider": "provider[\"registry.terraform.io/hashicorp/aws\"]",
      "instances": [
        {
          "schema_version": 0,
          "attributes": {
            "dns_suffix": "amazonaws.com",
            "id": "aws",
            "partition": "aws",
            "reverse_dns_prefix": "com.amazonaws"
          },
          "sensitive_attributes": []
        }
      ]
    },
    {
      "module": "module.eks.module.eks_managed_node_group[\"complete\"]",
      "mode": "managed",
      "type": "aws_iam_role",
      "name": "this",
      "provider": "provider[\"registry.terraform.io/hashicorp/aws\"]",
      "instances": [
        {
          "index_key": 0,
          "schema_version": 0,
          "attributes": {
            "arn": "arn:aws:iam::832611670348:role/eks-managed-node-group-complete-example",
            "assume_role_policy": "{\"Statement\":[{\"Action\":\"sts:AssumeRole\",\"Effect\":\"Allow\",\"Principal\":{\"Service\":\"ec2.amazonaws.com\"},\"Sid\":\"EKSNodeAssumeRole\"}],\"Version\":\"2012-10-17\"}",
            "create_date": "2023-01-20T23:39:51Z",
            "description": "EKS managed node group complete example role",
            "force_detach_policies": true,
            "id": "eks-managed-node-group-complete-example",
            "inline_policy": [],
            "managed_policy_arns": [],
            "max_session_duration": 3600,
            "name": "eks-managed-node-group-complete-example",
            "name_prefix": "",
            "path": "/",
            "permissions_boundary": null,
            "tags": {
              "Example": "ex-fluxcd",
              "ExtraTag": "EKS managed node group complete example",
              "GithubOrg": "terraform-aws-modules",
              "GithubRepo": "terraform-aws-eks",
              "Purpose": "Protector of the kubelet"
            },
            "tags_all": {
              "Example": "ex-fluxcd",
              "ExtraTag": "EKS managed node group complete example",
              "GithubOrg": "terraform-aws-modules",
              "GithubRepo": "terraform-aws-eks",
              "Purpose": "Protector of the kubelet"
            },
            "unique_id": "AROA4DW4F3FGICRE5ZKON"
          },
          "sensitive_attributes": [],
          "private": "bnVsbA==",
          "dependencies": [
            "aws_iam_policy.node_additional",
            "aws_security_group.remote_access",
            "data.aws_ami.eks_default",
            "data.aws_ami.eks_default_arm",
            "data.aws_ami.eks_default_bottlerocket",
            "data.aws_availability_zones.available",
            "data.aws_caller_identity.current",
            "module.ebs_kms_key.aws_kms_external_key.this",
            "module.ebs_kms_key.aws_kms_key.this",
            "module.ebs_kms_key.data.aws_caller_identity.current",
            "module.ebs_kms_key.data.aws_iam_policy_document.this",
            "module.ebs_kms_key.data.aws_partition.current",
            "module.eks.aws_iam_role.this",
            "module.eks.data.aws_iam_policy_document.assume_role_policy",
            "module.eks.module.eks_managed_node_group.data.aws_iam_policy_document.assume_role_policy",
            "module.key_pair.aws_key_pair.this",
            "module.key_pair.tls_private_key.this",
            "module.vpc.aws_subnet.private",
            "module.vpc.aws_vpc.this",
            "module.vpc.aws_vpc_ipv4_cidr_block_association.this"
          ],
          "create_before_destroy": true
        }
      ]
    },
    {
      "module": "module.eks.module.eks_managed_node_group[\"complete\"]",
      "mode": "managed",
      "type": "aws_iam_role_policy_attachment",
      "name": "additional",
      "provider": "provider[\"registry.terraform.io/hashicorp/aws\"]",
      "instances": [
        {
          "index_key": "AmazonEC2ContainerRegistryReadOnly",
          "schema_version": 0,
          "attributes": {
            "id": "eks-managed-node-group-complete-example-20230120233955078000000023",
            "policy_arn": "arn:aws:iam::aws:policy/AmazonEC2ContainerRegistryReadOnly",
            "role": "eks-managed-node-group-complete-example"
          },
          "sensitive_attributes": [],
          "private": "bnVsbA==",
          "dependencies": [
            "aws_iam_policy.node_additional",
            "aws_security_group.remote_access",
            "data.aws_ami.eks_default",
            "data.aws_ami.eks_default_arm",
            "data.aws_ami.eks_default_bottlerocket",
            "data.aws_availability_zones.available",
            "data.aws_caller_identity.current",
            "module.ebs_kms_key.aws_kms_external_key.this",
            "module.ebs_kms_key.aws_kms_key.this",
            "module.ebs_kms_key.data.aws_caller_identity.current",
            "module.ebs_kms_key.data.aws_iam_policy_document.this",
            "module.ebs_kms_key.data.aws_partition.current",
            "module.eks.aws_iam_role.this",
            "module.eks.data.aws_iam_policy_document.assume_role_policy",
            "module.eks.module.eks_managed_node_group.aws_iam_role.this",
            "module.eks.module.eks_managed_node_group.data.aws_iam_policy_document.assume_role_policy",
            "module.key_pair.aws_key_pair.this",
            "module.key_pair.tls_private_key.this",
            "module.vpc.aws_subnet.private",
            "module.vpc.aws_vpc.this",
            "module.vpc.aws_vpc_ipv4_cidr_block_association.this"
          ]
        },
        {
          "index_key": "additional",
          "schema_version": 0,
          "attributes": {
            "id": "eks-managed-node-group-complete-example-20230120233955069000000022",
            "policy_arn": "arn:aws:iam::832611670348:policy/ex-fluxcd-additional",
            "role": "eks-managed-node-group-complete-example"
          },
          "sensitive_attributes": [],
          "private": "bnVsbA==",
          "dependencies": [
            "aws_iam_policy.node_additional",
            "aws_security_group.remote_access",
            "data.aws_ami.eks_default",
            "data.aws_ami.eks_default_arm",
            "data.aws_ami.eks_default_bottlerocket",
            "data.aws_availability_zones.available",
            "data.aws_caller_identity.current",
            "module.ebs_kms_key.aws_kms_external_key.this",
            "module.ebs_kms_key.aws_kms_key.this",
            "module.ebs_kms_key.data.aws_caller_identity.current",
            "module.ebs_kms_key.data.aws_iam_policy_document.this",
            "module.ebs_kms_key.data.aws_partition.current",
            "module.eks.aws_iam_role.this",
            "module.eks.data.aws_iam_policy_document.assume_role_policy",
            "module.eks.module.eks_managed_node_group.aws_iam_role.this",
            "module.eks.module.eks_managed_node_group.data.aws_iam_policy_document.assume_role_policy",
            "module.key_pair.aws_key_pair.this",
            "module.key_pair.tls_private_key.this",
            "module.vpc.aws_subnet.private",
            "module.vpc.aws_vpc.this",
            "module.vpc.aws_vpc_ipv4_cidr_block_association.this"
          ]
        }
      ]
    },
    {
      "module": "module.eks.module.eks_managed_node_group[\"complete\"]",
      "mode": "managed",
      "type": "aws_iam_role_policy_attachment",
      "name": "this",
      "provider": "provider[\"registry.terraform.io/hashicorp/aws\"]",
      "instances": [
        {
          "index_key": "arn:aws:iam::aws:policy/AmazonEC2ContainerRegistryReadOnly",
          "schema_version": 0,
          "attributes": {
            "id": "eks-managed-node-group-complete-example-20230120233955092500000024",
            "policy_arn": "arn:aws:iam::aws:policy/AmazonEC2ContainerRegistryReadOnly",
            "role": "eks-managed-node-group-complete-example"
          },
          "sensitive_attributes": [],
          "private": "bnVsbA==",
          "dependencies": [
            "aws_iam_policy.node_additional",
            "aws_security_group.remote_access",
            "data.aws_ami.eks_default",
            "data.aws_ami.eks_default_arm",
            "data.aws_ami.eks_default_bottlerocket",
            "data.aws_availability_zones.available",
            "data.aws_caller_identity.current",
            "module.ebs_kms_key.aws_kms_external_key.this",
            "module.ebs_kms_key.aws_kms_key.this",
            "module.ebs_kms_key.data.aws_caller_identity.current",
            "module.ebs_kms_key.data.aws_iam_policy_document.this",
            "module.ebs_kms_key.data.aws_partition.current",
            "module.eks.aws_iam_role.this",
            "module.eks.data.aws_iam_policy_document.assume_role_policy",
            "module.eks.module.eks_managed_node_group.aws_iam_role.this",
            "module.eks.module.eks_managed_node_group.data.aws_caller_identity.current",
            "module.eks.module.eks_managed_node_group.data.aws_iam_policy_document.assume_role_policy",
            "module.eks.module.eks_managed_node_group.data.aws_partition.current",
            "module.key_pair.aws_key_pair.this",
            "module.key_pair.tls_private_key.this",
            "module.vpc.aws_subnet.private",
            "module.vpc.aws_vpc.this",
            "module.vpc.aws_vpc_ipv4_cidr_block_association.this"
          ],
          "create_before_destroy": true
        },
        {
          "index_key": "arn:aws:iam::aws:policy/AmazonEKSWorkerNodePolicy",
          "schema_version": 0,
          "attributes": {
            "id": "eks-managed-node-group-complete-example-20230120233955429800000026",
            "policy_arn": "arn:aws:iam::aws:policy/AmazonEKSWorkerNodePolicy",
            "role": "eks-managed-node-group-complete-example"
          },
          "sensitive_attributes": [],
          "private": "bnVsbA==",
          "dependencies": [
            "aws_iam_policy.node_additional",
            "aws_security_group.remote_access",
            "data.aws_ami.eks_default",
            "data.aws_ami.eks_default_arm",
            "data.aws_ami.eks_default_bottlerocket",
            "data.aws_availability_zones.available",
            "data.aws_caller_identity.current",
            "module.ebs_kms_key.aws_kms_external_key.this",
            "module.ebs_kms_key.aws_kms_key.this",
            "module.ebs_kms_key.data.aws_caller_identity.current",
            "module.ebs_kms_key.data.aws_iam_policy_document.this",
            "module.ebs_kms_key.data.aws_partition.current",
            "module.eks.aws_iam_role.this",
            "module.eks.data.aws_iam_policy_document.assume_role_policy",
            "module.eks.module.eks_managed_node_group.aws_iam_role.this",
            "module.eks.module.eks_managed_node_group.data.aws_caller_identity.current",
            "module.eks.module.eks_managed_node_group.data.aws_iam_policy_document.assume_role_policy",
            "module.eks.module.eks_managed_node_group.data.aws_partition.current",
            "module.key_pair.aws_key_pair.this",
            "module.key_pair.tls_private_key.this",
            "module.vpc.aws_subnet.private",
            "module.vpc.aws_vpc.this",
            "module.vpc.aws_vpc_ipv4_cidr_block_association.this"
          ],
          "create_before_destroy": true
        },
        {
          "index_key": "arn:aws:iam::aws:policy/AmazonEKS_CNI_Policy",
          "schema_version": 0,
          "attributes": {
            "id": "eks-managed-node-group-complete-example-20230120233955145000000025",
            "policy_arn": "arn:aws:iam::aws:policy/AmazonEKS_CNI_Policy",
            "role": "eks-managed-node-group-complete-example"
          },
          "sensitive_attributes": [],
          "private": "bnVsbA==",
          "dependencies": [
            "aws_iam_policy.node_additional",
            "aws_security_group.remote_access",
            "data.aws_ami.eks_default",
            "data.aws_ami.eks_default_arm",
            "data.aws_ami.eks_default_bottlerocket",
            "data.aws_availability_zones.available",
            "data.aws_caller_identity.current",
            "module.ebs_kms_key.aws_kms_external_key.this",
            "module.ebs_kms_key.aws_kms_key.this",
            "module.ebs_kms_key.data.aws_caller_identity.current",
            "module.ebs_kms_key.data.aws_iam_policy_document.this",
            "module.ebs_kms_key.data.aws_partition.current",
            "module.eks.aws_iam_role.this",
            "module.eks.data.aws_iam_policy_document.assume_role_policy",
            "module.eks.module.eks_managed_node_group.aws_iam_role.this",
            "module.eks.module.eks_managed_node_group.data.aws_caller_identity.current",
            "module.eks.module.eks_managed_node_group.data.aws_iam_policy_document.assume_role_policy",
            "module.eks.module.eks_managed_node_group.data.aws_partition.current",
            "module.key_pair.aws_key_pair.this",
            "module.key_pair.tls_private_key.this",
            "module.vpc.aws_subnet.private",
            "module.vpc.aws_vpc.this",
            "module.vpc.aws_vpc_ipv4_cidr_block_association.this"
          ],
          "create_before_destroy": true
        }
      ]
    },
    {
      "module": "module.eks.module.eks_managed_node_group[\"complete\"]",
      "mode": "managed",
      "type": "aws_launch_template",
      "name": "this",
      "provider": "provider[\"registry.terraform.io/hashicorp/aws\"]",
      "instances": [
        {
          "index_key": 0,
          "schema_version": 0,
          "attributes": {
            "arn": "arn:aws:ec2:eu-west-1:832611670348:launch-template/lt-09fa9131ec841eef6",
            "block_device_mappings": [
              {
                "device_name": "/dev/xvda",
                "ebs": [
                  {
                    "delete_on_termination": "true",
                    "encrypted": "true",
                    "iops": 3000,
                    "kms_key_id": "arn:aws:kms:eu-west-1:832611670348:key/775b1fae-fa66-4b1f-83e4-c4779469eb68",
                    "snapshot_id": "",
                    "throughput": 150,
                    "volume_size": 75,
                    "volume_type": "gp3"
                  }
                ],
                "no_device": "",
                "virtual_name": ""
              }
            ],
            "capacity_reservation_specification": [],
            "cpu_options": [],
            "credit_specification": [],
            "default_version": 1,
            "description": "Custom launch template for complete-eks-mng EKS managed node group",
            "disable_api_stop": false,
            "disable_api_termination": false,
            "ebs_optimized": "true",
            "elastic_gpu_specifications": [],
            "elastic_inference_accelerator": [],
            "enclave_options": [],
            "hibernation_options": [],
            "iam_instance_profile": [],
            "id": "lt-09fa9131ec841eef6",
            "image_id": "ami-0ae92cf6a0a5d24d0",
            "instance_initiated_shutdown_behavior": "",
            "instance_market_options": [],
            "instance_requirements": [],
            "instance_type": "",
            "kernel_id": "",
            "key_name": "",
            "latest_version": 1,
            "license_specification": [],
            "maintenance_options": [],
            "metadata_options": [
              {
                "http_endpoint": "enabled",
                "http_protocol_ipv6": "disabled",
                "http_put_response_hop_limit": 2,
                "http_tokens": "required",
                "instance_metadata_tags": "disabled"
              }
            ],
            "monitoring": [
              {
                "enabled": true
              }
            ],
            "name": "complete-20230120234908276000000032",
            "name_prefix": "complete-",
            "network_interfaces": [],
            "placement": [],
            "private_dns_name_options": [],
            "ram_disk_id": "",
            "security_group_names": null,
            "tag_specifications": [
              {
                "resource_type": "instance",
                "tags": {
                  "Example": "ex-fluxcd",
                  "ExtraTag": "EKS managed node group complete example",
                  "GithubOrg": "terraform-aws-modules",
                  "GithubRepo": "terraform-aws-eks",
                  "Name": "complete-eks-mng"
                }
              },
              {
                "resource_type": "network-interface",
                "tags": {
                  "Example": "ex-fluxcd",
                  "ExtraTag": "EKS managed node group complete example",
                  "GithubOrg": "terraform-aws-modules",
                  "GithubRepo": "terraform-aws-eks",
                  "Name": "complete-eks-mng"
                }
              },
              {
                "resource_type": "volume",
                "tags": {
                  "Example": "ex-fluxcd",
                  "ExtraTag": "EKS managed node group complete example",
                  "GithubOrg": "terraform-aws-modules",
                  "GithubRepo": "terraform-aws-eks",
                  "Name": "complete-eks-mng"
                }
              }
            ],
            "tags": {
              "Example": "ex-fluxcd",
              "ExtraTag": "EKS managed node group complete example",
              "GithubOrg": "terraform-aws-modules",
              "GithubRepo": "terraform-aws-eks"
            },
            "tags_all": {
              "Example": "ex-fluxcd",
              "ExtraTag": "EKS managed node group complete example",
              "GithubOrg": "terraform-aws-modules",
              "GithubRepo": "terraform-aws-eks"
            },
            "update_default_version": true,
            "user_data": "IyEvYmluL2Jhc2gKc2V0IC1lCmV4cG9ydCBDT05UQUlORVJfUlVOVElNRT0iY29udGFpbmVyZCIKZXhwb3J0IFVTRV9NQVhfUE9EUz1mYWxzZQpCNjRfQ0xVU1RFUl9DQT1MUzB0TFMxQ1JVZEpUaUJEUlZKVVNVWkpRMEZVUlMwdExTMHRDazFKU1VNdmFrTkRRV1ZoWjBGM1NVSkJaMGxDUVVSQlRrSm5hM0ZvYTJsSE9YY3dRa0ZSYzBaQlJFRldUVkpOZDBWUldVUldVVkZFUlhkd2NtUlhTbXdLWTIwMWJHUkhWbnBOUWpSWVJGUkplazFFUlhsTlJFbDZUa1JSTVU1R2IxaEVWRTE2VFVSRmVFNTZTWHBPUkZFeFRrWnZkMFpVUlZSTlFrVkhRVEZWUlFwQmVFMUxZVE5XYVZwWVNuVmFXRkpzWTNwRFEwRlRTWGRFVVZsS1MyOWFTV2gyWTA1QlVVVkNRbEZCUkdkblJWQkJSRU5EUVZGdlEyZG5SVUpCVGpKRUNuaDRhbkJJVFd4UGVVcHlPSHBGYVZWd1JVRlJWRVZ5UkRJdmNtVjROSEZsVEcxMGJEZFplVFJRWXpOV09WcHdjblV4ZDJOTGJ6TmtNbFJWYmxBdmFFOEtLelJNYTJwMWRuRm9lRkI0WVZSV1VGQm1jVGRoTkhsUFZEUkVaazloZVVScVNVVlFVbVk1WkRnM1ozZHlWbU5hYzFaUVNtRnlNVWxoVjBSU0szTTViUXB1TVdwTlZXVnJTamhHY2t0V1l5czBNWGQzY1cxNGQwTkpSMmhHV1hGNFNuRjZWMmROY21WdGJrODNWbEJtWmtKaWQyeDZia3BRVVhoMFNWQmxaemRPQ2pWVWRYWnRkVE13Wm1aRlkxWlFPRU0xSzJwTWFIZE1OMFprVlZscU5TdGlia054TjBSYWFuZFBkWGROTlVnMmVHeHNVRTk0U2s5MEx6aEVhbTQwUlVzS1lsSlpXalZ3V1dkWE5sRTJRMVJMYlhsdWEyTklkV2hqY3pOTVNHSllNRk5pU1VGNVJrbGlZamRYVm5OeVpGaFplVU5pYkRkTkwwVlhPVk5TVEV4WlZRcHRiVmhCUkM5QllqWnJNRkoxVVRaRU5IbGpRMEYzUlVGQllVNWFUVVpqZDBSbldVUldVakJRUVZGSUwwSkJVVVJCWjB0clRVRTRSMEV4VldSRmQwVkNDaTkzVVVaTlFVMUNRV1k0ZDBoUldVUldVakJQUWtKWlJVWk5XVFJGU1VkWlVFSXlhMkZOZWtwbWJuUTRRVnBIYW1OWVl5dE5RbFZIUVRGVlpFVlJVVThLVFVGNVEwTnRkREZaYlZaNVltMVdNRnBZVFhkRVVWbEtTMjlhU1doMlkwNUJVVVZNUWxGQlJHZG5SVUpCUVZSdVkzSjBlalpsWm1WbFlscFVVa1k0WlFwVk5YRmlWbFlyV21WSU9ERXZSR2d5Y0hKeWFIWkhUVk5vUnpCbFp5dG9TRWxPU0RoaWQwazRlR0ZJY1dGWlpXZ3hlazU1VUVObFYxVndSVlpDY0ZaNUNqZFlObkEzY0hRemVXdDBkMG95ZHpBd2RuTjRhU3RxU1RkRU5tdDJNVEpVVVd0RmF6RmFlRE15ZHpkcU1rVTRlVVZIU2padWRtRm1RMU5tZG5wUlJXRUtSa3R2ZWtGRlNGUXpUa0YyZDFCUlRqVlNZVkJGZVdoTU1tNWhTelZCTTJNMEsyMU1lbEJsUTFka1JsaFRkSEZyT1VaWFRYaEZXbWxKYVROc1pubFZNZ28xY2tWVk9XNDBiMkpWTVVZM2VqUkxaVVp0UkdsVGRIQTVjVlJrZVcwME9HeEZNRzQyUVZKR1Ntb3dTaTlTVjBKUFNtcFpVVVpwT0d4WGFVdDNWa0V6Q214aVNDdHFlbE5VVkVKSFoxQlBSVmxqV1dGdU1sVlJjRGhTWkVSRWQxSXdlUzl1WWl0S1RsbDRRWGQyTTAxTmNUaFJXRGc0TVcxeldsbFdkRXd5VFhNS2FucHZQUW90TFMwdExVVk9SQ0JEUlZKVVNVWkpRMEZVUlMwdExTMHRDZz09CkFQSV9TRVJWRVJfVVJMPWh0dHBzOi8vMzBCMEJBMkZBRTQ4RTBCRjA5Q0JFQ0Q3QUI4MTkyNzYueWw0LmV1LXdlc3QtMS5la3MuYW1hem9uYXdzLmNvbQovZXRjL2Vrcy9ib290c3RyYXAuc2ggZXgtZmx1eGNkIC0tY29udGFpbmVyLXJ1bnRpbWUgY29udGFpbmVyZCAtLWt1YmVsZXQtZXh0cmEtYXJncyAnLS1tYXgtcG9kcz0yMCcgLS1iNjQtY2x1c3Rlci1jYSAkQjY0X0NMVVNURVJfQ0EgLS1hcGlzZXJ2ZXItZW5kcG9pbnQgJEFQSV9TRVJWRVJfVVJMCmVjaG8gInlvdSBhcmUgZnJlZSBsaXR0bGUga3ViZWxldCEiCg==",
            "vpc_security_group_ids": [
              "sg-09c39117a03f36d64"
            ]
          },
          "sensitive_attributes": [],
          "private": "bnVsbA==",
          "dependencies": [
            "aws_iam_policy.node_additional",
            "aws_security_group.remote_access",
            "data.aws_ami.eks_default",
            "data.aws_ami.eks_default_arm",
            "data.aws_ami.eks_default_bottlerocket",
            "data.aws_availability_zones.available",
            "data.aws_caller_identity.current",
            "module.ebs_kms_key.aws_kms_external_key.this",
            "module.ebs_kms_key.aws_kms_key.this",
            "module.ebs_kms_key.data.aws_caller_identity.current",
            "module.ebs_kms_key.data.aws_iam_policy_document.this",
            "module.ebs_kms_key.data.aws_partition.current",
            "module.eks.aws_cloudwatch_log_group.this",
            "module.eks.aws_eks_cluster.this",
            "module.eks.aws_iam_role.this",
            "module.eks.aws_iam_role_policy_attachment.this",
            "module.eks.aws_security_group.cluster",
            "module.eks.aws_security_group.node",
            "module.eks.aws_security_group_rule.cluster",
            "module.eks.aws_security_group_rule.node",
            "module.eks.data.aws_iam_policy_document.assume_role_policy",
            "module.eks.data.aws_iam_session_context.current",
            "module.eks.data.aws_partition.current",
            "module.eks.module.eks_managed_node_group.aws_iam_role.this",
            "module.eks.module.eks_managed_node_group.aws_iam_role_policy_attachment.this",
            "module.eks.module.eks_managed_node_group.data.aws_caller_identity.current",
            "module.eks.module.eks_managed_node_group.data.aws_iam_policy_document.assume_role_policy",
            "module.eks.module.eks_managed_node_group.data.aws_partition.current",
            "module.eks.module.eks_managed_node_group.module.user_data.data.cloudinit_config.linux_eks_managed_node_group",
            "module.eks.module.kms.aws_kms_external_key.this",
            "module.eks.module.kms.aws_kms_key.this",
            "module.eks.module.kms.data.aws_caller_identity.current",
            "module.eks.module.kms.data.aws_iam_policy_document.this",
            "module.eks.module.kms.data.aws_partition.current",
            "module.key_pair.aws_key_pair.this",
            "module.key_pair.tls_private_key.this",
            "module.vpc.aws_subnet.intra",
            "module.vpc.aws_subnet.private",
            "module.vpc.aws_vpc.this",
            "module.vpc.aws_vpc_ipv4_cidr_block_association.this"
          ],
          "create_before_destroy": true
        }
      ]
    },
    {
      "module": "module.eks.module.eks_managed_node_group[\"containerd\"]",
      "mode": "data",
      "type": "aws_caller_identity",
      "name": "current",
      "provider": "provider[\"registry.terraform.io/hashicorp/aws\"]",
      "instances": [
        {
          "schema_version": 0,
          "attributes": {
            "account_id": "832611670348",
            "arn": "arn:aws:iam::832611670348:user/masterclass",
            "id": "832611670348",
            "user_id": "AIDA4DW4F3FGBVAS6I4WT"
          },
          "sensitive_attributes": []
        }
      ]
    },
    {
      "module": "module.eks.module.eks_managed_node_group[\"containerd\"]",
      "mode": "data",
      "type": "aws_iam_policy_document",
      "name": "assume_role_policy",
      "provider": "provider[\"registry.terraform.io/hashicorp/aws\"]",
      "instances": [
        {
          "index_key": 0,
          "schema_version": 0,
          "attributes": {
            "id": "2560088296",
            "json": "{\n  \"Version\": \"2012-10-17\",\n  \"Statement\": [\n    {\n      \"Sid\": \"EKSNodeAssumeRole\",\n      \"Effect\": \"Allow\",\n      \"Action\": \"sts:AssumeRole\",\n      \"Principal\": {\n        \"Service\": \"ec2.amazonaws.com\"\n      }\n    }\n  ]\n}",
            "override_json": null,
            "override_policy_documents": null,
            "policy_id": null,
            "source_json": null,
            "source_policy_documents": null,
            "statement": [
              {
                "actions": [
                  "sts:AssumeRole"
                ],
                "condition": [],
                "effect": "Allow",
                "not_actions": [],
                "not_principals": [],
                "not_resources": [],
                "principals": [
                  {
                    "identifiers": [
                      "ec2.amazonaws.com"
                    ],
                    "type": "Service"
                  }
                ],
                "resources": [],
                "sid": "EKSNodeAssumeRole"
              }
            ],
            "version": "2012-10-17"
          },
          "sensitive_attributes": []
        }
      ]
    },
    {
      "module": "module.eks.module.eks_managed_node_group[\"containerd\"]",
      "mode": "data",
      "type": "aws_partition",
      "name": "current",
      "provider": "provider[\"registry.terraform.io/hashicorp/aws\"]",
      "instances": [
        {
          "schema_version": 0,
          "attributes": {
            "dns_suffix": "amazonaws.com",
            "id": "aws",
            "partition": "aws",
            "reverse_dns_prefix": "com.amazonaws"
          },
          "sensitive_attributes": []
        }
      ]
    },
    {
      "module": "module.eks.module.eks_managed_node_group[\"containerd\"]",
      "mode": "managed",
      "type": "aws_eks_node_group",
      "name": "this",
      "provider": "provider[\"registry.terraform.io/hashicorp/aws\"]",
      "instances": [
        {
          "index_key": 0,
          "schema_version": 0,
          "attributes": {
            "ami_type": "AL2_x86_64",
            "arn": "arn:aws:eks:eu-west-1:832611670348:nodegroup/ex-fluxcd/containerd-20230120234909031900000042/f2c2e8cb-04b3-b6f5-8668-10cfd82c4c6a",
            "capacity_type": "ON_DEMAND",
            "cluster_name": "ex-fluxcd",
            "disk_size": 0,
            "force_update_version": null,
            "id": "ex-fluxcd:containerd-20230120234909031900000042",
            "instance_types": [
              "m6i.large",
              "m5.large",
              "m5n.large",
              "m5zn.large"
            ],
            "labels": null,
            "launch_template": [
              {
                "id": "lt-0ca055cc5c094e930",
                "name": "containerd-2023012023490827480000002e",
                "version": "1"
              }
            ],
            "node_group_name": "containerd-20230120234909031900000042",
            "node_group_name_prefix": "containerd-",
            "node_role_arn": "arn:aws:iam::832611670348:role/containerd-eks-node-group-2023012023395086160000000f",
            "release_version": "1.24.7-20230105",
            "remote_access": [],
            "resources": [
              {
                "autoscaling_groups": [
                  {
                    "name": "eks-containerd-20230120234909031900000042-f2c2e8cb-04b3-b6f5-8668-10cfd82c4c6a"
                  }
                ],
                "remote_access_security_group_id": ""
              }
            ],
            "scaling_config": [
              {
                "desired_size": 1,
                "max_size": 3,
                "min_size": 1
              }
            ],
            "status": "ACTIVE",
            "subnet_ids": [
              "subnet-0369e7a678a97fe7d",
              "subnet-05a8df5705c949ec7",
              "subnet-09194fbe54de96b47"
            ],
            "tags": {
              "Example": "ex-fluxcd",
              "GithubOrg": "terraform-aws-modules",
              "GithubRepo": "terraform-aws-eks",
              "Name": "containerd"
            },
            "tags_all": {
              "Example": "ex-fluxcd",
              "GithubOrg": "terraform-aws-modules",
              "GithubRepo": "terraform-aws-eks",
              "Name": "containerd"
            },
            "taint": [],
            "timeouts": {
              "create": null,
              "delete": null,
              "update": null
            },
            "update_config": [
              {
                "max_unavailable": 0,
                "max_unavailable_percentage": 33
              }
            ],
            "version": "1.24"
          },
          "sensitive_attributes": [],
          "private": "eyJlMmJmYjczMC1lY2FhLTExZTYtOGY4OC0zNDM2M2JjN2M0YzAiOnsiY3JlYXRlIjozNjAwMDAwMDAwMDAwLCJkZWxldGUiOjM2MDAwMDAwMDAwMDAsInVwZGF0ZSI6MzYwMDAwMDAwMDAwMH19",
          "dependencies": [
            "aws_iam_policy.node_additional",
            "aws_security_group.remote_access",
            "data.aws_ami.eks_default",
            "data.aws_ami.eks_default_arm",
            "data.aws_ami.eks_default_bottlerocket",
            "data.aws_availability_zones.available",
            "data.aws_caller_identity.current",
            "module.ebs_kms_key.aws_kms_external_key.this",
            "module.ebs_kms_key.aws_kms_key.this",
            "module.ebs_kms_key.data.aws_caller_identity.current",
            "module.ebs_kms_key.data.aws_iam_policy_document.this",
            "module.ebs_kms_key.data.aws_partition.current",
            "module.eks.aws_cloudwatch_log_group.this",
            "module.eks.aws_eks_cluster.this",
            "module.eks.aws_iam_role.this",
            "module.eks.aws_iam_role_policy_attachment.this",
            "module.eks.aws_security_group.cluster",
            "module.eks.aws_security_group.node",
            "module.eks.aws_security_group_rule.cluster",
            "module.eks.aws_security_group_rule.node",
            "module.eks.data.aws_iam_policy_document.assume_role_policy",
            "module.eks.data.aws_iam_session_context.current",
            "module.eks.data.aws_partition.current",
            "module.eks.module.eks_managed_node_group.aws_iam_role.this",
            "module.eks.module.eks_managed_node_group.aws_iam_role_policy_attachment.this",
            "module.eks.module.eks_managed_node_group.aws_launch_template.this",
            "module.eks.module.eks_managed_node_group.data.aws_caller_identity.current",
            "module.eks.module.eks_managed_node_group.data.aws_iam_policy_document.assume_role_policy",
            "module.eks.module.eks_managed_node_group.data.aws_partition.current",
            "module.eks.module.eks_managed_node_group.module.user_data.data.cloudinit_config.linux_eks_managed_node_group",
            "module.eks.module.kms.aws_kms_external_key.this",
            "module.eks.module.kms.aws_kms_key.this",
            "module.eks.module.kms.data.aws_caller_identity.current",
            "module.eks.module.kms.data.aws_iam_policy_document.this",
            "module.eks.module.kms.data.aws_partition.current",
            "module.key_pair.aws_key_pair.this",
            "module.key_pair.tls_private_key.this",
            "module.vpc.aws_subnet.intra",
            "module.vpc.aws_subnet.private",
            "module.vpc.aws_vpc.this",
            "module.vpc.aws_vpc_ipv4_cidr_block_association.this"
          ],
          "create_before_destroy": true
        }
      ]
    },
    {
      "module": "module.eks.module.eks_managed_node_group[\"containerd\"]",
      "mode": "managed",
      "type": "aws_iam_role",
      "name": "this",
      "provider": "provider[\"registry.terraform.io/hashicorp/aws\"]",
      "instances": [
        {
          "index_key": 0,
          "schema_version": 0,
          "attributes": {
            "arn": "arn:aws:iam::832611670348:role/containerd-eks-node-group-2023012023395086160000000f",
            "assume_role_policy": "{\"Statement\":[{\"Action\":\"sts:AssumeRole\",\"Effect\":\"Allow\",\"Principal\":{\"Service\":\"ec2.amazonaws.com\"},\"Sid\":\"EKSNodeAssumeRole\"}],\"Version\":\"2012-10-17\"}",
            "create_date": "2023-01-20T23:39:50Z",
            "description": "EKS managed node group IAM role",
            "force_detach_policies": true,
            "id": "containerd-eks-node-group-2023012023395086160000000f",
            "inline_policy": [],
            "managed_policy_arns": [],
            "max_session_duration": 3600,
            "name": "containerd-eks-node-group-2023012023395086160000000f",
            "name_prefix": "containerd-eks-node-group-",
            "path": "/",
            "permissions_boundary": null,
            "tags": {
              "Example": "ex-fluxcd",
              "GithubOrg": "terraform-aws-modules",
              "GithubRepo": "terraform-aws-eks"
            },
            "tags_all": {
              "Example": "ex-fluxcd",
              "GithubOrg": "terraform-aws-modules",
              "GithubRepo": "terraform-aws-eks"
            },
            "unique_id": "AROA4DW4F3FGFRJAXZNUW"
          },
          "sensitive_attributes": [],
          "private": "bnVsbA==",
          "dependencies": [
            "aws_iam_policy.node_additional",
            "aws_security_group.remote_access",
            "data.aws_ami.eks_default",
            "data.aws_ami.eks_default_arm",
            "data.aws_ami.eks_default_bottlerocket",
            "data.aws_availability_zones.available",
            "data.aws_caller_identity.current",
            "module.ebs_kms_key.aws_kms_external_key.this",
            "module.ebs_kms_key.aws_kms_key.this",
            "module.ebs_kms_key.data.aws_caller_identity.current",
            "module.ebs_kms_key.data.aws_iam_policy_document.this",
            "module.ebs_kms_key.data.aws_partition.current",
            "module.eks.aws_iam_role.this",
            "module.eks.data.aws_iam_policy_document.assume_role_policy",
            "module.eks.module.eks_managed_node_group.data.aws_iam_policy_document.assume_role_policy",
            "module.key_pair.aws_key_pair.this",
            "module.key_pair.tls_private_key.this",
            "module.vpc.aws_subnet.private",
            "module.vpc.aws_vpc.this",
            "module.vpc.aws_vpc_ipv4_cidr_block_association.this"
          ],
          "create_before_destroy": true
        }
      ]
    },
    {
      "module": "module.eks.module.eks_managed_node_group[\"containerd\"]",
      "mode": "managed",
      "type": "aws_iam_role_policy_attachment",
      "name": "this",
      "provider": "provider[\"registry.terraform.io/hashicorp/aws\"]",
      "instances": [
        {
          "index_key": "arn:aws:iam::aws:policy/AmazonEC2ContainerRegistryReadOnly",
          "schema_version": 0,
          "attributes": {
            "id": "containerd-eks-node-group-2023012023395086160000000f-20230120233952030000000016",
            "policy_arn": "arn:aws:iam::aws:policy/AmazonEC2ContainerRegistryReadOnly",
            "role": "containerd-eks-node-group-2023012023395086160000000f"
          },
          "sensitive_attributes": [],
          "private": "bnVsbA==",
          "dependencies": [
            "aws_iam_policy.node_additional",
            "aws_security_group.remote_access",
            "data.aws_ami.eks_default",
            "data.aws_ami.eks_default_arm",
            "data.aws_ami.eks_default_bottlerocket",
            "data.aws_availability_zones.available",
            "data.aws_caller_identity.current",
            "module.ebs_kms_key.aws_kms_external_key.this",
            "module.ebs_kms_key.aws_kms_key.this",
            "module.ebs_kms_key.data.aws_caller_identity.current",
            "module.ebs_kms_key.data.aws_iam_policy_document.this",
            "module.ebs_kms_key.data.aws_partition.current",
            "module.eks.aws_iam_role.this",
            "module.eks.data.aws_iam_policy_document.assume_role_policy",
            "module.eks.module.eks_managed_node_group.aws_iam_role.this",
            "module.eks.module.eks_managed_node_group.data.aws_caller_identity.current",
            "module.eks.module.eks_managed_node_group.data.aws_iam_policy_document.assume_role_policy",
            "module.eks.module.eks_managed_node_group.data.aws_partition.current",
            "module.key_pair.aws_key_pair.this",
            "module.key_pair.tls_private_key.this",
            "module.vpc.aws_subnet.private",
            "module.vpc.aws_vpc.this",
            "module.vpc.aws_vpc_ipv4_cidr_block_association.this"
          ],
          "create_before_destroy": true
        },
        {
          "index_key": "arn:aws:iam::aws:policy/AmazonEKSWorkerNodePolicy",
          "schema_version": 0,
          "attributes": {
            "id": "containerd-eks-node-group-2023012023395086160000000f-20230120233952202900000018",
            "policy_arn": "arn:aws:iam::aws:policy/AmazonEKSWorkerNodePolicy",
            "role": "containerd-eks-node-group-2023012023395086160000000f"
          },
          "sensitive_attributes": [],
          "private": "bnVsbA==",
          "dependencies": [
            "aws_iam_policy.node_additional",
            "aws_security_group.remote_access",
            "data.aws_ami.eks_default",
            "data.aws_ami.eks_default_arm",
            "data.aws_ami.eks_default_bottlerocket",
            "data.aws_availability_zones.available",
            "data.aws_caller_identity.current",
            "module.ebs_kms_key.aws_kms_external_key.this",
            "module.ebs_kms_key.aws_kms_key.this",
            "module.ebs_kms_key.data.aws_caller_identity.current",
            "module.ebs_kms_key.data.aws_iam_policy_document.this",
            "module.ebs_kms_key.data.aws_partition.current",
            "module.eks.aws_iam_role.this",
            "module.eks.data.aws_iam_policy_document.assume_role_policy",
            "module.eks.module.eks_managed_node_group.aws_iam_role.this",
            "module.eks.module.eks_managed_node_group.data.aws_caller_identity.current",
            "module.eks.module.eks_managed_node_group.data.aws_iam_policy_document.assume_role_policy",
            "module.eks.module.eks_managed_node_group.data.aws_partition.current",
            "module.key_pair.aws_key_pair.this",
            "module.key_pair.tls_private_key.this",
            "module.vpc.aws_subnet.private",
            "module.vpc.aws_vpc.this",
            "module.vpc.aws_vpc_ipv4_cidr_block_association.this"
          ],
          "create_before_destroy": true
        },
        {
          "index_key": "arn:aws:iam::aws:policy/AmazonEKS_CNI_Policy",
          "schema_version": 0,
          "attributes": {
            "id": "containerd-eks-node-group-2023012023395086160000000f-20230120233952107800000017",
            "policy_arn": "arn:aws:iam::aws:policy/AmazonEKS_CNI_Policy",
            "role": "containerd-eks-node-group-2023012023395086160000000f"
          },
          "sensitive_attributes": [],
          "private": "bnVsbA==",
          "dependencies": [
            "aws_iam_policy.node_additional",
            "aws_security_group.remote_access",
            "data.aws_ami.eks_default",
            "data.aws_ami.eks_default_arm",
            "data.aws_ami.eks_default_bottlerocket",
            "data.aws_availability_zones.available",
            "data.aws_caller_identity.current",
            "module.ebs_kms_key.aws_kms_external_key.this",
            "module.ebs_kms_key.aws_kms_key.this",
            "module.ebs_kms_key.data.aws_caller_identity.current",
            "module.ebs_kms_key.data.aws_iam_policy_document.this",
            "module.ebs_kms_key.data.aws_partition.current",
            "module.eks.aws_iam_role.this",
            "module.eks.data.aws_iam_policy_document.assume_role_policy",
            "module.eks.module.eks_managed_node_group.aws_iam_role.this",
            "module.eks.module.eks_managed_node_group.data.aws_caller_identity.current",
            "module.eks.module.eks_managed_node_group.data.aws_iam_policy_document.assume_role_policy",
            "module.eks.module.eks_managed_node_group.data.aws_partition.current",
            "module.key_pair.aws_key_pair.this",
            "module.key_pair.tls_private_key.this",
            "module.vpc.aws_subnet.private",
            "module.vpc.aws_vpc.this",
            "module.vpc.aws_vpc_ipv4_cidr_block_association.this"
          ],
          "create_before_destroy": true
        }
      ]
    },
    {
      "module": "module.eks.module.eks_managed_node_group[\"containerd\"]",
      "mode": "managed",
      "type": "aws_launch_template",
      "name": "this",
      "provider": "provider[\"registry.terraform.io/hashicorp/aws\"]",
      "instances": [
        {
          "index_key": 0,
          "schema_version": 0,
          "attributes": {
            "arn": "arn:aws:ec2:eu-west-1:832611670348:launch-template/lt-0ca055cc5c094e930",
            "block_device_mappings": [],
            "capacity_reservation_specification": [],
            "cpu_options": [],
            "credit_specification": [],
            "default_version": 1,
            "description": "Custom launch template for containerd EKS managed node group",
            "disable_api_stop": false,
            "disable_api_termination": false,
            "ebs_optimized": "",
            "elastic_gpu_specifications": [],
            "elastic_inference_accelerator": [],
            "enclave_options": [],
            "hibernation_options": [],
            "iam_instance_profile": [],
            "id": "lt-0ca055cc5c094e930",
            "image_id": "",
            "instance_initiated_shutdown_behavior": "",
            "instance_market_options": [],
            "instance_requirements": [],
            "instance_type": "",
            "kernel_id": "",
            "key_name": "",
            "latest_version": 1,
            "license_specification": [],
            "maintenance_options": [],
            "metadata_options": [
              {
                "http_endpoint": "enabled",
                "http_protocol_ipv6": "disabled",
                "http_put_response_hop_limit": 2,
                "http_tokens": "required",
                "instance_metadata_tags": "disabled"
              }
            ],
            "monitoring": [
              {
                "enabled": true
              }
            ],
            "name": "containerd-2023012023490827480000002e",
            "name_prefix": "containerd-",
            "network_interfaces": [],
            "placement": [],
            "private_dns_name_options": [],
            "ram_disk_id": "",
            "security_group_names": null,
            "tag_specifications": [
              {
                "resource_type": "instance",
                "tags": {
                  "Example": "ex-fluxcd",
                  "GithubOrg": "terraform-aws-modules",
                  "GithubRepo": "terraform-aws-eks",
                  "Name": "containerd"
                }
              },
              {
                "resource_type": "network-interface",
                "tags": {
                  "Example": "ex-fluxcd",
                  "GithubOrg": "terraform-aws-modules",
                  "GithubRepo": "terraform-aws-eks",
                  "Name": "containerd"
                }
              },
              {
                "resource_type": "volume",
                "tags": {
                  "Example": "ex-fluxcd",
                  "GithubOrg": "terraform-aws-modules",
                  "GithubRepo": "terraform-aws-eks",
                  "Name": "containerd"
                }
              }
            ],
            "tags": {
              "Example": "ex-fluxcd",
              "GithubOrg": "terraform-aws-modules",
              "GithubRepo": "terraform-aws-eks"
            },
            "tags_all": {
              "Example": "ex-fluxcd",
              "GithubOrg": "terraform-aws-modules",
              "GithubRepo": "terraform-aws-eks"
            },
            "update_default_version": true,
            "user_data": "Q29udGVudC1UeXBlOiBtdWx0aXBhcnQvbWl4ZWQ7IGJvdW5kYXJ5PSIvLyIKTUlNRS1WZXJzaW9uOiAxLjANCg0KLS0vLw0KQ29udGVudC1UcmFuc2Zlci1FbmNvZGluZzogN2JpdA0KQ29udGVudC1UeXBlOiB0ZXh0L3gtc2hlbGxzY3JpcHQNCk1pbWUtVmVyc2lvbjogMS4wDQoNCiMhL2Jpbi9iYXNoCnNldCAtZXgKY2F0IDw8LUVPRiA+IC9ldGMvcHJvZmlsZS5kL2Jvb3RzdHJhcC5zaApleHBvcnQgQ09OVEFJTkVSX1JVTlRJTUU9ImNvbnRhaW5lcmQiCmV4cG9ydCBVU0VfTUFYX1BPRFM9ZmFsc2UKZXhwb3J0IEtVQkVMRVRfRVhUUkFfQVJHUz0iLS1tYXgtcG9kcz0xMTAiCkVPRgojIFNvdXJjZSBleHRyYSBlbnZpcm9ubWVudCB2YXJpYWJsZXMgaW4gYm9vdHN0cmFwIHNjcmlwdApzZWQgLWkgJy9ec2V0IC1vIGVycmV4aXQvYVxcbnNvdXJjZSAvZXRjL3Byb2ZpbGUuZC9ib290c3RyYXAuc2gnIC9ldGMvZWtzL2Jvb3RzdHJhcC5zaAoNCi0tLy8tLQ0K",
            "vpc_security_group_ids": [
              "sg-09c39117a03f36d64"
            ]
          },
          "sensitive_attributes": [],
          "private": "bnVsbA==",
          "dependencies": [
            "aws_iam_policy.node_additional",
            "aws_security_group.remote_access",
            "data.aws_ami.eks_default",
            "data.aws_ami.eks_default_arm",
            "data.aws_ami.eks_default_bottlerocket",
            "data.aws_availability_zones.available",
            "data.aws_caller_identity.current",
            "module.ebs_kms_key.aws_kms_external_key.this",
            "module.ebs_kms_key.aws_kms_key.this",
            "module.ebs_kms_key.data.aws_caller_identity.current",
            "module.ebs_kms_key.data.aws_iam_policy_document.this",
            "module.ebs_kms_key.data.aws_partition.current",
            "module.eks.aws_cloudwatch_log_group.this",
            "module.eks.aws_eks_cluster.this",
            "module.eks.aws_iam_role.this",
            "module.eks.aws_iam_role_policy_attachment.this",
            "module.eks.aws_security_group.cluster",
            "module.eks.aws_security_group.node",
            "module.eks.aws_security_group_rule.cluster",
            "module.eks.aws_security_group_rule.node",
            "module.eks.data.aws_iam_policy_document.assume_role_policy",
            "module.eks.data.aws_iam_session_context.current",
            "module.eks.data.aws_partition.current",
            "module.eks.module.eks_managed_node_group.aws_iam_role.this",
            "module.eks.module.eks_managed_node_group.aws_iam_role_policy_attachment.this",
            "module.eks.module.eks_managed_node_group.data.aws_caller_identity.current",
            "module.eks.module.eks_managed_node_group.data.aws_iam_policy_document.assume_role_policy",
            "module.eks.module.eks_managed_node_group.data.aws_partition.current",
            "module.eks.module.eks_managed_node_group.module.user_data.data.cloudinit_config.linux_eks_managed_node_group",
            "module.eks.module.kms.aws_kms_external_key.this",
            "module.eks.module.kms.aws_kms_key.this",
            "module.eks.module.kms.data.aws_caller_identity.current",
            "module.eks.module.kms.data.aws_iam_policy_document.this",
            "module.eks.module.kms.data.aws_partition.current",
            "module.key_pair.aws_key_pair.this",
            "module.key_pair.tls_private_key.this",
            "module.vpc.aws_subnet.intra",
            "module.vpc.aws_subnet.private",
            "module.vpc.aws_vpc.this",
            "module.vpc.aws_vpc_ipv4_cidr_block_association.this"
          ],
          "create_before_destroy": true
        }
      ]
    },
    {
      "module": "module.eks.module.eks_managed_node_group[\"containerd\"].module.user_data",
      "mode": "data",
      "type": "cloudinit_config",
      "name": "linux_eks_managed_node_group",
      "provider": "provider[\"registry.terraform.io/hashicorp/cloudinit\"]",
      "instances": [
        {
          "index_key": 0,
          "schema_version": 0,
          "attributes": {
            "base64_encode": true,
            "boundary": "//",
            "gzip": false,
            "id": "2163793795",
            "part": [
              {
                "content": "#!/bin/bash\nset -ex\ncat \u003c\u003c-EOF \u003e /etc/profile.d/bootstrap.sh\nexport CONTAINER_RUNTIME=\"containerd\"\nexport USE_MAX_PODS=false\nexport KUBELET_EXTRA_ARGS=\"--max-pods=110\"\nEOF\n# Source extra environment variables in bootstrap script\nsed -i '/^set -o errexit/a\\\\nsource /etc/profile.d/bootstrap.sh' /etc/eks/bootstrap.sh\n",
                "content_type": "text/x-shellscript",
                "filename": "",
                "merge_type": ""
              }
            ],
            "rendered": "Q29udGVudC1UeXBlOiBtdWx0aXBhcnQvbWl4ZWQ7IGJvdW5kYXJ5PSIvLyIKTUlNRS1WZXJzaW9uOiAxLjANCg0KLS0vLw0KQ29udGVudC1UcmFuc2Zlci1FbmNvZGluZzogN2JpdA0KQ29udGVudC1UeXBlOiB0ZXh0L3gtc2hlbGxzY3JpcHQNCk1pbWUtVmVyc2lvbjogMS4wDQoNCiMhL2Jpbi9iYXNoCnNldCAtZXgKY2F0IDw8LUVPRiA+IC9ldGMvcHJvZmlsZS5kL2Jvb3RzdHJhcC5zaApleHBvcnQgQ09OVEFJTkVSX1JVTlRJTUU9ImNvbnRhaW5lcmQiCmV4cG9ydCBVU0VfTUFYX1BPRFM9ZmFsc2UKZXhwb3J0IEtVQkVMRVRfRVhUUkFfQVJHUz0iLS1tYXgtcG9kcz0xMTAiCkVPRgojIFNvdXJjZSBleHRyYSBlbnZpcm9ubWVudCB2YXJpYWJsZXMgaW4gYm9vdHN0cmFwIHNjcmlwdApzZWQgLWkgJy9ec2V0IC1vIGVycmV4aXQvYVxcbnNvdXJjZSAvZXRjL3Byb2ZpbGUuZC9ib290c3RyYXAuc2gnIC9ldGMvZWtzL2Jvb3RzdHJhcC5zaAoNCi0tLy8tLQ0K"
          },
          "sensitive_attributes": []
        }
      ]
    },
    {
      "module": "module.eks.module.eks_managed_node_group[\"custom_ami\"]",
      "mode": "data",
      "type": "aws_caller_identity",
      "name": "current",
      "provider": "provider[\"registry.terraform.io/hashicorp/aws\"]",
      "instances": [
        {
          "schema_version": 0,
          "attributes": {
            "account_id": "832611670348",
            "arn": "arn:aws:iam::832611670348:user/masterclass",
            "id": "832611670348",
            "user_id": "AIDA4DW4F3FGBVAS6I4WT"
          },
          "sensitive_attributes": []
        }
      ]
    },
    {
      "module": "module.eks.module.eks_managed_node_group[\"custom_ami\"]",
      "mode": "data",
      "type": "aws_iam_policy_document",
      "name": "assume_role_policy",
      "provider": "provider[\"registry.terraform.io/hashicorp/aws\"]",
      "instances": [
        {
          "index_key": 0,
          "schema_version": 0,
          "attributes": {
            "id": "2560088296",
            "json": "{\n  \"Version\": \"2012-10-17\",\n  \"Statement\": [\n    {\n      \"Sid\": \"EKSNodeAssumeRole\",\n      \"Effect\": \"Allow\",\n      \"Action\": \"sts:AssumeRole\",\n      \"Principal\": {\n        \"Service\": \"ec2.amazonaws.com\"\n      }\n    }\n  ]\n}",
            "override_json": null,
            "override_policy_documents": null,
            "policy_id": null,
            "source_json": null,
            "source_policy_documents": null,
            "statement": [
              {
                "actions": [
                  "sts:AssumeRole"
                ],
                "condition": [],
                "effect": "Allow",
                "not_actions": [],
                "not_principals": [],
                "not_resources": [],
                "principals": [
                  {
                    "identifiers": [
                      "ec2.amazonaws.com"
                    ],
                    "type": "Service"
                  }
                ],
                "resources": [],
                "sid": "EKSNodeAssumeRole"
              }
            ],
            "version": "2012-10-17"
          },
          "sensitive_attributes": []
        }
      ]
    },
    {
      "module": "module.eks.module.eks_managed_node_group[\"custom_ami\"]",
      "mode": "data",
      "type": "aws_partition",
      "name": "current",
      "provider": "provider[\"registry.terraform.io/hashicorp/aws\"]",
      "instances": [
        {
          "schema_version": 0,
          "attributes": {
            "dns_suffix": "amazonaws.com",
            "id": "aws",
            "partition": "aws",
            "reverse_dns_prefix": "com.amazonaws"
          },
          "sensitive_attributes": []
        }
      ]
    },
    {
      "module": "module.eks.module.eks_managed_node_group[\"custom_ami\"]",
      "mode": "managed",
      "type": "aws_iam_role",
      "name": "this",
      "provider": "provider[\"registry.terraform.io/hashicorp/aws\"]",
      "instances": [
        {
          "index_key": 0,
          "schema_version": 0,
          "attributes": {
            "arn": "arn:aws:iam::832611670348:role/custom_ami-eks-node-group-20230120233951153900000015",
            "assume_role_policy": "{\"Statement\":[{\"Action\":\"sts:AssumeRole\",\"Effect\":\"Allow\",\"Principal\":{\"Service\":\"ec2.amazonaws.com\"},\"Sid\":\"EKSNodeAssumeRole\"}],\"Version\":\"2012-10-17\"}",
            "create_date": "2023-01-20T23:39:51Z",
            "description": "EKS managed node group IAM role",
            "force_detach_policies": true,
            "id": "custom_ami-eks-node-group-20230120233951153900000015",
            "inline_policy": [],
            "managed_policy_arns": [],
            "max_session_duration": 3600,
            "name": "custom_ami-eks-node-group-20230120233951153900000015",
            "name_prefix": "custom_ami-eks-node-group-",
            "path": "/",
            "permissions_boundary": null,
            "tags": {
              "Example": "ex-fluxcd",
              "GithubOrg": "terraform-aws-modules",
              "GithubRepo": "terraform-aws-eks"
            },
            "tags_all": {
              "Example": "ex-fluxcd",
              "GithubOrg": "terraform-aws-modules",
              "GithubRepo": "terraform-aws-eks"
            },
            "unique_id": "AROA4DW4F3FGDT5BQ6IJU"
          },
          "sensitive_attributes": [],
          "private": "bnVsbA==",
          "dependencies": [
            "aws_iam_policy.node_additional",
            "aws_security_group.remote_access",
            "data.aws_ami.eks_default",
            "data.aws_ami.eks_default_arm",
            "data.aws_ami.eks_default_bottlerocket",
            "data.aws_availability_zones.available",
            "data.aws_caller_identity.current",
            "module.ebs_kms_key.aws_kms_external_key.this",
            "module.ebs_kms_key.aws_kms_key.this",
            "module.ebs_kms_key.data.aws_caller_identity.current",
            "module.ebs_kms_key.data.aws_iam_policy_document.this",
            "module.ebs_kms_key.data.aws_partition.current",
            "module.eks.aws_iam_role.this",
            "module.eks.data.aws_iam_policy_document.assume_role_policy",
            "module.eks.module.eks_managed_node_group.data.aws_iam_policy_document.assume_role_policy",
            "module.key_pair.aws_key_pair.this",
            "module.key_pair.tls_private_key.this",
            "module.vpc.aws_subnet.private",
            "module.vpc.aws_vpc.this",
            "module.vpc.aws_vpc_ipv4_cidr_block_association.this"
          ],
          "create_before_destroy": true
        }
      ]
    },
    {
      "module": "module.eks.module.eks_managed_node_group[\"custom_ami\"]",
      "mode": "managed",
      "type": "aws_iam_role_policy_attachment",
      "name": "this",
      "provider": "provider[\"registry.terraform.io/hashicorp/aws\"]",
      "instances": [
        {
          "index_key": "arn:aws:iam::aws:policy/AmazonEC2ContainerRegistryReadOnly",
          "schema_version": 0,
          "attributes": {
            "id": "custom_ami-eks-node-group-20230120233951153900000015-20230120233955470500000029",
            "policy_arn": "arn:aws:iam::aws:policy/AmazonEC2ContainerRegistryReadOnly",
            "role": "custom_ami-eks-node-group-20230120233951153900000015"
          },
          "sensitive_attributes": [],
          "private": "bnVsbA==",
          "dependencies": [
            "aws_iam_policy.node_additional",
            "aws_security_group.remote_access",
            "data.aws_ami.eks_default",
            "data.aws_ami.eks_default_arm",
            "data.aws_ami.eks_default_bottlerocket",
            "data.aws_availability_zones.available",
            "data.aws_caller_identity.current",
            "module.ebs_kms_key.aws_kms_external_key.this",
            "module.ebs_kms_key.aws_kms_key.this",
            "module.ebs_kms_key.data.aws_caller_identity.current",
            "module.ebs_kms_key.data.aws_iam_policy_document.this",
            "module.ebs_kms_key.data.aws_partition.current",
            "module.eks.aws_iam_role.this",
            "module.eks.data.aws_iam_policy_document.assume_role_policy",
            "module.eks.module.eks_managed_node_group.aws_iam_role.this",
            "module.eks.module.eks_managed_node_group.data.aws_caller_identity.current",
            "module.eks.module.eks_managed_node_group.data.aws_iam_policy_document.assume_role_policy",
            "module.eks.module.eks_managed_node_group.data.aws_partition.current",
            "module.key_pair.aws_key_pair.this",
            "module.key_pair.tls_private_key.this",
            "module.vpc.aws_subnet.private",
            "module.vpc.aws_vpc.this",
            "module.vpc.aws_vpc_ipv4_cidr_block_association.this"
          ],
          "create_before_destroy": true
        },
        {
          "index_key": "arn:aws:iam::aws:policy/AmazonEKSWorkerNodePolicy",
          "schema_version": 0,
          "attributes": {
            "id": "custom_ami-eks-node-group-20230120233951153900000015-20230120233955458500000027",
            "policy_arn": "arn:aws:iam::aws:policy/AmazonEKSWorkerNodePolicy",
            "role": "custom_ami-eks-node-group-20230120233951153900000015"
          },
          "sensitive_attributes": [],
          "private": "bnVsbA==",
          "dependencies": [
            "aws_iam_policy.node_additional",
            "aws_security_group.remote_access",
            "data.aws_ami.eks_default",
            "data.aws_ami.eks_default_arm",
            "data.aws_ami.eks_default_bottlerocket",
            "data.aws_availability_zones.available",
            "data.aws_caller_identity.current",
            "module.ebs_kms_key.aws_kms_external_key.this",
            "module.ebs_kms_key.aws_kms_key.this",
            "module.ebs_kms_key.data.aws_caller_identity.current",
            "module.ebs_kms_key.data.aws_iam_policy_document.this",
            "module.ebs_kms_key.data.aws_partition.current",
            "module.eks.aws_iam_role.this",
            "module.eks.data.aws_iam_policy_document.assume_role_policy",
            "module.eks.module.eks_managed_node_group.aws_iam_role.this",
            "module.eks.module.eks_managed_node_group.data.aws_caller_identity.current",
            "module.eks.module.eks_managed_node_group.data.aws_iam_policy_document.assume_role_policy",
            "module.eks.module.eks_managed_node_group.data.aws_partition.current",
            "module.key_pair.aws_key_pair.this",
            "module.key_pair.tls_private_key.this",
            "module.vpc.aws_subnet.private",
            "module.vpc.aws_vpc.this",
            "module.vpc.aws_vpc_ipv4_cidr_block_association.this"
          ],
          "create_before_destroy": true
        },
        {
          "index_key": "arn:aws:iam::aws:policy/AmazonEKS_CNI_Policy",
          "schema_version": 0,
          "attributes": {
            "id": "custom_ami-eks-node-group-20230120233951153900000015-20230120233955464200000028",
            "policy_arn": "arn:aws:iam::aws:policy/AmazonEKS_CNI_Policy",
            "role": "custom_ami-eks-node-group-20230120233951153900000015"
          },
          "sensitive_attributes": [],
          "private": "bnVsbA==",
          "dependencies": [
            "aws_iam_policy.node_additional",
            "aws_security_group.remote_access",
            "data.aws_ami.eks_default",
            "data.aws_ami.eks_default_arm",
            "data.aws_ami.eks_default_bottlerocket",
            "data.aws_availability_zones.available",
            "data.aws_caller_identity.current",
            "module.ebs_kms_key.aws_kms_external_key.this",
            "module.ebs_kms_key.aws_kms_key.this",
            "module.ebs_kms_key.data.aws_caller_identity.current",
            "module.ebs_kms_key.data.aws_iam_policy_document.this",
            "module.ebs_kms_key.data.aws_partition.current",
            "module.eks.aws_iam_role.this",
            "module.eks.data.aws_iam_policy_document.assume_role_policy",
            "module.eks.module.eks_managed_node_group.aws_iam_role.this",
            "module.eks.module.eks_managed_node_group.data.aws_caller_identity.current",
            "module.eks.module.eks_managed_node_group.data.aws_iam_policy_document.assume_role_policy",
            "module.eks.module.eks_managed_node_group.data.aws_partition.current",
            "module.key_pair.aws_key_pair.this",
            "module.key_pair.tls_private_key.this",
            "module.vpc.aws_subnet.private",
            "module.vpc.aws_vpc.this",
            "module.vpc.aws_vpc_ipv4_cidr_block_association.this"
          ],
          "create_before_destroy": true
        }
      ]
    },
    {
      "module": "module.eks.module.eks_managed_node_group[\"custom_ami\"]",
      "mode": "managed",
      "type": "aws_launch_template",
      "name": "this",
      "provider": "provider[\"registry.terraform.io/hashicorp/aws\"]",
      "instances": [
        {
          "index_key": 0,
          "schema_version": 0,
          "attributes": {
            "arn": "arn:aws:ec2:eu-west-1:832611670348:launch-template/lt-070c00f983ca9003a",
            "block_device_mappings": [],
            "capacity_reservation_specification": [],
            "cpu_options": [],
            "credit_specification": [],
            "default_version": 1,
            "description": "Custom launch template for custom_ami EKS managed node group",
            "disable_api_stop": false,
            "disable_api_termination": false,
            "ebs_optimized": "",
            "elastic_gpu_specifications": [],
            "elastic_inference_accelerator": [],
            "enclave_options": [],
            "hibernation_options": [],
            "iam_instance_profile": [],
            "id": "lt-070c00f983ca9003a",
            "image_id": "ami-0d0dabb5c7aa28fe1",
            "instance_initiated_shutdown_behavior": "",
            "instance_market_options": [],
            "instance_requirements": [],
            "instance_type": "",
            "kernel_id": "",
            "key_name": "",
            "latest_version": 1,
            "license_specification": [],
            "maintenance_options": [],
            "metadata_options": [
              {
                "http_endpoint": "enabled",
                "http_protocol_ipv6": "disabled",
                "http_put_response_hop_limit": 2,
                "http_tokens": "required",
                "instance_metadata_tags": "disabled"
              }
            ],
            "monitoring": [
              {
                "enabled": true
              }
            ],
            "name": "custom_ami-20230120234908278800000036",
            "name_prefix": "custom_ami-",
            "network_interfaces": [],
            "placement": [],
            "private_dns_name_options": [],
            "ram_disk_id": "",
            "security_group_names": null,
            "tag_specifications": [
              {
                "resource_type": "instance",
                "tags": {
                  "Example": "ex-fluxcd",
                  "GithubOrg": "terraform-aws-modules",
                  "GithubRepo": "terraform-aws-eks",
                  "Name": "custom_ami"
                }
              },
              {
                "resource_type": "network-interface",
                "tags": {
                  "Example": "ex-fluxcd",
                  "GithubOrg": "terraform-aws-modules",
                  "GithubRepo": "terraform-aws-eks",
                  "Name": "custom_ami"
                }
              },
              {
                "resource_type": "volume",
                "tags": {
                  "Example": "ex-fluxcd",
                  "GithubOrg": "terraform-aws-modules",
                  "GithubRepo": "terraform-aws-eks",
                  "Name": "custom_ami"
                }
              }
            ],
            "tags": {
              "Example": "ex-fluxcd",
              "GithubOrg": "terraform-aws-modules",
              "GithubRepo": "terraform-aws-eks"
            },
            "tags_all": {
              "Example": "ex-fluxcd",
              "GithubOrg": "terraform-aws-modules",
              "GithubRepo": "terraform-aws-eks"
            },
            "update_default_version": true,
            "user_data": "IyEvYmluL2Jhc2gKc2V0IC1lCkI2NF9DTFVTVEVSX0NBPUxTMHRMUzFDUlVkSlRpQkRSVkpVU1VaSlEwRlVSUzB0TFMwdENrMUpTVU12YWtORFFXVmhaMEYzU1VKQlowbENRVVJCVGtKbmEzRm9hMmxIT1hjd1FrRlJjMFpCUkVGV1RWSk5kMFZSV1VSV1VWRkVSWGR3Y21SWFNtd0tZMjAxYkdSSFZucE5RalJZUkZSSmVrMUVSWGxOUkVsNlRrUlJNVTVHYjFoRVZFMTZUVVJGZUU1NlNYcE9SRkV4VGtadmQwWlVSVlJOUWtWSFFURlZSUXBCZUUxTFlUTldhVnBZU25WYVdGSnNZM3BEUTBGVFNYZEVVVmxLUzI5YVNXaDJZMDVCVVVWQ1FsRkJSR2RuUlZCQlJFTkRRVkZ2UTJkblJVSkJUakpFQ25oNGFuQklUV3hQZVVweU9IcEZhVlZ3UlVGUlZFVnlSREl2Y21WNE5IRmxURzEwYkRkWmVUUlFZek5XT1Zwd2NuVXhkMk5MYnpOa01sUlZibEF2YUU4S0t6Uk1hMnAxZG5Gb2VGQjRZVlJXVUZCbWNUZGhOSGxQVkRSRVprOWhlVVJxU1VWUVVtWTVaRGczWjNkeVZtTmFjMVpRU21GeU1VbGhWMFJTSzNNNWJRcHVNV3BOVldWclNqaEdja3RXWXlzME1YZDNjVzE0ZDBOSlIyaEdXWEY0U25GNlYyZE5jbVZ0Yms4M1ZsQm1aa0ppZDJ4NmJrcFFVWGgwU1ZCbFp6ZE9DalZVZFhadGRUTXdabVpGWTFaUU9FTTFLMnBNYUhkTU4wWmtWVmxxTlN0aWJrTnhOMFJhYW5kUGRYZE5OVWcyZUd4c1VFOTRTazkwTHpoRWFtNDBSVXNLWWxKWldqVndXV2RYTmxFMlExUkxiWGx1YTJOSWRXaGpjek5NU0dKWU1GTmlTVUY1UmtsaVlqZFhWbk55WkZoWmVVTmliRGROTDBWWE9WTlNURXhaVlFwdGJWaEJSQzlCWWpack1GSjFVVFpFTkhsalEwRjNSVUZCWVU1YVRVWmpkMFJuV1VSV1VqQlFRVkZJTDBKQlVVUkJaMHRyVFVFNFIwRXhWV1JGZDBWQ0NpOTNVVVpOUVUxQ1FXWTRkMGhSV1VSV1VqQlBRa0paUlVaTldUUkZTVWRaVUVJeWEyRk5la3BtYm5RNFFWcEhhbU5ZWXl0TlFsVkhRVEZWWkVWUlVVOEtUVUY1UTBOdGRERlpiVlo1WW0xV01GcFlUWGRFVVZsS1MyOWFTV2gyWTA1QlVVVk1RbEZCUkdkblJVSkJRVlJ1WTNKMGVqWmxabVZsWWxwVVVrWTRaUXBWTlhGaVZsWXJXbVZJT0RFdlJHZ3ljSEp5YUhaSFRWTm9SekJsWnl0b1NFbE9TRGhpZDBrNGVHRkljV0ZaWldneGVrNTVVRU5sVjFWd1JWWkNjRlo1Q2pkWU5uQTNjSFF6ZVd0MGQwb3lkekF3ZG5ONGFTdHFTVGRFTm10Mk1USlVVV3RGYXpGYWVETXlkemRxTWtVNGVVVkhTalp1ZG1GbVExTm1kbnBSUldFS1JrdHZla0ZGU0ZRelRrRjJkMUJSVGpWU1lWQkZlV2hNTW01aFN6VkJNMk0wSzIxTWVsQmxRMWRrUmxoVGRIRnJPVVpYVFhoRldtbEphVE5zWm5sVk1nbzFja1ZWT1c0MGIySlZNVVkzZWpSTFpVWnRSR2xUZEhBNWNWUmtlVzAwT0d4Rk1HNDJRVkpHU21vd1NpOVNWMEpQU21wWlVVWnBPR3hYYVV0M1ZrRXpDbXhpU0N0cWVsTlVWRUpIWjFCUFJWbGpXV0Z1TWxWUmNEaFNaRVJFZDFJd2VTOXVZaXRLVGxsNFFYZDJNMDFOY1RoUldEZzRNVzF6V2xsV2RFd3lUWE1LYW5wdlBRb3RMUzB0TFVWT1JDQkRSVkpVU1VaSlEwRlVSUzB0TFMwdENnPT0KQVBJX1NFUlZFUl9VUkw9aHR0cHM6Ly8zMEIwQkEyRkFFNDhFMEJGMDlDQkVDRDdBQjgxOTI3Ni55bDQuZXUtd2VzdC0xLmVrcy5hbWF6b25hd3MuY29tCi9ldGMvZWtzL2Jvb3RzdHJhcC5zaCBleC1mbHV4Y2QgIC0tYjY0LWNsdXN0ZXItY2EgJEI2NF9DTFVTVEVSX0NBIC0tYXBpc2VydmVyLWVuZHBvaW50ICRBUElfU0VSVkVSX1VSTAo=",
            "vpc_security_group_ids": [
              "sg-09c39117a03f36d64"
            ]
          },
          "sensitive_attributes": [],
          "private": "bnVsbA==",
          "dependencies": [
            "aws_iam_policy.node_additional",
            "aws_security_group.remote_access",
            "data.aws_ami.eks_default",
            "data.aws_ami.eks_default_arm",
            "data.aws_ami.eks_default_bottlerocket",
            "data.aws_availability_zones.available",
            "data.aws_caller_identity.current",
            "module.ebs_kms_key.aws_kms_external_key.this",
            "module.ebs_kms_key.aws_kms_key.this",
            "module.ebs_kms_key.data.aws_caller_identity.current",
            "module.ebs_kms_key.data.aws_iam_policy_document.this",
            "module.ebs_kms_key.data.aws_partition.current",
            "module.eks.aws_cloudwatch_log_group.this",
            "module.eks.aws_eks_cluster.this",
            "module.eks.aws_iam_role.this",
            "module.eks.aws_iam_role_policy_attachment.this",
            "module.eks.aws_security_group.cluster",
            "module.eks.aws_security_group.node",
            "module.eks.aws_security_group_rule.cluster",
            "module.eks.aws_security_group_rule.node",
            "module.eks.data.aws_iam_policy_document.assume_role_policy",
            "module.eks.data.aws_iam_session_context.current",
            "module.eks.data.aws_partition.current",
            "module.eks.module.eks_managed_node_group.aws_iam_role.this",
            "module.eks.module.eks_managed_node_group.aws_iam_role_policy_attachment.this",
            "module.eks.module.eks_managed_node_group.data.aws_caller_identity.current",
            "module.eks.module.eks_managed_node_group.data.aws_iam_policy_document.assume_role_policy",
            "module.eks.module.eks_managed_node_group.data.aws_partition.current",
            "module.eks.module.eks_managed_node_group.module.user_data.data.cloudinit_config.linux_eks_managed_node_group",
            "module.eks.module.kms.aws_kms_external_key.this",
            "module.eks.module.kms.aws_kms_key.this",
            "module.eks.module.kms.data.aws_caller_identity.current",
            "module.eks.module.kms.data.aws_iam_policy_document.this",
            "module.eks.module.kms.data.aws_partition.current",
            "module.key_pair.aws_key_pair.this",
            "module.key_pair.tls_private_key.this",
            "module.vpc.aws_subnet.intra",
            "module.vpc.aws_subnet.private",
            "module.vpc.aws_vpc.this",
            "module.vpc.aws_vpc_ipv4_cidr_block_association.this"
          ],
          "create_before_destroy": true
        }
      ]
    },
    {
      "module": "module.eks.module.eks_managed_node_group[\"default_node_group\"]",
      "mode": "data",
      "type": "aws_caller_identity",
      "name": "current",
      "provider": "provider[\"registry.terraform.io/hashicorp/aws\"]",
      "instances": [
        {
          "schema_version": 0,
          "attributes": {
            "account_id": "832611670348",
            "arn": "arn:aws:iam::832611670348:user/masterclass",
            "id": "832611670348",
            "user_id": "AIDA4DW4F3FGBVAS6I4WT"
          },
          "sensitive_attributes": []
        }
      ]
    },
    {
      "module": "module.eks.module.eks_managed_node_group[\"default_node_group\"]",
      "mode": "data",
      "type": "aws_iam_policy_document",
      "name": "assume_role_policy",
      "provider": "provider[\"registry.terraform.io/hashicorp/aws\"]",
      "instances": [
        {
          "index_key": 0,
          "schema_version": 0,
          "attributes": {
            "id": "2560088296",
            "json": "{\n  \"Version\": \"2012-10-17\",\n  \"Statement\": [\n    {\n      \"Sid\": \"EKSNodeAssumeRole\",\n      \"Effect\": \"Allow\",\n      \"Action\": \"sts:AssumeRole\",\n      \"Principal\": {\n        \"Service\": \"ec2.amazonaws.com\"\n      }\n    }\n  ]\n}",
            "override_json": null,
            "override_policy_documents": null,
            "policy_id": null,
            "source_json": null,
            "source_policy_documents": null,
            "statement": [
              {
                "actions": [
                  "sts:AssumeRole"
                ],
                "condition": [],
                "effect": "Allow",
                "not_actions": [],
                "not_principals": [],
                "not_resources": [],
                "principals": [
                  {
                    "identifiers": [
                      "ec2.amazonaws.com"
                    ],
                    "type": "Service"
                  }
                ],
                "resources": [],
                "sid": "EKSNodeAssumeRole"
              }
            ],
            "version": "2012-10-17"
          },
          "sensitive_attributes": []
        }
      ]
    },
    {
      "module": "module.eks.module.eks_managed_node_group[\"default_node_group\"]",
      "mode": "data",
      "type": "aws_partition",
      "name": "current",
      "provider": "provider[\"registry.terraform.io/hashicorp/aws\"]",
      "instances": [
        {
          "schema_version": 0,
          "attributes": {
            "dns_suffix": "amazonaws.com",
            "id": "aws",
            "partition": "aws",
            "reverse_dns_prefix": "com.amazonaws"
          },
          "sensitive_attributes": []
        }
      ]
    },
    {
      "module": "module.eks.module.eks_managed_node_group[\"default_node_group\"]",
      "mode": "managed",
      "type": "aws_eks_node_group",
      "name": "this",
      "provider": "provider[\"registry.terraform.io/hashicorp/aws\"]",
      "instances": [
        {
          "index_key": 0,
          "schema_version": 0,
          "attributes": {
            "ami_type": "AL2_x86_64",
            "arn": "arn:aws:eks:eu-west-1:832611670348:nodegroup/ex-fluxcd/default_node_group-20230120234909032700000044/2ec2e8cb-04b6-7f8e-8caf-503f8289bce5",
            "capacity_type": "ON_DEMAND",
            "cluster_name": "ex-fluxcd",
            "disk_size": 50,
            "force_update_version": null,
            "id": "ex-fluxcd:default_node_group-20230120234909032700000044",
            "instance_types": [
              "m6i.large",
              "m5.large",
              "m5n.large",
              "m5zn.large"
            ],
            "labels": null,
            "launch_template": [],
            "node_group_name": "default_node_group-20230120234909032700000044",
            "node_group_name_prefix": "default_node_group-",
            "node_role_arn": "arn:aws:iam::832611670348:role/default_node_group-eks-node-group-20230120233950940600000011",
            "release_version": "1.24.7-20230105",
            "remote_access": [
              {
                "ec2_ssh_key": "ex-fluxcd20230120233930410300000008",
                "source_security_group_ids": [
                  "sg-008e2921bfb6f0c6d"
                ]
              }
            ],
            "resources": [
              {
                "autoscaling_groups": [
                  {
                    "name": "eks-default_node_group-20230120234909032700000044-2ec2e8cb-04b6-7f8e-8caf-503f8289bce5"
                  }
                ],
                "remote_access_security_group_id": "sg-0099ddf456dbf509b"
              }
            ],
            "scaling_config": [
              {
                "desired_size": 1,
                "max_size": 3,
                "min_size": 1
              }
            ],
            "status": "ACTIVE",
            "subnet_ids": [
              "subnet-0369e7a678a97fe7d",
              "subnet-05a8df5705c949ec7",
              "subnet-09194fbe54de96b47"
            ],
            "tags": {
              "Example": "ex-fluxcd",
              "GithubOrg": "terraform-aws-modules",
              "GithubRepo": "terraform-aws-eks",
              "Name": "default_node_group"
            },
            "tags_all": {
              "Example": "ex-fluxcd",
              "GithubOrg": "terraform-aws-modules",
              "GithubRepo": "terraform-aws-eks",
              "Name": "default_node_group"
            },
            "taint": [],
            "timeouts": {
              "create": null,
              "delete": null,
              "update": null
            },
            "update_config": [
              {
                "max_unavailable": 0,
                "max_unavailable_percentage": 33
              }
            ],
            "version": "1.24"
          },
          "sensitive_attributes": [],
          "private": "eyJlMmJmYjczMC1lY2FhLTExZTYtOGY4OC0zNDM2M2JjN2M0YzAiOnsiY3JlYXRlIjozNjAwMDAwMDAwMDAwLCJkZWxldGUiOjM2MDAwMDAwMDAwMDAsInVwZGF0ZSI6MzYwMDAwMDAwMDAwMH19",
          "dependencies": [
            "aws_iam_policy.node_additional",
            "aws_security_group.remote_access",
            "data.aws_ami.eks_default",
            "data.aws_ami.eks_default_arm",
            "data.aws_ami.eks_default_bottlerocket",
            "data.aws_availability_zones.available",
            "data.aws_caller_identity.current",
            "module.ebs_kms_key.aws_kms_external_key.this",
            "module.ebs_kms_key.aws_kms_key.this",
            "module.ebs_kms_key.data.aws_caller_identity.current",
            "module.ebs_kms_key.data.aws_iam_policy_document.this",
            "module.ebs_kms_key.data.aws_partition.current",
            "module.eks.aws_cloudwatch_log_group.this",
            "module.eks.aws_eks_cluster.this",
            "module.eks.aws_iam_role.this",
            "module.eks.aws_iam_role_policy_attachment.this",
            "module.eks.aws_security_group.cluster",
            "module.eks.aws_security_group.node",
            "module.eks.aws_security_group_rule.cluster",
            "module.eks.aws_security_group_rule.node",
            "module.eks.data.aws_iam_policy_document.assume_role_policy",
            "module.eks.data.aws_iam_session_context.current",
            "module.eks.data.aws_partition.current",
            "module.eks.module.eks_managed_node_group.aws_iam_role.this",
            "module.eks.module.eks_managed_node_group.aws_iam_role_policy_attachment.this",
            "module.eks.module.eks_managed_node_group.aws_launch_template.this",
            "module.eks.module.eks_managed_node_group.data.aws_caller_identity.current",
            "module.eks.module.eks_managed_node_group.data.aws_iam_policy_document.assume_role_policy",
            "module.eks.module.eks_managed_node_group.data.aws_partition.current",
            "module.eks.module.eks_managed_node_group.module.user_data.data.cloudinit_config.linux_eks_managed_node_group",
            "module.eks.module.kms.aws_kms_external_key.this",
            "module.eks.module.kms.aws_kms_key.this",
            "module.eks.module.kms.data.aws_caller_identity.current",
            "module.eks.module.kms.data.aws_iam_policy_document.this",
            "module.eks.module.kms.data.aws_partition.current",
            "module.key_pair.aws_key_pair.this",
            "module.key_pair.tls_private_key.this",
            "module.vpc.aws_subnet.intra",
            "module.vpc.aws_subnet.private",
            "module.vpc.aws_vpc.this",
            "module.vpc.aws_vpc_ipv4_cidr_block_association.this"
          ],
          "create_before_destroy": true
        }
      ]
    },
    {
      "module": "module.eks.module.eks_managed_node_group[\"default_node_group\"]",
      "mode": "managed",
      "type": "aws_iam_role",
      "name": "this",
      "provider": "provider[\"registry.terraform.io/hashicorp/aws\"]",
      "instances": [
        {
          "index_key": 0,
          "schema_version": 0,
          "attributes": {
            "arn": "arn:aws:iam::832611670348:role/default_node_group-eks-node-group-20230120233950940600000011",
            "assume_role_policy": "{\"Statement\":[{\"Action\":\"sts:AssumeRole\",\"Effect\":\"Allow\",\"Principal\":{\"Service\":\"ec2.amazonaws.com\"},\"Sid\":\"EKSNodeAssumeRole\"}],\"Version\":\"2012-10-17\"}",
            "create_date": "2023-01-20T23:39:51Z",
            "description": "EKS managed node group IAM role",
            "force_detach_policies": true,
            "id": "default_node_group-eks-node-group-20230120233950940600000011",
            "inline_policy": [],
            "managed_policy_arns": [],
            "max_session_duration": 3600,
            "name": "default_node_group-eks-node-group-20230120233950940600000011",
            "name_prefix": "default_node_group-eks-node-group-",
            "path": "/",
            "permissions_boundary": null,
            "tags": {
              "Example": "ex-fluxcd",
              "GithubOrg": "terraform-aws-modules",
              "GithubRepo": "terraform-aws-eks"
            },
            "tags_all": {
              "Example": "ex-fluxcd",
              "GithubOrg": "terraform-aws-modules",
              "GithubRepo": "terraform-aws-eks"
            },
            "unique_id": "AROA4DW4F3FGJMQFAXEZC"
          },
          "sensitive_attributes": [],
          "private": "bnVsbA==",
          "dependencies": [
            "aws_iam_policy.node_additional",
            "aws_security_group.remote_access",
            "data.aws_ami.eks_default",
            "data.aws_ami.eks_default_arm",
            "data.aws_ami.eks_default_bottlerocket",
            "data.aws_availability_zones.available",
            "data.aws_caller_identity.current",
            "module.ebs_kms_key.aws_kms_external_key.this",
            "module.ebs_kms_key.aws_kms_key.this",
            "module.ebs_kms_key.data.aws_caller_identity.current",
            "module.ebs_kms_key.data.aws_iam_policy_document.this",
            "module.ebs_kms_key.data.aws_partition.current",
            "module.eks.aws_iam_role.this",
            "module.eks.data.aws_iam_policy_document.assume_role_policy",
            "module.eks.module.eks_managed_node_group.data.aws_iam_policy_document.assume_role_policy",
            "module.key_pair.aws_key_pair.this",
            "module.key_pair.tls_private_key.this",
            "module.vpc.aws_subnet.private",
            "module.vpc.aws_vpc.this",
            "module.vpc.aws_vpc_ipv4_cidr_block_association.this"
          ],
          "create_before_destroy": true
        }
      ]
    },
    {
      "module": "module.eks.module.eks_managed_node_group[\"default_node_group\"]",
      "mode": "managed",
      "type": "aws_iam_role_policy_attachment",
      "name": "this",
      "provider": "provider[\"registry.terraform.io/hashicorp/aws\"]",
      "instances": [
        {
          "index_key": "arn:aws:iam::aws:policy/AmazonEC2ContainerRegistryReadOnly",
          "schema_version": 0,
          "attributes": {
            "id": "default_node_group-eks-node-group-20230120233950940600000011-20230120233953737400000019",
            "policy_arn": "arn:aws:iam::aws:policy/AmazonEC2ContainerRegistryReadOnly",
            "role": "default_node_group-eks-node-group-20230120233950940600000011"
          },
          "sensitive_attributes": [],
          "private": "bnVsbA==",
          "dependencies": [
            "aws_iam_policy.node_additional",
            "aws_security_group.remote_access",
            "data.aws_ami.eks_default",
            "data.aws_ami.eks_default_arm",
            "data.aws_ami.eks_default_bottlerocket",
            "data.aws_availability_zones.available",
            "data.aws_caller_identity.current",
            "module.ebs_kms_key.aws_kms_external_key.this",
            "module.ebs_kms_key.aws_kms_key.this",
            "module.ebs_kms_key.data.aws_caller_identity.current",
            "module.ebs_kms_key.data.aws_iam_policy_document.this",
            "module.ebs_kms_key.data.aws_partition.current",
            "module.eks.aws_iam_role.this",
            "module.eks.data.aws_iam_policy_document.assume_role_policy",
            "module.eks.module.eks_managed_node_group.aws_iam_role.this",
            "module.eks.module.eks_managed_node_group.data.aws_caller_identity.current",
            "module.eks.module.eks_managed_node_group.data.aws_iam_policy_document.assume_role_policy",
            "module.eks.module.eks_managed_node_group.data.aws_partition.current",
            "module.key_pair.aws_key_pair.this",
            "module.key_pair.tls_private_key.this",
            "module.vpc.aws_subnet.private",
            "module.vpc.aws_vpc.this",
            "module.vpc.aws_vpc_ipv4_cidr_block_association.this"
          ]
        },
        {
          "index_key": "arn:aws:iam::aws:policy/AmazonEKSWorkerNodePolicy",
          "schema_version": 0,
          "attributes": {
            "id": "default_node_group-eks-node-group-20230120233950940600000011-2023012023395413290000001b",
            "policy_arn": "arn:aws:iam::aws:policy/AmazonEKSWorkerNodePolicy",
            "role": "default_node_group-eks-node-group-20230120233950940600000011"
          },
          "sensitive_attributes": [],
          "private": "bnVsbA==",
          "dependencies": [
            "aws_iam_policy.node_additional",
            "aws_security_group.remote_access",
            "data.aws_ami.eks_default",
            "data.aws_ami.eks_default_arm",
            "data.aws_ami.eks_default_bottlerocket",
            "data.aws_availability_zones.available",
            "data.aws_caller_identity.current",
            "module.ebs_kms_key.aws_kms_external_key.this",
            "module.ebs_kms_key.aws_kms_key.this",
            "module.ebs_kms_key.data.aws_caller_identity.current",
            "module.ebs_kms_key.data.aws_iam_policy_document.this",
            "module.ebs_kms_key.data.aws_partition.current",
            "module.eks.aws_iam_role.this",
            "module.eks.data.aws_iam_policy_document.assume_role_policy",
            "module.eks.module.eks_managed_node_group.aws_iam_role.this",
            "module.eks.module.eks_managed_node_group.data.aws_caller_identity.current",
            "module.eks.module.eks_managed_node_group.data.aws_iam_policy_document.assume_role_policy",
            "module.eks.module.eks_managed_node_group.data.aws_partition.current",
            "module.key_pair.aws_key_pair.this",
            "module.key_pair.tls_private_key.this",
            "module.vpc.aws_subnet.private",
            "module.vpc.aws_vpc.this",
            "module.vpc.aws_vpc_ipv4_cidr_block_association.this"
          ]
        },
        {
          "index_key": "arn:aws:iam::aws:policy/AmazonEKS_CNI_Policy",
          "schema_version": 0,
          "attributes": {
            "id": "default_node_group-eks-node-group-20230120233950940600000011-2023012023395406050000001a",
            "policy_arn": "arn:aws:iam::aws:policy/AmazonEKS_CNI_Policy",
            "role": "default_node_group-eks-node-group-20230120233950940600000011"
          },
          "sensitive_attributes": [],
          "private": "bnVsbA==",
          "dependencies": [
            "aws_iam_policy.node_additional",
            "aws_security_group.remote_access",
            "data.aws_ami.eks_default",
            "data.aws_ami.eks_default_arm",
            "data.aws_ami.eks_default_bottlerocket",
            "data.aws_availability_zones.available",
            "data.aws_caller_identity.current",
            "module.ebs_kms_key.aws_kms_external_key.this",
            "module.ebs_kms_key.aws_kms_key.this",
            "module.ebs_kms_key.data.aws_caller_identity.current",
            "module.ebs_kms_key.data.aws_iam_policy_document.this",
            "module.ebs_kms_key.data.aws_partition.current",
            "module.eks.aws_iam_role.this",
            "module.eks.data.aws_iam_policy_document.assume_role_policy",
            "module.eks.module.eks_managed_node_group.aws_iam_role.this",
            "module.eks.module.eks_managed_node_group.data.aws_caller_identity.current",
            "module.eks.module.eks_managed_node_group.data.aws_iam_policy_document.assume_role_policy",
            "module.eks.module.eks_managed_node_group.data.aws_partition.current",
            "module.key_pair.aws_key_pair.this",
            "module.key_pair.tls_private_key.this",
            "module.vpc.aws_subnet.private",
            "module.vpc.aws_vpc.this",
            "module.vpc.aws_vpc_ipv4_cidr_block_association.this"
          ]
        }
      ]
    },
    {
      "module": "module.eks.module.kms",
      "mode": "data",
      "type": "aws_caller_identity",
      "name": "current",
      "provider": "provider[\"registry.terraform.io/hashicorp/aws\"]",
      "instances": [
        {
          "schema_version": 0,
          "attributes": {
            "account_id": "832611670348",
            "arn": "arn:aws:iam::832611670348:user/masterclass",
            "id": "832611670348",
            "user_id": "AIDA4DW4F3FGBVAS6I4WT"
          },
          "sensitive_attributes": []
        }
      ]
    },
    {
      "module": "module.eks.module.kms",
      "mode": "data",
      "type": "aws_iam_policy_document",
      "name": "this",
      "provider": "provider[\"registry.terraform.io/hashicorp/aws\"]",
      "instances": [
        {
          "index_key": 0,
          "schema_version": 0,
          "attributes": {
            "id": "495738995",
            "json": "{\n  \"Version\": \"2012-10-17\",\n  \"Statement\": [\n    {\n      \"Sid\": \"KeyAdministration\",\n      \"Effect\": \"Allow\",\n      \"Action\": [\n        \"kms:Update*\",\n        \"kms:UntagResource\",\n        \"kms:TagResource\",\n        \"kms:ScheduleKeyDeletion\",\n        \"kms:Revoke*\",\n        \"kms:Put*\",\n        \"kms:List*\",\n        \"kms:Get*\",\n        \"kms:Enable*\",\n        \"kms:Disable*\",\n        \"kms:Describe*\",\n        \"kms:Delete*\",\n        \"kms:Create*\",\n        \"kms:CancelKeyDeletion\"\n      ],\n      \"Resource\": \"*\",\n      \"Principal\": {\n        \"AWS\": \"arn:aws:iam::832611670348:user/masterclass\"\n      }\n    },\n    {\n      \"Sid\": \"KeyUsage\",\n      \"Effect\": \"Allow\",\n      \"Action\": [\n        \"kms:ReEncrypt*\",\n        \"kms:GenerateDataKey*\",\n        \"kms:Encrypt\",\n        \"kms:DescribeKey\",\n        \"kms:Decrypt\"\n      ],\n      \"Resource\": \"*\",\n      \"Principal\": {\n        \"AWS\": \"arn:aws:iam::832611670348:role/ex-fluxcd-cluster-20230120233926309800000002\"\n      }\n    }\n  ]\n}",
            "override_json": null,
            "override_policy_documents": null,
            "policy_id": null,
            "source_json": null,
            "source_policy_documents": null,
            "statement": [
              {
                "actions": [
                  "kms:CancelKeyDeletion",
                  "kms:Create*",
                  "kms:Delete*",
                  "kms:Describe*",
                  "kms:Disable*",
                  "kms:Enable*",
                  "kms:Get*",
                  "kms:List*",
                  "kms:Put*",
                  "kms:Revoke*",
                  "kms:ScheduleKeyDeletion",
                  "kms:TagResource",
                  "kms:UntagResource",
                  "kms:Update*"
                ],
                "condition": [],
                "effect": "Allow",
                "not_actions": [],
                "not_principals": [],
                "not_resources": [],
                "principals": [
                  {
                    "identifiers": [
                      "arn:aws:iam::832611670348:user/masterclass"
                    ],
                    "type": "AWS"
                  }
                ],
                "resources": [
                  "*"
                ],
                "sid": "KeyAdministration"
              },
              {
                "actions": [
                  "kms:Decrypt",
                  "kms:DescribeKey",
                  "kms:Encrypt",
                  "kms:GenerateDataKey*",
                  "kms:ReEncrypt*"
                ],
                "condition": [],
                "effect": "Allow",
                "not_actions": [],
                "not_principals": [],
                "not_resources": [],
                "principals": [
                  {
                    "identifiers": [
                      "arn:aws:iam::832611670348:role/ex-fluxcd-cluster-20230120233926309800000002"
                    ],
                    "type": "AWS"
                  }
                ],
                "resources": [
                  "*"
                ],
                "sid": "KeyUsage"
              }
            ],
            "version": "2012-10-17"
          },
          "sensitive_attributes": []
        }
      ]
    },
    {
      "module": "module.eks.module.kms",
      "mode": "data",
      "type": "aws_partition",
      "name": "current",
      "provider": "provider[\"registry.terraform.io/hashicorp/aws\"]",
      "instances": [
        {
          "schema_version": 0,
          "attributes": {
            "dns_suffix": "amazonaws.com",
            "id": "aws",
            "partition": "aws",
            "reverse_dns_prefix": "com.amazonaws"
          },
          "sensitive_attributes": []
        }
      ]
    },
    {
      "module": "module.eks.module.kms",
      "mode": "managed",
      "type": "aws_kms_alias",
      "name": "this",
      "provider": "provider[\"registry.terraform.io/hashicorp/aws\"]",
      "instances": [
        {
          "index_key": "cluster",
          "schema_version": 0,
          "attributes": {
            "arn": "arn:aws:kms:eu-west-1:832611670348:alias/eks/ex-fluxcd",
            "id": "alias/eks/ex-fluxcd",
            "name": "alias/eks/ex-fluxcd",
            "name_prefix": "",
            "target_key_arn": "arn:aws:kms:eu-west-1:832611670348:key/257f4b3a-267a-457a-bb24-08c7ecbbaa97",
            "target_key_id": "257f4b3a-267a-457a-bb24-08c7ecbbaa97"
          },
          "sensitive_attributes": [],
          "private": "bnVsbA==",
          "dependencies": [
            "module.eks.aws_iam_role.this",
            "module.eks.data.aws_iam_policy_document.assume_role_policy",
            "module.eks.data.aws_iam_session_context.current",
            "module.eks.module.kms.aws_kms_external_key.this",
            "module.eks.module.kms.aws_kms_key.this",
            "module.eks.module.kms.data.aws_caller_identity.current",
            "module.eks.module.kms.data.aws_iam_policy_document.this",
            "module.eks.module.kms.data.aws_partition.current"
          ]
        }
      ]
    },
    {
      "module": "module.eks.module.kms",
      "mode": "managed",
      "type": "aws_kms_key",
      "name": "this",
      "provider": "provider[\"registry.terraform.io/hashicorp/aws\"]",
      "instances": [
        {
          "index_key": 0,
          "schema_version": 0,
          "attributes": {
            "arn": "arn:aws:kms:eu-west-1:832611670348:key/257f4b3a-267a-457a-bb24-08c7ecbbaa97",
            "bypass_policy_lockout_safety_check": false,
            "custom_key_store_id": "",
            "customer_master_key_spec": "SYMMETRIC_DEFAULT",
            "deletion_window_in_days": null,
            "description": "ex-fluxcd cluster encryption key",
            "enable_key_rotation": true,
            "id": "257f4b3a-267a-457a-bb24-08c7ecbbaa97",
            "is_enabled": true,
            "key_id": "257f4b3a-267a-457a-bb24-08c7ecbbaa97",
            "key_usage": "ENCRYPT_DECRYPT",
            "multi_region": false,
            "policy": "{\"Statement\":[{\"Action\":[\"kms:Update*\",\"kms:UntagResource\",\"kms:TagResource\",\"kms:ScheduleKeyDeletion\",\"kms:Revoke*\",\"kms:Put*\",\"kms:List*\",\"kms:Get*\",\"kms:Enable*\",\"kms:Disable*\",\"kms:Describe*\",\"kms:Delete*\",\"kms:Create*\",\"kms:CancelKeyDeletion\"],\"Effect\":\"Allow\",\"Principal\":{\"AWS\":\"arn:aws:iam::832611670348:user/masterclass\"},\"Resource\":\"*\",\"Sid\":\"KeyAdministration\"},{\"Action\":[\"kms:ReEncrypt*\",\"kms:GenerateDataKey*\",\"kms:Encrypt\",\"kms:DescribeKey\",\"kms:Decrypt\"],\"Effect\":\"Allow\",\"Principal\":{\"AWS\":\"arn:aws:iam::832611670348:role/ex-fluxcd-cluster-20230120233926309800000002\"},\"Resource\":\"*\",\"Sid\":\"KeyUsage\"}],\"Version\":\"2012-10-17\"}",
            "tags": {
              "Example": "ex-fluxcd",
              "GithubOrg": "terraform-aws-modules",
              "GithubRepo": "terraform-aws-eks"
            },
            "tags_all": {
              "Example": "ex-fluxcd",
              "GithubOrg": "terraform-aws-modules",
              "GithubRepo": "terraform-aws-eks"
            }
          },
          "sensitive_attributes": [],
          "private": "bnVsbA==",
          "dependencies": [
            "module.eks.aws_iam_role.this",
            "module.eks.data.aws_iam_policy_document.assume_role_policy",
            "module.eks.data.aws_iam_session_context.current",
            "module.eks.module.kms.data.aws_caller_identity.current",
            "module.eks.module.kms.data.aws_iam_policy_document.this",
            "module.eks.module.kms.data.aws_partition.current"
          ],
          "create_before_destroy": true
        }
      ]
    },
    {
      "module": "module.key_pair",
      "mode": "managed",
      "type": "aws_key_pair",
      "name": "this",
      "provider": "provider[\"registry.terraform.io/hashicorp/aws\"]",
      "instances": [
        {
          "index_key": 0,
          "schema_version": 1,
          "attributes": {
            "arn": "arn:aws:ec2:eu-west-1:832611670348:key-pair/ex-fluxcd20230120233930410300000008",
            "fingerprint": "ff:0d:76:6f:2f:d3:03:42:df:da:d9:98:2c:ab:88:74",
            "id": "ex-fluxcd20230120233930410300000008",
            "key_name": "ex-fluxcd20230120233930410300000008",
            "key_name_prefix": "ex-fluxcd",
            "key_pair_id": "key-0c8f4622ebf8ffcac",
            "key_type": "rsa",
            "public_key": "ssh-rsa AAAAB3NzaC1yc2EAAAADAQABAAACAQDdtK4RSCIObpTQnVi9ZEO/fTzLSY9NcMP0jjHJxblp4IfmsIp8sOkThESpsWgKXjxo3iwUesFsvSiKyad7ra7CYt4m++3rf5C6D11+NC2cj87tPwS8oleZp52AzK0x9bs0dKOCm7pIYihNApOY/aEAqOTH3MX+BBjnjgYHYKezdVJUqz6uUs+liQOoRI0X8aFg4bYUX2ZKFTA23MBNHDzgD0q4ebYALkBo4ExTZ5SpwpQwJpLk/yDkyi/nl21XVU/ybUAHMTJt5kKwJ1MSw0pyMV0EroB4WMildUEJvPcDzgu9ydG33OLpJH4tryeFastkmVQEQz0B2OMy+TyPrbLeQM+eq8Stoojzr4togIwYTKn7OquntjMaFrucm+pdaBLHvNlMyxHjPNaaw2f1ToFGZESHOdSTjMN/YLwMy4NGb+EwbMpTtJiCXPJx3XQcS+WyP3E84pK3bbVe3q2RMEkHZo/4JbhPAvGBsI+kf7uF36G8tjpU2Vsta8xaXsLN2TpbDdU/MzCPMzShjEoGMQpnQ/FCXJHCZ5Yo88thHXpbebTU602fYqkB6DU2t27es2WD6FnNC58d9LBL17SGx/Rnhos65RQFspouti7Aa4KhJGFQpUTmRuZTIjbHtMsszSaw1O7tnrxvQHHUif07e2mIFnYn9rkOIbg35Skkz0x5Fw==",
            "tags": {
              "Example": "ex-fluxcd",
              "GithubOrg": "terraform-aws-modules",
              "GithubRepo": "terraform-aws-eks"
            },
            "tags_all": {
              "Example": "ex-fluxcd",
              "GithubOrg": "terraform-aws-modules",
              "GithubRepo": "terraform-aws-eks"
            }
          },
          "sensitive_attributes": [],
          "private": "eyJzY2hlbWFfdmVyc2lvbiI6IjEifQ==",
          "dependencies": [
            "module.key_pair.tls_private_key.this"
          ],
          "create_before_destroy": true
        }
      ]
    },
    {
      "module": "module.key_pair",
      "mode": "managed",
      "type": "tls_private_key",
      "name": "this",
      "provider": "provider[\"registry.terraform.io/hashicorp/tls\"]",
      "instances": [
        {
          "index_key": 0,
          "schema_version": 1,
          "attributes": {
            "algorithm": "RSA",
            "ecdsa_curve": "P224",
            "id": "a58faeb1101329d333803e3ed08dfeb7987f9133",
            "private_key_openssh": "-----BEGIN OPENSSH PRIVATE KEY-----\nb3BlbnNzaC1rZXktdjEAAAAABG5vbmUAAAAEbm9uZQAAAAAAAAABAAACFwAAAAdz\nc2gtcnNhAAAAAwEAAQAAAgEA3bSuEUgiDm6U0J1YvWRDv308y0mPTXDD9I4xycW5\naeCH5rCKfLDpE4REqbFoCl48aN4sFHrBbL0oismne62uwmLeJvvt63+Qug9dfjQt\nnI/O7T8EvKJXmaedgMytMfW7NHSjgpu6SGIoTQKTmP2hAKjkx9zF/gQY544GB2Cn\ns3VSVKs+rlLPpYkDqESNF/GhYOG2FF9mShUwNtzATRw84A9KuHm2AC5AaOBMU2eU\nqcKUMCaS5P8g5Mov55dtV1VP8m1ABzEybeZCsCdTEsNKcjFdBK6AeFjIpXVBCbz3\nA84LvcnRt9zi6SR+La8nhWrLZJlUBEM9AdjjMvk8j62y3kDPnqvEraKI86+LaICM\nGEyp+zqrp7YzGha7nJvqXWgSx7zZTMsR4zzWmsNn9U6BRmREhznUk4zDf2C8DMuD\nRm/hMGzKU7SYglzycd10HEvlsj9xPOKSt221Xt6tkTBJB2aP+CW4TwLxgbCPpH+7\nhd+hvLY6VNlbLWvMWl7Czdk6Ww3VPzMwjzM0oYxKBjEKZ0PxQlyRwmeWKPPLYR16\nW3m01OtNn2KpAeg1Nrdu3rNlg+hZzQufHfSwS9e0hsf0Z4aLOuUUBbKaLrYuwGuC\noSRhUKVE5kbmUyI2x7TLLM0msNTu7Z68b0Bx1In9O3tpiBZ2J/a5DiG4N+UpJM9M\neRcAAAc4op93HaKfdx0AAAAHc3NoLXJzYQAAAgEA3bSuEUgiDm6U0J1YvWRDv308\ny0mPTXDD9I4xycW5aeCH5rCKfLDpE4REqbFoCl48aN4sFHrBbL0oismne62uwmLe\nJvvt63+Qug9dfjQtnI/O7T8EvKJXmaedgMytMfW7NHSjgpu6SGIoTQKTmP2hAKjk\nx9zF/gQY544GB2Cns3VSVKs+rlLPpYkDqESNF/GhYOG2FF9mShUwNtzATRw84A9K\nuHm2AC5AaOBMU2eUqcKUMCaS5P8g5Mov55dtV1VP8m1ABzEybeZCsCdTEsNKcjFd\nBK6AeFjIpXVBCbz3A84LvcnRt9zi6SR+La8nhWrLZJlUBEM9AdjjMvk8j62y3kDP\nnqvEraKI86+LaICMGEyp+zqrp7YzGha7nJvqXWgSx7zZTMsR4zzWmsNn9U6BRmRE\nhznUk4zDf2C8DMuDRm/hMGzKU7SYglzycd10HEvlsj9xPOKSt221Xt6tkTBJB2aP\n+CW4TwLxgbCPpH+7hd+hvLY6VNlbLWvMWl7Czdk6Ww3VPzMwjzM0oYxKBjEKZ0Px\nQlyRwmeWKPPLYR16W3m01OtNn2KpAeg1Nrdu3rNlg+hZzQufHfSwS9e0hsf0Z4aL\nOuUUBbKaLrYuwGuCoSRhUKVE5kbmUyI2x7TLLM0msNTu7Z68b0Bx1In9O3tpiBZ2\nJ/a5DiG4N+UpJM9MeRcAAAADAQABAAACAHsHmNDeRofbtZlOt7/hs/a/eM0WtP80\nZImBnv9pScsHXmMV9MPdKHo8HB5O5H1cbgmDwNJcjJnbHnRmExr+9svIMZ9Qjmbx\nE08s16UBL46B/0KIhghnzlTmPvEKo9Hlm00wrMv9vxIL5nFVzLJJjN7g2pROX1Dm\n1SsqFQ5jBK0Bnf5+SPpT2gbyUaU+5U00OWmZ14DWr9zMhUTsm4ou8VklI0HbyLOw\n9u08Cx79i/HomHNf9IQ/T/GmgY7y6SpdnU/acH2NP37dGITITcFLvjRAUG4YqBIg\nsreeqcjNpAXogXuAU3DEkubt6VdQq43OBbB9pbH33hL4WJwg0wqoSWkj/43XNvRx\niFr2oswaDh7hJCUFqhv1hCDO2LFKETGwsjyw8NE+SqWyHfxh3sHl6PzSPhThmNv9\n4Pn5Qvmi30zHdSCduYi3QuRS4RGuIzmxleFoJODa+QbwooZxg0Vp/DkVU5CNO6dg\nMfAZLOmnKQm2C4Yy1NvpybhluXXN1PZKETY9c0ULAmjHjL0WtOsCaZf2fIFbAnzP\nuNG7mnvdUBt6b+sKY6zLYIxnkaUUna/XbgIsKsxzbekWuZaDxYPnDMV8X9k7VGCa\nW/hvBlMew2TjIqrp//O4dFxHlXEMkE5vQW2B0n74n5qyiHFRyn4QZnuvsI2s8BO1\nJ36N2aut6JWBAAABAQDNNTHy6tYqTYF5d0pvnFwztJWEYvJHRVbTPaFcoD8kLnnn\nL2YEfQl59OTSQn8UG+N+RVx7pgUKrrdPtY6qP44pKisR+UzxI/KlKIPLTqc7vHwg\ndOgy972qugbznYRqwYM5xQ78fYoWyT561i++5SoTfzR41Y/UgA65LyyLijJYZ3sq\n/4c6qO0J/9lnbkyeDdFhYKCyBhkpVTVRrEcUYql/jpJSIPzD4jzBzDrRtK6SLx4o\n3bcI4rvl5RJMTKmO7oFEUyyfA+RkG46oUg4w/vDfZTOOuO6eOsVWQsXOueFI2+qM\nU6K8xHTk0qaVQ0tl6Mgj0rjH8Xvki5zyyL9NkadUAAABAQDrNOv/FzF9ATWO2EHG\naOz6zVRXWbFzpnLNyrioYBI/PGS0Kk42IREXXj+LK3TCbfndOt4pTPRhdQ/XNctU\n83veELc9SPXLPuveuh/1dD1UC9eS38J56vbawB1Mrpx8IA8k8eDT8D15LlJI2LjS\nRkq7fABTYRwfMY0LlBh45UbPgpBILv6KG5XRKPYj/Vq7GQLquxobeDUdJmnmGeVg\n/OqNGMsb0bPztADvq5WVvkH3DbS8wxGFaOxP7sjeNUMwLV9q0zdrRjqCLM4WZH+F\nQAxeowAArG1OUdEXW7t8iQzPIVJwb+a2e2QywSDqIKP514aGvValE3iBdEGXqKG/\nAI6zAAABAQDxTjYss0JsDpTNCLpnD0i4cYAwIzXlhPNJb+6hpK2U7mUJ8KPsevxK\nnGhJDUj9TQ6d0vyF5wiKRZh2D8CTyBtjSUPH0UlLl1aX3GJ3yfr6ccQppu0tHnJ0\ntR8w1/A3zxJ8xSGQFzZlbmAYG9BkrqoVscHNxA6AdUvMGlSK5mVeleOsBCpfXysY\nAtofh1YJygMmuTMDd1CRzVQjy3KPBGsbKBtrl+nALfAh4qC/6R6O22brTObJCfTK\n6t1uqBfrAPIxwYwgK4cPHSrvw3sXbpennnSYIVRrvXh/aXWfwKPEse9uvsSaxu7E\n6VNekVu8x6TTjK/GHlDGQR7PhxcAYt4NAAAAAAEC\n-----END OPENSSH PRIVATE KEY-----\n",
            "private_key_pem": "-----BEGIN RSA PRIVATE KEY-----\nMIIJKgIBAAKCAgEA3bSuEUgiDm6U0J1YvWRDv308y0mPTXDD9I4xycW5aeCH5rCK\nfLDpE4REqbFoCl48aN4sFHrBbL0oismne62uwmLeJvvt63+Qug9dfjQtnI/O7T8E\nvKJXmaedgMytMfW7NHSjgpu6SGIoTQKTmP2hAKjkx9zF/gQY544GB2Cns3VSVKs+\nrlLPpYkDqESNF/GhYOG2FF9mShUwNtzATRw84A9KuHm2AC5AaOBMU2eUqcKUMCaS\n5P8g5Mov55dtV1VP8m1ABzEybeZCsCdTEsNKcjFdBK6AeFjIpXVBCbz3A84LvcnR\nt9zi6SR+La8nhWrLZJlUBEM9AdjjMvk8j62y3kDPnqvEraKI86+LaICMGEyp+zqr\np7YzGha7nJvqXWgSx7zZTMsR4zzWmsNn9U6BRmREhznUk4zDf2C8DMuDRm/hMGzK\nU7SYglzycd10HEvlsj9xPOKSt221Xt6tkTBJB2aP+CW4TwLxgbCPpH+7hd+hvLY6\nVNlbLWvMWl7Czdk6Ww3VPzMwjzM0oYxKBjEKZ0PxQlyRwmeWKPPLYR16W3m01OtN\nn2KpAeg1Nrdu3rNlg+hZzQufHfSwS9e0hsf0Z4aLOuUUBbKaLrYuwGuCoSRhUKVE\n5kbmUyI2x7TLLM0msNTu7Z68b0Bx1In9O3tpiBZ2J/a5DiG4N+UpJM9MeRcCAwEA\nAQKCAgB7B5jQ3kaH27WZTre/4bP2v3jNFrT/NGSJgZ7/aUnLB15jFfTD3Sh6PBwe\nTuR9XG4Jg8DSXIyZ2x50ZhMa/vbLyDGfUI5m8RNPLNelAS+Ogf9CiIYIZ85U5j7x\nCqPR5ZtNMKzL/b8SC+ZxVcyySYze4NqUTl9Q5tUrKhUOYwStAZ3+fkj6U9oG8lGl\nPuVNNDlpmdeA1q/czIVE7JuKLvFZJSNB28izsPbtPAse/Yvx6JhzX/SEP0/xpoGO\n8ukqXZ1P2nB9jT9+3RiEyE3BS740QFBuGKgSILK3nqnIzaQF6IF7gFNwxJLm7elX\nUKuNzgWwfaWx994S+FicINMKqElpI/+N1zb0cYha9qLMGg4e4SQlBaob9YQgztix\nShExsLI8sPDRPkqlsh38Yd7B5ej80j4U4Zjb/eD5+UL5ot9Mx3UgnbmIt0LkUuER\nriM5sZXhaCTg2vkG8KKGcYNFafw5FVOQjTunYDHwGSzppykJtguGMtTb6cm4Zbl1\nzdT2ShE2PXNFCwJox4y9FrTrAmmX9nyBWwJ8z7jRu5p73VAbem/rCmOsy2CMZ5Gl\nFJ2v124CLCrMc23pFrmWg8WD5wzFfF/ZO1Rgmlv4bwZTHsNk4yKq6f/zuHRcR5Vx\nDJBOb0FtgdJ++J+asohxUcp+EGZ7r7CNrPATtSd+jdmrreiVgQKCAQEA6zTr/xcx\nfQE1jthBxmjs+s1UV1mxc6Zyzcq4qGASPzxktCpONiERF14/iyt0wm353TreKUz0\nYXUP1zXLVPN73hC3PUj1yz7r3rof9XQ9VAvXkt/Ceer22sAdTK6cfCAPJPHg0/A9\neS5SSNi40kZKu3wAU2EcHzGNC5QYeOVGz4KQSC7+ihuV0Sj2I/1auxkC6rsaG3g1\nHSZp5hnlYPzqjRjLG9Gz87QA76uVlb5B9w20vMMRhWjsT+7I3jVDMC1fatM3a0Y6\ngizOFmR/hUAMXqMAAKxtTlHRF1u7fIkMzyFScG/mtntkMsEg6iCj+deGhr1WpRN4\ngXRBl6ihvwCOswKCAQEA8U42LLNCbA6UzQi6Zw9IuHGAMCM15YTzSW/uoaStlO5l\nCfCj7Hr8SpxoSQ1I/U0OndL8hecIikWYdg/Ak8gbY0lDx9FJS5dWl9xid8n6+nHE\nKabtLR5ydLUfMNfwN88SfMUhkBc2ZW5gGBvQZK6qFbHBzcQOgHVLzBpUiuZlXpXj\nrAQqX18rGALaH4dWCcoDJrkzA3dQkc1UI8tyjwRrGygba5fpwC3wIeKgv+kejttm\n60zmyQn0yurdbqgX6wDyMcGMICuHDx0q78N7F26Xp550mCFUa714f2l1n8CjxLHv\nbr7EmsbuxOlTXpFbvMek04yvxh5QxkEez4cXAGLeDQKCAQEAum7xXPoaXPZXaIlb\n4ZQLu2SDpNVQhdX6i8pTAgtci0konXInGlqtfHNVNM/WNcMMWeIudFguIQ2z56cZ\nK5Xvqf5f8DDjux19wsaPTHS9o9/bGO1J7m9jCdNbpguFuBGFT4h16Cg14dbonBtE\nrE/RLrjEXVLNAqC5JuNVXoaF0Texe7XcRsZEw0yPhcltYH4bxMlXkUx/9UIckKoY\nGf9/PyXW4I8g71vPninIYLA1A0mW6ERKoA+huF4SU6euQQLF7hvLgrlg6Qvwsukn\n9wvkgiL7fo0t+vV5IeWxP642O/wypzLbketOabiRiWMj9oZyeFyd0C0VyK7Iyxh8\nVLRxZwKCAQEA7Pud0tqeMhdD5fVbc5mcFqBJf30lEms2r3nBR3i+jNRv4Io3wyip\nm/Dtrkjg1PuXjkJGhI74YSumZtRjkf9lfmXWrmgI7rcLcQscnX59APc36pwotDYB\nvEKhBkwcfALeqjDEHInff1AeCa9PQ4ISQkoYBqg0gc4wiZuWSe+pwHG+bhKNNqr1\nXJh4dZxpUCXYYHBj/FRyiS65IopM0M5LDhmejFVeWMIE4pJ6wt8EhtJMymv0/53K\njnqIy4NEMiT0tw7ZOkLlWl+P6nb17XZMdG73HO0mxsUGkUMWJLWBYMxLVF0AIu2a\nU0K/ANIK4WTEqIqzmgPt2jbcNn36hgOTBQKCAQEAzTUx8urWKk2BeXdKb5xcM7SV\nhGLyR0VW0z2hXKA/JC555y9mBH0JefTk0kJ/FBvjfkVce6YFCq63T7WOqj+OKSor\nEflM8SPypSiDy06nO7x8IHToMve9qroG852EasGDOcUO/H2KFsk+etYvvuUqE380\neNWP1IAOuS8si4oyWGd7Kv+HOqjtCf/ZZ25Mng3RYWCgsgYZKVU1UaxHFGKpf46S\nUiD8w+I8wcw60bSuki8eKN23COK75eUSTEypju6BRFMsnwPkZBuOqFIOMP7w32Uz\njrjunjrFVkLFzrnhSNvqjFOivMR05NKmlUNLZejII9K4x/F75Iuc8si/TZGnVA==\n-----END RSA PRIVATE KEY-----\n",
            "private_key_pem_pkcs8": "-----BEGIN PRIVATE KEY-----\nMIIJRAIBADANBgkqhkiG9w0BAQEFAASCCS4wggkqAgEAAoICAQDdtK4RSCIObpTQ\nnVi9ZEO/fTzLSY9NcMP0jjHJxblp4IfmsIp8sOkThESpsWgKXjxo3iwUesFsvSiK\nyad7ra7CYt4m++3rf5C6D11+NC2cj87tPwS8oleZp52AzK0x9bs0dKOCm7pIYihN\nApOY/aEAqOTH3MX+BBjnjgYHYKezdVJUqz6uUs+liQOoRI0X8aFg4bYUX2ZKFTA2\n3MBNHDzgD0q4ebYALkBo4ExTZ5SpwpQwJpLk/yDkyi/nl21XVU/ybUAHMTJt5kKw\nJ1MSw0pyMV0EroB4WMildUEJvPcDzgu9ydG33OLpJH4tryeFastkmVQEQz0B2OMy\n+TyPrbLeQM+eq8Stoojzr4togIwYTKn7OquntjMaFrucm+pdaBLHvNlMyxHjPNaa\nw2f1ToFGZESHOdSTjMN/YLwMy4NGb+EwbMpTtJiCXPJx3XQcS+WyP3E84pK3bbVe\n3q2RMEkHZo/4JbhPAvGBsI+kf7uF36G8tjpU2Vsta8xaXsLN2TpbDdU/MzCPMzSh\njEoGMQpnQ/FCXJHCZ5Yo88thHXpbebTU602fYqkB6DU2t27es2WD6FnNC58d9LBL\n17SGx/Rnhos65RQFspouti7Aa4KhJGFQpUTmRuZTIjbHtMsszSaw1O7tnrxvQHHU\nif07e2mIFnYn9rkOIbg35Skkz0x5FwIDAQABAoICAHsHmNDeRofbtZlOt7/hs/a/\neM0WtP80ZImBnv9pScsHXmMV9MPdKHo8HB5O5H1cbgmDwNJcjJnbHnRmExr+9svI\nMZ9QjmbxE08s16UBL46B/0KIhghnzlTmPvEKo9Hlm00wrMv9vxIL5nFVzLJJjN7g\n2pROX1Dm1SsqFQ5jBK0Bnf5+SPpT2gbyUaU+5U00OWmZ14DWr9zMhUTsm4ou8Vkl\nI0HbyLOw9u08Cx79i/HomHNf9IQ/T/GmgY7y6SpdnU/acH2NP37dGITITcFLvjRA\nUG4YqBIgsreeqcjNpAXogXuAU3DEkubt6VdQq43OBbB9pbH33hL4WJwg0wqoSWkj\n/43XNvRxiFr2oswaDh7hJCUFqhv1hCDO2LFKETGwsjyw8NE+SqWyHfxh3sHl6PzS\nPhThmNv94Pn5Qvmi30zHdSCduYi3QuRS4RGuIzmxleFoJODa+QbwooZxg0Vp/DkV\nU5CNO6dgMfAZLOmnKQm2C4Yy1NvpybhluXXN1PZKETY9c0ULAmjHjL0WtOsCaZf2\nfIFbAnzPuNG7mnvdUBt6b+sKY6zLYIxnkaUUna/XbgIsKsxzbekWuZaDxYPnDMV8\nX9k7VGCaW/hvBlMew2TjIqrp//O4dFxHlXEMkE5vQW2B0n74n5qyiHFRyn4QZnuv\nsI2s8BO1J36N2aut6JWBAoIBAQDrNOv/FzF9ATWO2EHGaOz6zVRXWbFzpnLNyrio\nYBI/PGS0Kk42IREXXj+LK3TCbfndOt4pTPRhdQ/XNctU83veELc9SPXLPuveuh/1\ndD1UC9eS38J56vbawB1Mrpx8IA8k8eDT8D15LlJI2LjSRkq7fABTYRwfMY0LlBh4\n5UbPgpBILv6KG5XRKPYj/Vq7GQLquxobeDUdJmnmGeVg/OqNGMsb0bPztADvq5WV\nvkH3DbS8wxGFaOxP7sjeNUMwLV9q0zdrRjqCLM4WZH+FQAxeowAArG1OUdEXW7t8\niQzPIVJwb+a2e2QywSDqIKP514aGvValE3iBdEGXqKG/AI6zAoIBAQDxTjYss0Js\nDpTNCLpnD0i4cYAwIzXlhPNJb+6hpK2U7mUJ8KPsevxKnGhJDUj9TQ6d0vyF5wiK\nRZh2D8CTyBtjSUPH0UlLl1aX3GJ3yfr6ccQppu0tHnJ0tR8w1/A3zxJ8xSGQFzZl\nbmAYG9BkrqoVscHNxA6AdUvMGlSK5mVeleOsBCpfXysYAtofh1YJygMmuTMDd1CR\nzVQjy3KPBGsbKBtrl+nALfAh4qC/6R6O22brTObJCfTK6t1uqBfrAPIxwYwgK4cP\nHSrvw3sXbpennnSYIVRrvXh/aXWfwKPEse9uvsSaxu7E6VNekVu8x6TTjK/GHlDG\nQR7PhxcAYt4NAoIBAQC6bvFc+hpc9ldoiVvhlAu7ZIOk1VCF1fqLylMCC1yLSSid\ncicaWq18c1U0z9Y1wwxZ4i50WC4hDbPnpxkrle+p/l/wMOO7HX3Cxo9MdL2j39sY\n7Unub2MJ01umC4W4EYVPiHXoKDXh1uicG0SsT9EuuMRdUs0CoLkm41VehoXRN7F7\ntdxGxkTDTI+FyW1gfhvEyVeRTH/1QhyQqhgZ/38/JdbgjyDvW8+eKchgsDUDSZbo\nREqgD6G4XhJTp65BAsXuG8uCuWDpC/Cy6Sf3C+SCIvt+jS369Xkh5bE/rjY7/DKn\nMtuR605puJGJYyP2hnJ4XJ3QLRXIrsjLGHxUtHFnAoIBAQDs+53S2p4yF0Pl9Vtz\nmZwWoEl/fSUSazavecFHeL6M1G/gijfDKKmb8O2uSODU+5eOQkaEjvhhK6Zm1GOR\n/2V+ZdauaAjutwtxCxydfn0A9zfqnCi0NgG8QqEGTBx8At6qMMQcid9/UB4Jr09D\nghJCShgGqDSBzjCJm5ZJ76nAcb5uEo02qvVcmHh1nGlQJdhgcGP8VHKJLrkiikzQ\nzksOGZ6MVV5YwgTiknrC3wSG0kzKa/T/ncqOeojLg0QyJPS3Dtk6QuVaX4/qdvXt\ndkx0bvcc7SbGxQaRQxYktYFgzEtUXQAi7ZpTQr8A0grhZMSoirOaA+3aNtw2ffqG\nA5MFAoIBAQDNNTHy6tYqTYF5d0pvnFwztJWEYvJHRVbTPaFcoD8kLnnnL2YEfQl5\n9OTSQn8UG+N+RVx7pgUKrrdPtY6qP44pKisR+UzxI/KlKIPLTqc7vHwgdOgy972q\nugbznYRqwYM5xQ78fYoWyT561i++5SoTfzR41Y/UgA65LyyLijJYZ3sq/4c6qO0J\n/9lnbkyeDdFhYKCyBhkpVTVRrEcUYql/jpJSIPzD4jzBzDrRtK6SLx4o3bcI4rvl\n5RJMTKmO7oFEUyyfA+RkG46oUg4w/vDfZTOOuO6eOsVWQsXOueFI2+qMU6K8xHTk\n0qaVQ0tl6Mgj0rjH8Xvki5zyyL9NkadU\n-----END PRIVATE KEY-----\n",
            "public_key_fingerprint_md5": "1c:9d:5d:56:c5:d7:7c:ca:b3:a9:dc:07:e0:1d:95:6d",
            "public_key_fingerprint_sha256": "SHA256:tyAkAutaLNKWYYCt99vZpGvf5Y86wRGgFui8Pbsz8RQ",
            "public_key_openssh": "ssh-rsa AAAAB3NzaC1yc2EAAAADAQABAAACAQDdtK4RSCIObpTQnVi9ZEO/fTzLSY9NcMP0jjHJxblp4IfmsIp8sOkThESpsWgKXjxo3iwUesFsvSiKyad7ra7CYt4m++3rf5C6D11+NC2cj87tPwS8oleZp52AzK0x9bs0dKOCm7pIYihNApOY/aEAqOTH3MX+BBjnjgYHYKezdVJUqz6uUs+liQOoRI0X8aFg4bYUX2ZKFTA23MBNHDzgD0q4ebYALkBo4ExTZ5SpwpQwJpLk/yDkyi/nl21XVU/ybUAHMTJt5kKwJ1MSw0pyMV0EroB4WMildUEJvPcDzgu9ydG33OLpJH4tryeFastkmVQEQz0B2OMy+TyPrbLeQM+eq8Stoojzr4togIwYTKn7OquntjMaFrucm+pdaBLHvNlMyxHjPNaaw2f1ToFGZESHOdSTjMN/YLwMy4NGb+EwbMpTtJiCXPJx3XQcS+WyP3E84pK3bbVe3q2RMEkHZo/4JbhPAvGBsI+kf7uF36G8tjpU2Vsta8xaXsLN2TpbDdU/MzCPMzShjEoGMQpnQ/FCXJHCZ5Yo88thHXpbebTU602fYqkB6DU2t27es2WD6FnNC58d9LBL17SGx/Rnhos65RQFspouti7Aa4KhJGFQpUTmRuZTIjbHtMsszSaw1O7tnrxvQHHUif07e2mIFnYn9rkOIbg35Skkz0x5Fw==\n",
            "public_key_pem": "-----BEGIN PUBLIC KEY-----\nMIICIjANBgkqhkiG9w0BAQEFAAOCAg8AMIICCgKCAgEA3bSuEUgiDm6U0J1YvWRD\nv308y0mPTXDD9I4xycW5aeCH5rCKfLDpE4REqbFoCl48aN4sFHrBbL0oismne62u\nwmLeJvvt63+Qug9dfjQtnI/O7T8EvKJXmaedgMytMfW7NHSjgpu6SGIoTQKTmP2h\nAKjkx9zF/gQY544GB2Cns3VSVKs+rlLPpYkDqESNF/GhYOG2FF9mShUwNtzATRw8\n4A9KuHm2AC5AaOBMU2eUqcKUMCaS5P8g5Mov55dtV1VP8m1ABzEybeZCsCdTEsNK\ncjFdBK6AeFjIpXVBCbz3A84LvcnRt9zi6SR+La8nhWrLZJlUBEM9AdjjMvk8j62y\n3kDPnqvEraKI86+LaICMGEyp+zqrp7YzGha7nJvqXWgSx7zZTMsR4zzWmsNn9U6B\nRmREhznUk4zDf2C8DMuDRm/hMGzKU7SYglzycd10HEvlsj9xPOKSt221Xt6tkTBJ\nB2aP+CW4TwLxgbCPpH+7hd+hvLY6VNlbLWvMWl7Czdk6Ww3VPzMwjzM0oYxKBjEK\nZ0PxQlyRwmeWKPPLYR16W3m01OtNn2KpAeg1Nrdu3rNlg+hZzQufHfSwS9e0hsf0\nZ4aLOuUUBbKaLrYuwGuCoSRhUKVE5kbmUyI2x7TLLM0msNTu7Z68b0Bx1In9O3tp\niBZ2J/a5DiG4N+UpJM9MeRcCAwEAAQ==\n-----END PUBLIC KEY-----\n",
            "rsa_bits": 4096
          },
          "sensitive_attributes": [],
          "create_before_destroy": true
        }
      ]
    },
    {
      "module": "module.vpc",
      "mode": "data",
      "type": "aws_iam_policy_document",
      "name": "flow_log_cloudwatch_assume_role",
      "provider": "provider[\"registry.terraform.io/hashicorp/aws\"]",
      "instances": [
        {
          "index_key": 0,
          "schema_version": 0,
          "attributes": {
            "id": "1021377347",
            "json": "{\n  \"Version\": \"2012-10-17\",\n  \"Statement\": [\n    {\n      \"Sid\": \"AWSVPCFlowLogsAssumeRole\",\n      \"Effect\": \"Allow\",\n      \"Action\": \"sts:AssumeRole\",\n      \"Principal\": {\n        \"Service\": \"vpc-flow-logs.amazonaws.com\"\n      }\n    }\n  ]\n}",
            "override_json": null,
            "override_policy_documents": null,
            "policy_id": null,
            "source_json": null,
            "source_policy_documents": null,
            "statement": [
              {
                "actions": [
                  "sts:AssumeRole"
                ],
                "condition": [],
                "effect": "Allow",
                "not_actions": [],
                "not_principals": [],
                "not_resources": [],
                "principals": [
                  {
                    "identifiers": [
                      "vpc-flow-logs.amazonaws.com"
                    ],
                    "type": "Service"
                  }
                ],
                "resources": [],
                "sid": "AWSVPCFlowLogsAssumeRole"
              }
            ],
            "version": "2012-10-17"
          },
          "sensitive_attributes": []
        }
      ]
    },
    {
      "module": "module.vpc",
      "mode": "data",
      "type": "aws_iam_policy_document",
      "name": "vpc_flow_log_cloudwatch",
      "provider": "provider[\"registry.terraform.io/hashicorp/aws\"]",
      "instances": [
        {
          "index_key": 0,
          "schema_version": 0,
          "attributes": {
            "id": "2053943846",
            "json": "{\n  \"Version\": \"2012-10-17\",\n  \"Statement\": [\n    {\n      \"Sid\": \"AWSVPCFlowLogsPushToCloudWatch\",\n      \"Effect\": \"Allow\",\n      \"Action\": [\n        \"logs:PutLogEvents\",\n        \"logs:DescribeLogStreams\",\n        \"logs:DescribeLogGroups\",\n        \"logs:CreateLogStream\"\n      ],\n      \"Resource\": \"*\"\n    }\n  ]\n}",
            "override_json": null,
            "override_policy_documents": null,
            "policy_id": null,
            "source_json": null,
            "source_policy_documents": null,
            "statement": [
              {
                "actions": [
                  "logs:CreateLogStream",
                  "logs:DescribeLogGroups",
                  "logs:DescribeLogStreams",
                  "logs:PutLogEvents"
                ],
                "condition": [],
                "effect": "Allow",
                "not_actions": [],
                "not_principals": [],
                "not_resources": [],
                "principals": [],
                "resources": [
                  "*"
                ],
                "sid": "AWSVPCFlowLogsPushToCloudWatch"
              }
            ],
            "version": "2012-10-17"
          },
          "sensitive_attributes": []
        }
      ]
    },
    {
      "module": "module.vpc",
      "mode": "managed",
      "type": "aws_cloudwatch_log_group",
      "name": "flow_log",
      "provider": "provider[\"registry.terraform.io/hashicorp/aws\"]",
      "instances": [
        {
          "index_key": 0,
          "schema_version": 0,
          "attributes": {
            "arn": "arn:aws:logs:eu-west-1:832611670348:log-group:/aws/vpc-flow-log/vpc-0a9f05c347f07e84d",
            "id": "/aws/vpc-flow-log/vpc-0a9f05c347f07e84d",
            "kms_key_id": "",
            "name": "/aws/vpc-flow-log/vpc-0a9f05c347f07e84d",
            "name_prefix": "",
            "retention_in_days": 0,
            "skip_destroy": false,
            "tags": {
              "Example": "ex-fluxcd",
              "GithubOrg": "terraform-aws-modules",
              "GithubRepo": "terraform-aws-eks"
            },
            "tags_all": {
              "Example": "ex-fluxcd",
              "GithubOrg": "terraform-aws-modules",
              "GithubRepo": "terraform-aws-eks"
            }
          },
          "sensitive_attributes": [],
          "private": "bnVsbA==",
          "dependencies": [
            "module.vpc.aws_vpc.this",
            "module.vpc.aws_vpc_ipv4_cidr_block_association.this"
          ]
        }
      ]
    },
    {
      "module": "module.vpc",
      "mode": "managed",
      "type": "aws_egress_only_internet_gateway",
      "name": "this",
      "provider": "provider[\"registry.terraform.io/hashicorp/aws\"]",
      "instances": [
        {
          "index_key": 0,
          "schema_version": 0,
          "attributes": {
            "id": "eigw-0462f5594cfb2e2b6",
            "tags": {
              "Example": "ex-fluxcd",
              "GithubOrg": "terraform-aws-modules",
              "GithubRepo": "terraform-aws-eks",
              "Name": "ex-fluxcd"
            },
            "tags_all": {
              "Example": "ex-fluxcd",
              "GithubOrg": "terraform-aws-modules",
              "GithubRepo": "terraform-aws-eks",
              "Name": "ex-fluxcd"
            },
            "vpc_id": "vpc-0a9f05c347f07e84d"
          },
          "sensitive_attributes": [],
          "private": "bnVsbA==",
          "dependencies": [
            "data.aws_availability_zones.available",
            "module.vpc.aws_vpc.this",
            "module.vpc.aws_vpc_ipv4_cidr_block_association.this"
          ]
        }
      ]
    },
    {
      "module": "module.vpc",
      "mode": "managed",
      "type": "aws_eip",
      "name": "nat",
      "provider": "provider[\"registry.terraform.io/hashicorp/aws\"]",
      "instances": [
        {
          "index_key": 0,
          "schema_version": 0,
          "attributes": {
            "address": null,
            "allocation_id": "eipalloc-0ab319f81cd80f14d",
            "associate_with_private_ip": null,
            "association_id": "",
            "carrier_ip": "",
            "customer_owned_ip": "",
            "customer_owned_ipv4_pool": "",
            "domain": "vpc",
            "id": "eipalloc-0ab319f81cd80f14d",
            "instance": "",
            "network_border_group": "eu-west-1",
            "network_interface": "",
            "private_dns": null,
            "private_ip": "",
            "public_dns": "ec2-34-255-150-176.eu-west-1.compute.amazonaws.com",
            "public_ip": "34.255.150.176",
            "public_ipv4_pool": "amazon",
            "tags": {
              "Example": "ex-fluxcd",
              "GithubOrg": "terraform-aws-modules",
              "GithubRepo": "terraform-aws-eks",
              "Name": "ex-fluxcd-eu-west-1a"
            },
            "tags_all": {
              "Example": "ex-fluxcd",
              "GithubOrg": "terraform-aws-modules",
              "GithubRepo": "terraform-aws-eks",
              "Name": "ex-fluxcd-eu-west-1a"
            },
            "timeouts": null,
            "vpc": true
          },
          "sensitive_attributes": [],
          "private": "eyJlMmJmYjczMC1lY2FhLTExZTYtOGY4OC0zNDM2M2JjN2M0YzAiOnsiZGVsZXRlIjoxODAwMDAwMDAwMDAsInJlYWQiOjkwMDAwMDAwMDAwMCwidXBkYXRlIjozMDAwMDAwMDAwMDB9fQ==",
          "dependencies": [
            "data.aws_availability_zones.available"
          ]
        }
      ]
    },
    {
      "module": "module.vpc",
      "mode": "managed",
      "type": "aws_flow_log",
      "name": "this",
      "provider": "provider[\"registry.terraform.io/hashicorp/aws\"]",
      "instances": [
        {
          "index_key": 0,
          "schema_version": 0,
          "attributes": {
            "arn": "arn:aws:ec2:eu-west-1:832611670348:vpc-flow-log/fl-0e1237e3a5034604c",
            "destination_options": [],
            "eni_id": null,
            "iam_role_arn": "arn:aws:iam::832611670348:role/vpc-flow-log-role-20230120233926310100000004",
            "id": "fl-0e1237e3a5034604c",
            "log_destination": "arn:aws:logs:eu-west-1:832611670348:log-group:/aws/vpc-flow-log/vpc-0a9f05c347f07e84d",
            "log_destination_type": "cloud-watch-logs",
            "log_format": "${version} ${account-id} ${interface-id} ${srcaddr} ${dstaddr} ${srcport} ${dstport} ${protocol} ${packets} ${bytes} ${start} ${end} ${action} ${log-status}",
            "log_group_name": "/aws/vpc-flow-log/vpc-0a9f05c347f07e84d",
            "max_aggregation_interval": 600,
            "subnet_id": null,
            "tags": {
              "Example": "ex-fluxcd",
              "GithubOrg": "terraform-aws-modules",
              "GithubRepo": "terraform-aws-eks"
            },
            "tags_all": {
              "Example": "ex-fluxcd",
              "GithubOrg": "terraform-aws-modules",
              "GithubRepo": "terraform-aws-eks"
            },
            "traffic_type": "ALL",
            "transit_gateway_attachment_id": null,
            "transit_gateway_id": null,
            "vpc_id": "vpc-0a9f05c347f07e84d"
          },
          "sensitive_attributes": [],
          "private": "bnVsbA==",
          "dependencies": [
            "module.vpc.aws_cloudwatch_log_group.flow_log",
            "module.vpc.aws_iam_role.vpc_flow_log_cloudwatch",
            "module.vpc.aws_vpc.this",
            "module.vpc.aws_vpc_ipv4_cidr_block_association.this",
            "module.vpc.data.aws_iam_policy_document.flow_log_cloudwatch_assume_role"
          ]
        }
      ]
    },
    {
      "module": "module.vpc",
      "mode": "managed",
      "type": "aws_iam_policy",
      "name": "vpc_flow_log_cloudwatch",
      "provider": "provider[\"registry.terraform.io/hashicorp/aws\"]",
      "instances": [
        {
          "index_key": 0,
          "schema_version": 0,
          "attributes": {
            "arn": "arn:aws:iam::832611670348:policy/vpc-flow-log-to-cloudwatch-20230120233926309700000001",
            "description": "",
            "id": "arn:aws:iam::832611670348:policy/vpc-flow-log-to-cloudwatch-20230120233926309700000001",
            "name": "vpc-flow-log-to-cloudwatch-20230120233926309700000001",
            "name_prefix": "vpc-flow-log-to-cloudwatch-",
            "path": "/",
            "policy": "{\"Statement\":[{\"Action\":[\"logs:PutLogEvents\",\"logs:DescribeLogStreams\",\"logs:DescribeLogGroups\",\"logs:CreateLogStream\"],\"Effect\":\"Allow\",\"Resource\":\"*\",\"Sid\":\"AWSVPCFlowLogsPushToCloudWatch\"}],\"Version\":\"2012-10-17\"}",
            "policy_id": "ANPA4DW4F3FGD3HUNLAGQ",
            "tags": {
              "Example": "ex-fluxcd",
              "GithubOrg": "terraform-aws-modules",
              "GithubRepo": "terraform-aws-eks"
            },
            "tags_all": {
              "Example": "ex-fluxcd",
              "GithubOrg": "terraform-aws-modules",
              "GithubRepo": "terraform-aws-eks"
            }
          },
          "sensitive_attributes": [],
          "private": "bnVsbA==",
          "dependencies": [
            "module.vpc.data.aws_iam_policy_document.vpc_flow_log_cloudwatch"
          ]
        }
      ]
    },
    {
      "module": "module.vpc",
      "mode": "managed",
      "type": "aws_iam_role",
      "name": "vpc_flow_log_cloudwatch",
      "provider": "provider[\"registry.terraform.io/hashicorp/aws\"]",
      "instances": [
        {
          "index_key": 0,
          "schema_version": 0,
          "attributes": {
            "arn": "arn:aws:iam::832611670348:role/vpc-flow-log-role-20230120233926310100000004",
            "assume_role_policy": "{\"Statement\":[{\"Action\":\"sts:AssumeRole\",\"Effect\":\"Allow\",\"Principal\":{\"Service\":\"vpc-flow-logs.amazonaws.com\"},\"Sid\":\"AWSVPCFlowLogsAssumeRole\"}],\"Version\":\"2012-10-17\"}",
            "create_date": "2023-01-20T23:39:26Z",
            "description": "",
            "force_detach_policies": false,
            "id": "vpc-flow-log-role-20230120233926310100000004",
            "inline_policy": [],
            "managed_policy_arns": [],
            "max_session_duration": 3600,
            "name": "vpc-flow-log-role-20230120233926310100000004",
            "name_prefix": "vpc-flow-log-role-",
            "path": "/",
            "permissions_boundary": null,
            "tags": {
              "Example": "ex-fluxcd",
              "GithubOrg": "terraform-aws-modules",
              "GithubRepo": "terraform-aws-eks"
            },
            "tags_all": {
              "Example": "ex-fluxcd",
              "GithubOrg": "terraform-aws-modules",
              "GithubRepo": "terraform-aws-eks"
            },
            "unique_id": "AROA4DW4F3FGCDGGSE3GG"
          },
          "sensitive_attributes": [],
          "private": "bnVsbA==",
          "dependencies": [
            "module.vpc.data.aws_iam_policy_document.flow_log_cloudwatch_assume_role"
          ]
        }
      ]
    },
    {
      "module": "module.vpc",
      "mode": "managed",
      "type": "aws_iam_role_policy_attachment",
      "name": "vpc_flow_log_cloudwatch",
      "provider": "provider[\"registry.terraform.io/hashicorp/aws\"]",
      "instances": [
        {
          "index_key": 0,
          "schema_version": 0,
          "attributes": {
            "id": "vpc-flow-log-role-20230120233926310100000004-20230120233927801500000005",
            "policy_arn": "arn:aws:iam::832611670348:policy/vpc-flow-log-to-cloudwatch-20230120233926309700000001",
            "role": "vpc-flow-log-role-20230120233926310100000004"
          },
          "sensitive_attributes": [],
          "private": "bnVsbA==",
          "dependencies": [
            "module.vpc.aws_iam_policy.vpc_flow_log_cloudwatch",
            "module.vpc.aws_iam_role.vpc_flow_log_cloudwatch",
            "module.vpc.data.aws_iam_policy_document.flow_log_cloudwatch_assume_role",
            "module.vpc.data.aws_iam_policy_document.vpc_flow_log_cloudwatch"
          ]
        }
      ]
    },
    {
      "module": "module.vpc",
      "mode": "managed",
      "type": "aws_internet_gateway",
      "name": "this",
      "provider": "provider[\"registry.terraform.io/hashicorp/aws\"]",
      "instances": [
        {
          "index_key": 0,
          "schema_version": 0,
          "attributes": {
            "arn": "arn:aws:ec2:eu-west-1:832611670348:internet-gateway/igw-0115e326678d13624",
            "id": "igw-0115e326678d13624",
            "owner_id": "832611670348",
            "tags": {
              "Example": "ex-fluxcd",
              "GithubOrg": "terraform-aws-modules",
              "GithubRepo": "terraform-aws-eks",
              "Name": "ex-fluxcd"
            },
            "tags_all": {
              "Example": "ex-fluxcd",
              "GithubOrg": "terraform-aws-modules",
              "GithubRepo": "terraform-aws-eks",
              "Name": "ex-fluxcd"
            },
            "timeouts": null,
            "vpc_id": "vpc-0a9f05c347f07e84d"
          },
          "sensitive_attributes": [],
          "private": "eyJlMmJmYjczMC1lY2FhLTExZTYtOGY4OC0zNDM2M2JjN2M0YzAiOnsiY3JlYXRlIjoxMjAwMDAwMDAwMDAwLCJkZWxldGUiOjEyMDAwMDAwMDAwMDAsInVwZGF0ZSI6MTIwMDAwMDAwMDAwMH19",
          "dependencies": [
            "data.aws_availability_zones.available",
            "module.vpc.aws_vpc.this",
            "module.vpc.aws_vpc_ipv4_cidr_block_association.this"
          ]
        }
      ]
    },
    {
      "module": "module.vpc",
      "mode": "managed",
      "type": "aws_nat_gateway",
      "name": "this",
      "provider": "provider[\"registry.terraform.io/hashicorp/aws\"]",
      "instances": [
        {
          "index_key": 0,
          "schema_version": 0,
          "attributes": {
            "allocation_id": "eipalloc-0ab319f81cd80f14d",
            "connectivity_type": "public",
            "id": "nat-053f63856ff4490c5",
            "network_interface_id": "eni-09f923a534de84eb2",
            "private_ip": "10.0.48.12",
            "public_ip": "34.255.150.176",
            "subnet_id": "subnet-00a5d29ea82d1d2f4",
            "tags": {
              "Example": "ex-fluxcd",
              "GithubOrg": "terraform-aws-modules",
              "GithubRepo": "terraform-aws-eks",
              "Name": "ex-fluxcd-eu-west-1a"
            },
            "tags_all": {
              "Example": "ex-fluxcd",
              "GithubOrg": "terraform-aws-modules",
              "GithubRepo": "terraform-aws-eks",
              "Name": "ex-fluxcd-eu-west-1a"
            }
          },
          "sensitive_attributes": [],
          "private": "bnVsbA==",
          "dependencies": [
            "data.aws_availability_zones.available",
            "module.vpc.aws_eip.nat",
            "module.vpc.aws_internet_gateway.this",
            "module.vpc.aws_subnet.public",
            "module.vpc.aws_vpc.this",
            "module.vpc.aws_vpc_ipv4_cidr_block_association.this"
          ]
        }
      ]
    },
    {
      "module": "module.vpc",
      "mode": "managed",
      "type": "aws_route",
      "name": "private_ipv6_egress",
      "provider": "provider[\"registry.terraform.io/hashicorp/aws\"]",
      "instances": [
        {
          "index_key": 0,
          "schema_version": 0,
          "attributes": {
            "carrier_gateway_id": "",
            "core_network_arn": "",
            "destination_cidr_block": "",
            "destination_ipv6_cidr_block": "::/0",
            "destination_prefix_list_id": "",
            "egress_only_gateway_id": "eigw-0462f5594cfb2e2b6",
            "gateway_id": "",
            "id": "r-rtb-0e69169d7f8c3da012750132062",
            "instance_id": "",
            "instance_owner_id": "",
            "local_gateway_id": "",
            "nat_gateway_id": "",
            "network_interface_id": "",
            "origin": "CreateRoute",
            "route_table_id": "rtb-0e69169d7f8c3da01",
            "state": "active",
            "timeouts": null,
            "transit_gateway_id": "",
            "vpc_endpoint_id": "",
            "vpc_peering_connection_id": ""
          },
          "sensitive_attributes": [],
          "private": "eyJlMmJmYjczMC1lY2FhLTExZTYtOGY4OC0zNDM2M2JjN2M0YzAiOnsiY3JlYXRlIjozMDAwMDAwMDAwMDAsImRlbGV0ZSI6MzAwMDAwMDAwMDAwLCJ1cGRhdGUiOjEyMDAwMDAwMDAwMH19",
          "dependencies": [
            "data.aws_availability_zones.available",
            "module.vpc.aws_egress_only_internet_gateway.this",
            "module.vpc.aws_route_table.private",
            "module.vpc.aws_vpc.this",
            "module.vpc.aws_vpc_ipv4_cidr_block_association.this"
          ]
        },
        {
          "index_key": 1,
          "schema_version": 0,
          "attributes": {
            "carrier_gateway_id": "",
            "core_network_arn": "",
            "destination_cidr_block": "",
            "destination_ipv6_cidr_block": "::/0",
            "destination_prefix_list_id": "",
            "egress_only_gateway_id": "eigw-0462f5594cfb2e2b6",
            "gateway_id": "",
            "id": "r-rtb-0e69169d7f8c3da012750132062",
            "instance_id": "",
            "instance_owner_id": "",
            "local_gateway_id": "",
            "nat_gateway_id": "",
            "network_interface_id": "",
            "origin": "CreateRoute",
            "route_table_id": "rtb-0e69169d7f8c3da01",
            "state": "active",
            "timeouts": null,
            "transit_gateway_id": "",
            "vpc_endpoint_id": "",
            "vpc_peering_connection_id": ""
          },
          "sensitive_attributes": [],
          "private": "eyJlMmJmYjczMC1lY2FhLTExZTYtOGY4OC0zNDM2M2JjN2M0YzAiOnsiY3JlYXRlIjozMDAwMDAwMDAwMDAsImRlbGV0ZSI6MzAwMDAwMDAwMDAwLCJ1cGRhdGUiOjEyMDAwMDAwMDAwMH19",
          "dependencies": [
            "data.aws_availability_zones.available",
            "module.vpc.aws_egress_only_internet_gateway.this",
            "module.vpc.aws_route_table.private",
            "module.vpc.aws_vpc.this",
            "module.vpc.aws_vpc_ipv4_cidr_block_association.this"
          ]
        },
        {
          "index_key": 2,
          "schema_version": 0,
          "attributes": {
            "carrier_gateway_id": "",
            "core_network_arn": "",
            "destination_cidr_block": "",
            "destination_ipv6_cidr_block": "::/0",
            "destination_prefix_list_id": "",
            "egress_only_gateway_id": "eigw-0462f5594cfb2e2b6",
            "gateway_id": "",
            "id": "r-rtb-0e69169d7f8c3da012750132062",
            "instance_id": "",
            "instance_owner_id": "",
            "local_gateway_id": "",
            "nat_gateway_id": "",
            "network_interface_id": "",
            "origin": "CreateRoute",
            "route_table_id": "rtb-0e69169d7f8c3da01",
            "state": "active",
            "timeouts": null,
            "transit_gateway_id": "",
            "vpc_endpoint_id": "",
            "vpc_peering_connection_id": ""
          },
          "sensitive_attributes": [],
          "private": "eyJlMmJmYjczMC1lY2FhLTExZTYtOGY4OC0zNDM2M2JjN2M0YzAiOnsiY3JlYXRlIjozMDAwMDAwMDAwMDAsImRlbGV0ZSI6MzAwMDAwMDAwMDAwLCJ1cGRhdGUiOjEyMDAwMDAwMDAwMH19",
          "dependencies": [
            "data.aws_availability_zones.available",
            "module.vpc.aws_egress_only_internet_gateway.this",
            "module.vpc.aws_route_table.private",
            "module.vpc.aws_vpc.this",
            "module.vpc.aws_vpc_ipv4_cidr_block_association.this"
          ]
        }
      ]
    },
    {
      "module": "module.vpc",
      "mode": "managed",
      "type": "aws_route",
      "name": "private_nat_gateway",
      "provider": "provider[\"registry.terraform.io/hashicorp/aws\"]",
      "instances": [
        {
          "index_key": 0,
          "schema_version": 0,
          "attributes": {
            "carrier_gateway_id": "",
            "core_network_arn": "",
            "destination_cidr_block": "0.0.0.0/0",
            "destination_ipv6_cidr_block": "",
            "destination_prefix_list_id": "",
            "egress_only_gateway_id": "",
            "gateway_id": "",
            "id": "r-rtb-0e69169d7f8c3da011080289494",
            "instance_id": "",
            "instance_owner_id": "",
            "local_gateway_id": "",
            "nat_gateway_id": "nat-053f63856ff4490c5",
            "network_interface_id": "",
            "origin": "CreateRoute",
            "route_table_id": "rtb-0e69169d7f8c3da01",
            "state": "active",
            "timeouts": {
              "create": "5m",
              "delete": null,
              "update": null
            },
            "transit_gateway_id": "",
            "vpc_endpoint_id": "",
            "vpc_peering_connection_id": ""
          },
          "sensitive_attributes": [],
          "private": "eyJlMmJmYjczMC1lY2FhLTExZTYtOGY4OC0zNDM2M2JjN2M0YzAiOnsiY3JlYXRlIjozMDAwMDAwMDAwMDAsImRlbGV0ZSI6MzAwMDAwMDAwMDAwLCJ1cGRhdGUiOjEyMDAwMDAwMDAwMH19",
          "dependencies": [
            "data.aws_availability_zones.available",
            "module.vpc.aws_eip.nat",
            "module.vpc.aws_internet_gateway.this",
            "module.vpc.aws_nat_gateway.this",
            "module.vpc.aws_route_table.private",
            "module.vpc.aws_subnet.public",
            "module.vpc.aws_vpc.this",
            "module.vpc.aws_vpc_ipv4_cidr_block_association.this"
          ]
        }
      ]
    },
    {
      "module": "module.vpc",
      "mode": "managed",
      "type": "aws_route",
      "name": "public_internet_gateway",
      "provider": "provider[\"registry.terraform.io/hashicorp/aws\"]",
      "instances": [
        {
          "index_key": 0,
          "schema_version": 0,
          "attributes": {
            "carrier_gateway_id": "",
            "core_network_arn": "",
            "destination_cidr_block": "0.0.0.0/0",
            "destination_ipv6_cidr_block": "",
            "destination_prefix_list_id": "",
            "egress_only_gateway_id": "",
            "gateway_id": "igw-0115e326678d13624",
            "id": "r-rtb-08efca3666526616d1080289494",
            "instance_id": "",
            "instance_owner_id": "",
            "local_gateway_id": "",
            "nat_gateway_id": "",
            "network_interface_id": "",
            "origin": "CreateRoute",
            "route_table_id": "rtb-08efca3666526616d",
            "state": "active",
            "timeouts": {
              "create": "5m",
              "delete": null,
              "update": null
            },
            "transit_gateway_id": "",
            "vpc_endpoint_id": "",
            "vpc_peering_connection_id": ""
          },
          "sensitive_attributes": [],
          "private": "eyJlMmJmYjczMC1lY2FhLTExZTYtOGY4OC0zNDM2M2JjN2M0YzAiOnsiY3JlYXRlIjozMDAwMDAwMDAwMDAsImRlbGV0ZSI6MzAwMDAwMDAwMDAwLCJ1cGRhdGUiOjEyMDAwMDAwMDAwMH19",
          "dependencies": [
            "data.aws_availability_zones.available",
            "module.vpc.aws_internet_gateway.this",
            "module.vpc.aws_route_table.public",
            "module.vpc.aws_vpc.this",
            "module.vpc.aws_vpc_ipv4_cidr_block_association.this"
          ]
        }
      ]
    },
    {
      "module": "module.vpc",
      "mode": "managed",
      "type": "aws_route",
      "name": "public_internet_gateway_ipv6",
      "provider": "provider[\"registry.terraform.io/hashicorp/aws\"]",
      "instances": [
        {
          "index_key": 0,
          "schema_version": 0,
          "attributes": {
            "carrier_gateway_id": "",
            "core_network_arn": "",
            "destination_cidr_block": "",
            "destination_ipv6_cidr_block": "::/0",
            "destination_prefix_list_id": "",
            "egress_only_gateway_id": "",
            "gateway_id": "igw-0115e326678d13624",
            "id": "r-rtb-08efca3666526616d2750132062",
            "instance_id": "",
            "instance_owner_id": "",
            "local_gateway_id": "",
            "nat_gateway_id": "",
            "network_interface_id": "",
            "origin": "CreateRoute",
            "route_table_id": "rtb-08efca3666526616d",
            "state": "active",
            "timeouts": null,
            "transit_gateway_id": "",
            "vpc_endpoint_id": "",
            "vpc_peering_connection_id": ""
          },
          "sensitive_attributes": [],
          "private": "eyJlMmJmYjczMC1lY2FhLTExZTYtOGY4OC0zNDM2M2JjN2M0YzAiOnsiY3JlYXRlIjozMDAwMDAwMDAwMDAsImRlbGV0ZSI6MzAwMDAwMDAwMDAwLCJ1cGRhdGUiOjEyMDAwMDAwMDAwMH19",
          "dependencies": [
            "data.aws_availability_zones.available",
            "module.vpc.aws_internet_gateway.this",
            "module.vpc.aws_route_table.public",
            "module.vpc.aws_vpc.this",
            "module.vpc.aws_vpc_ipv4_cidr_block_association.this"
          ]
        }
      ]
    },
    {
      "module": "module.vpc",
      "mode": "managed",
      "type": "aws_route_table",
      "name": "intra",
      "provider": "provider[\"registry.terraform.io/hashicorp/aws\"]",
      "instances": [
        {
          "index_key": 0,
          "schema_version": 0,
          "attributes": {
            "arn": "arn:aws:ec2:eu-west-1:832611670348:route-table/rtb-0a02f9e10e74243fe",
            "id": "rtb-0a02f9e10e74243fe",
            "owner_id": "832611670348",
            "propagating_vgws": [],
            "route": [],
            "tags": {
              "Example": "ex-fluxcd",
              "GithubOrg": "terraform-aws-modules",
              "GithubRepo": "terraform-aws-eks",
              "Name": "ex-fluxcd-intra"
            },
            "tags_all": {
              "Example": "ex-fluxcd",
              "GithubOrg": "terraform-aws-modules",
              "GithubRepo": "terraform-aws-eks",
              "Name": "ex-fluxcd-intra"
            },
            "timeouts": null,
            "vpc_id": "vpc-0a9f05c347f07e84d"
          },
          "sensitive_attributes": [],
          "private": "eyJlMmJmYjczMC1lY2FhLTExZTYtOGY4OC0zNDM2M2JjN2M0YzAiOnsiY3JlYXRlIjozMDAwMDAwMDAwMDAsImRlbGV0ZSI6MzAwMDAwMDAwMDAwLCJ1cGRhdGUiOjEyMDAwMDAwMDAwMH19",
          "dependencies": [
            "data.aws_availability_zones.available",
            "module.vpc.aws_vpc.this",
            "module.vpc.aws_vpc_ipv4_cidr_block_association.this"
          ]
        }
      ]
    },
    {
      "module": "module.vpc",
      "mode": "managed",
      "type": "aws_route_table",
      "name": "private",
      "provider": "provider[\"registry.terraform.io/hashicorp/aws\"]",
      "instances": [
        {
          "index_key": 0,
          "schema_version": 0,
          "attributes": {
            "arn": "arn:aws:ec2:eu-west-1:832611670348:route-table/rtb-0e69169d7f8c3da01",
            "id": "rtb-0e69169d7f8c3da01",
            "owner_id": "832611670348",
            "propagating_vgws": [],
            "route": [],
            "tags": {
              "Example": "ex-fluxcd",
              "GithubOrg": "terraform-aws-modules",
              "GithubRepo": "terraform-aws-eks",
              "Name": "ex-fluxcd-private"
            },
            "tags_all": {
              "Example": "ex-fluxcd",
              "GithubOrg": "terraform-aws-modules",
              "GithubRepo": "terraform-aws-eks",
              "Name": "ex-fluxcd-private"
            },
            "timeouts": null,
            "vpc_id": "vpc-0a9f05c347f07e84d"
          },
          "sensitive_attributes": [],
          "private": "eyJlMmJmYjczMC1lY2FhLTExZTYtOGY4OC0zNDM2M2JjN2M0YzAiOnsiY3JlYXRlIjozMDAwMDAwMDAwMDAsImRlbGV0ZSI6MzAwMDAwMDAwMDAwLCJ1cGRhdGUiOjEyMDAwMDAwMDAwMH19",
          "dependencies": [
            "data.aws_availability_zones.available",
            "module.vpc.aws_vpc.this",
            "module.vpc.aws_vpc_ipv4_cidr_block_association.this"
          ]
        }
      ]
    },
    {
      "module": "module.vpc",
      "mode": "managed",
      "type": "aws_route_table",
      "name": "public",
      "provider": "provider[\"registry.terraform.io/hashicorp/aws\"]",
      "instances": [
        {
          "index_key": 0,
          "schema_version": 0,
          "attributes": {
            "arn": "arn:aws:ec2:eu-west-1:832611670348:route-table/rtb-08efca3666526616d",
            "id": "rtb-08efca3666526616d",
            "owner_id": "832611670348",
            "propagating_vgws": [],
            "route": [],
            "tags": {
              "Example": "ex-fluxcd",
              "GithubOrg": "terraform-aws-modules",
              "GithubRepo": "terraform-aws-eks",
              "Name": "ex-fluxcd-public"
            },
            "tags_all": {
              "Example": "ex-fluxcd",
              "GithubOrg": "terraform-aws-modules",
              "GithubRepo": "terraform-aws-eks",
              "Name": "ex-fluxcd-public"
            },
            "timeouts": null,
            "vpc_id": "vpc-0a9f05c347f07e84d"
          },
          "sensitive_attributes": [],
          "private": "eyJlMmJmYjczMC1lY2FhLTExZTYtOGY4OC0zNDM2M2JjN2M0YzAiOnsiY3JlYXRlIjozMDAwMDAwMDAwMDAsImRlbGV0ZSI6MzAwMDAwMDAwMDAwLCJ1cGRhdGUiOjEyMDAwMDAwMDAwMH19",
          "dependencies": [
            "data.aws_availability_zones.available",
            "module.vpc.aws_vpc.this",
            "module.vpc.aws_vpc_ipv4_cidr_block_association.this"
          ]
        }
      ]
    },
    {
      "module": "module.vpc",
      "mode": "managed",
      "type": "aws_route_table_association",
      "name": "intra",
      "provider": "provider[\"registry.terraform.io/hashicorp/aws\"]",
      "instances": [
        {
          "index_key": 0,
          "schema_version": 0,
          "attributes": {
            "gateway_id": "",
            "id": "rtbassoc-08929a0c91e3f8e2a",
            "route_table_id": "rtb-0a02f9e10e74243fe",
            "subnet_id": "subnet-0fc6d077ac111ce10"
          },
          "sensitive_attributes": [],
          "private": "bnVsbA==",
          "dependencies": [
            "data.aws_availability_zones.available",
            "module.vpc.aws_route_table.intra",
            "module.vpc.aws_subnet.intra",
            "module.vpc.aws_vpc.this",
            "module.vpc.aws_vpc_ipv4_cidr_block_association.this"
          ]
        },
        {
          "index_key": 1,
          "schema_version": 0,
          "attributes": {
            "gateway_id": "",
            "id": "rtbassoc-0ab1493312ddfddb0",
            "route_table_id": "rtb-0a02f9e10e74243fe",
            "subnet_id": "subnet-068e034f86e8dbde8"
          },
          "sensitive_attributes": [],
          "private": "bnVsbA==",
          "dependencies": [
            "data.aws_availability_zones.available",
            "module.vpc.aws_route_table.intra",
            "module.vpc.aws_subnet.intra",
            "module.vpc.aws_vpc.this",
            "module.vpc.aws_vpc_ipv4_cidr_block_association.this"
          ]
        },
        {
          "index_key": 2,
          "schema_version": 0,
          "attributes": {
            "gateway_id": "",
            "id": "rtbassoc-0638ecd3b9f4f552f",
            "route_table_id": "rtb-0a02f9e10e74243fe",
            "subnet_id": "subnet-003f599ecf3cda57e"
          },
          "sensitive_attributes": [],
          "private": "bnVsbA==",
          "dependencies": [
            "data.aws_availability_zones.available",
            "module.vpc.aws_route_table.intra",
            "module.vpc.aws_subnet.intra",
            "module.vpc.aws_vpc.this",
            "module.vpc.aws_vpc_ipv4_cidr_block_association.this"
          ]
        }
      ]
    },
    {
      "module": "module.vpc",
      "mode": "managed",
      "type": "aws_route_table_association",
      "name": "private",
      "provider": "provider[\"registry.terraform.io/hashicorp/aws\"]",
      "instances": [
        {
          "index_key": 0,
          "schema_version": 0,
          "attributes": {
            "gateway_id": "",
            "id": "rtbassoc-0b37a16b3032d79e6",
            "route_table_id": "rtb-0e69169d7f8c3da01",
            "subnet_id": "subnet-09194fbe54de96b47"
          },
          "sensitive_attributes": [],
          "private": "bnVsbA==",
          "dependencies": [
            "data.aws_availability_zones.available",
            "module.vpc.aws_route_table.private",
            "module.vpc.aws_subnet.private",
            "module.vpc.aws_vpc.this",
            "module.vpc.aws_vpc_ipv4_cidr_block_association.this"
          ]
        },
        {
          "index_key": 1,
          "schema_version": 0,
          "attributes": {
            "gateway_id": "",
            "id": "rtbassoc-0a7eaf0ed2d3efd36",
            "route_table_id": "rtb-0e69169d7f8c3da01",
            "subnet_id": "subnet-0369e7a678a97fe7d"
          },
          "sensitive_attributes": [],
          "private": "bnVsbA==",
          "dependencies": [
            "data.aws_availability_zones.available",
            "module.vpc.aws_route_table.private",
            "module.vpc.aws_subnet.private",
            "module.vpc.aws_vpc.this",
            "module.vpc.aws_vpc_ipv4_cidr_block_association.this"
          ]
        },
        {
          "index_key": 2,
          "schema_version": 0,
          "attributes": {
            "gateway_id": "",
            "id": "rtbassoc-04396e8e9b3c517b0",
            "route_table_id": "rtb-0e69169d7f8c3da01",
            "subnet_id": "subnet-05a8df5705c949ec7"
          },
          "sensitive_attributes": [],
          "private": "bnVsbA==",
          "dependencies": [
            "data.aws_availability_zones.available",
            "module.vpc.aws_route_table.private",
            "module.vpc.aws_subnet.private",
            "module.vpc.aws_vpc.this",
            "module.vpc.aws_vpc_ipv4_cidr_block_association.this"
          ]
        }
      ]
    },
    {
      "module": "module.vpc",
      "mode": "managed",
      "type": "aws_route_table_association",
      "name": "public",
      "provider": "provider[\"registry.terraform.io/hashicorp/aws\"]",
      "instances": [
        {
          "index_key": 0,
          "schema_version": 0,
          "attributes": {
            "gateway_id": "",
            "id": "rtbassoc-0964a6c35096ab7f9",
            "route_table_id": "rtb-08efca3666526616d",
            "subnet_id": "subnet-00a5d29ea82d1d2f4"
          },
          "sensitive_attributes": [],
          "private": "bnVsbA==",
          "dependencies": [
            "data.aws_availability_zones.available",
            "module.vpc.aws_route_table.public",
            "module.vpc.aws_subnet.public",
            "module.vpc.aws_vpc.this",
            "module.vpc.aws_vpc_ipv4_cidr_block_association.this"
          ]
        },
        {
          "index_key": 1,
          "schema_version": 0,
          "attributes": {
            "gateway_id": "",
            "id": "rtbassoc-0beee0b03575bb48b",
            "route_table_id": "rtb-08efca3666526616d",
            "subnet_id": "subnet-0cc86524afa1e6592"
          },
          "sensitive_attributes": [],
          "private": "bnVsbA==",
          "dependencies": [
            "data.aws_availability_zones.available",
            "module.vpc.aws_route_table.public",
            "module.vpc.aws_subnet.public",
            "module.vpc.aws_vpc.this",
            "module.vpc.aws_vpc_ipv4_cidr_block_association.this"
          ]
        },
        {
          "index_key": 2,
          "schema_version": 0,
          "attributes": {
            "gateway_id": "",
            "id": "rtbassoc-0b3d16fa1027b53cf",
            "route_table_id": "rtb-08efca3666526616d",
            "subnet_id": "subnet-067128cbf4c4a516b"
          },
          "sensitive_attributes": [],
          "private": "bnVsbA==",
          "dependencies": [
            "data.aws_availability_zones.available",
            "module.vpc.aws_route_table.public",
            "module.vpc.aws_subnet.public",
            "module.vpc.aws_vpc.this",
            "module.vpc.aws_vpc_ipv4_cidr_block_association.this"
          ]
        }
      ]
    },
    {
      "module": "module.vpc",
      "mode": "managed",
      "type": "aws_subnet",
      "name": "intra",
      "provider": "provider[\"registry.terraform.io/hashicorp/aws\"]",
      "instances": [
        {
          "index_key": 0,
          "schema_version": 1,
          "attributes": {
            "arn": "arn:aws:ec2:eu-west-1:832611670348:subnet/subnet-0fc6d077ac111ce10",
            "assign_ipv6_address_on_creation": false,
            "availability_zone": "eu-west-1a",
            "availability_zone_id": "euw1-az1",
            "cidr_block": "10.0.52.0/24",
            "customer_owned_ipv4_pool": "",
            "enable_dns64": false,
            "enable_resource_name_dns_a_record_on_launch": false,
            "enable_resource_name_dns_aaaa_record_on_launch": false,
            "id": "subnet-0fc6d077ac111ce10",
            "ipv6_cidr_block": "",
            "ipv6_cidr_block_association_id": "",
            "ipv6_native": false,
            "map_customer_owned_ip_on_launch": false,
            "map_public_ip_on_launch": false,
            "outpost_arn": "",
            "owner_id": "832611670348",
            "private_dns_hostname_type_on_launch": "ip-name",
            "tags": {
              "Example": "ex-fluxcd",
              "GithubOrg": "terraform-aws-modules",
              "GithubRepo": "terraform-aws-eks",
              "Name": "ex-fluxcd-intra-eu-west-1a"
            },
            "tags_all": {
              "Example": "ex-fluxcd",
              "GithubOrg": "terraform-aws-modules",
              "GithubRepo": "terraform-aws-eks",
              "Name": "ex-fluxcd-intra-eu-west-1a"
            },
            "timeouts": null,
            "vpc_id": "vpc-0a9f05c347f07e84d"
          },
          "sensitive_attributes": [],
          "private": "eyJlMmJmYjczMC1lY2FhLTExZTYtOGY4OC0zNDM2M2JjN2M0YzAiOnsiY3JlYXRlIjo2MDAwMDAwMDAwMDAsImRlbGV0ZSI6MTIwMDAwMDAwMDAwMH0sInNjaGVtYV92ZXJzaW9uIjoiMSJ9",
          "dependencies": [
            "data.aws_availability_zones.available",
            "module.vpc.aws_vpc.this",
            "module.vpc.aws_vpc_ipv4_cidr_block_association.this"
          ],
          "create_before_destroy": true
        },
        {
          "index_key": 1,
          "schema_version": 1,
          "attributes": {
            "arn": "arn:aws:ec2:eu-west-1:832611670348:subnet/subnet-068e034f86e8dbde8",
            "assign_ipv6_address_on_creation": false,
            "availability_zone": "eu-west-1b",
            "availability_zone_id": "euw1-az2",
            "cidr_block": "10.0.53.0/24",
            "customer_owned_ipv4_pool": "",
            "enable_dns64": false,
            "enable_resource_name_dns_a_record_on_launch": false,
            "enable_resource_name_dns_aaaa_record_on_launch": false,
            "id": "subnet-068e034f86e8dbde8",
            "ipv6_cidr_block": "",
            "ipv6_cidr_block_association_id": "",
            "ipv6_native": false,
            "map_customer_owned_ip_on_launch": false,
            "map_public_ip_on_launch": false,
            "outpost_arn": "",
            "owner_id": "832611670348",
            "private_dns_hostname_type_on_launch": "ip-name",
            "tags": {
              "Example": "ex-fluxcd",
              "GithubOrg": "terraform-aws-modules",
              "GithubRepo": "terraform-aws-eks",
              "Name": "ex-fluxcd-intra-eu-west-1b"
            },
            "tags_all": {
              "Example": "ex-fluxcd",
              "GithubOrg": "terraform-aws-modules",
              "GithubRepo": "terraform-aws-eks",
              "Name": "ex-fluxcd-intra-eu-west-1b"
            },
            "timeouts": null,
            "vpc_id": "vpc-0a9f05c347f07e84d"
          },
          "sensitive_attributes": [],
          "private": "eyJlMmJmYjczMC1lY2FhLTExZTYtOGY4OC0zNDM2M2JjN2M0YzAiOnsiY3JlYXRlIjo2MDAwMDAwMDAwMDAsImRlbGV0ZSI6MTIwMDAwMDAwMDAwMH0sInNjaGVtYV92ZXJzaW9uIjoiMSJ9",
          "dependencies": [
            "data.aws_availability_zones.available",
            "module.vpc.aws_vpc.this",
            "module.vpc.aws_vpc_ipv4_cidr_block_association.this"
          ],
          "create_before_destroy": true
        },
        {
          "index_key": 2,
          "schema_version": 1,
          "attributes": {
            "arn": "arn:aws:ec2:eu-west-1:832611670348:subnet/subnet-003f599ecf3cda57e",
            "assign_ipv6_address_on_creation": false,
            "availability_zone": "eu-west-1c",
            "availability_zone_id": "euw1-az3",
            "cidr_block": "10.0.54.0/24",
            "customer_owned_ipv4_pool": "",
            "enable_dns64": false,
            "enable_resource_name_dns_a_record_on_launch": false,
            "enable_resource_name_dns_aaaa_record_on_launch": false,
            "id": "subnet-003f599ecf3cda57e",
            "ipv6_cidr_block": "",
            "ipv6_cidr_block_association_id": "",
            "ipv6_native": false,
            "map_customer_owned_ip_on_launch": false,
            "map_public_ip_on_launch": false,
            "outpost_arn": "",
            "owner_id": "832611670348",
            "private_dns_hostname_type_on_launch": "ip-name",
            "tags": {
              "Example": "ex-fluxcd",
              "GithubOrg": "terraform-aws-modules",
              "GithubRepo": "terraform-aws-eks",
              "Name": "ex-fluxcd-intra-eu-west-1c"
            },
            "tags_all": {
              "Example": "ex-fluxcd",
              "GithubOrg": "terraform-aws-modules",
              "GithubRepo": "terraform-aws-eks",
              "Name": "ex-fluxcd-intra-eu-west-1c"
            },
            "timeouts": null,
            "vpc_id": "vpc-0a9f05c347f07e84d"
          },
          "sensitive_attributes": [],
          "private": "eyJlMmJmYjczMC1lY2FhLTExZTYtOGY4OC0zNDM2M2JjN2M0YzAiOnsiY3JlYXRlIjo2MDAwMDAwMDAwMDAsImRlbGV0ZSI6MTIwMDAwMDAwMDAwMH0sInNjaGVtYV92ZXJzaW9uIjoiMSJ9",
          "dependencies": [
            "data.aws_availability_zones.available",
            "module.vpc.aws_vpc.this",
            "module.vpc.aws_vpc_ipv4_cidr_block_association.this"
          ],
          "create_before_destroy": true
        }
      ]
    },
    {
      "module": "module.vpc",
      "mode": "managed",
      "type": "aws_subnet",
      "name": "private",
      "provider": "provider[\"registry.terraform.io/hashicorp/aws\"]",
      "instances": [
        {
          "index_key": 0,
          "schema_version": 1,
          "attributes": {
            "arn": "arn:aws:ec2:eu-west-1:832611670348:subnet/subnet-09194fbe54de96b47",
            "assign_ipv6_address_on_creation": false,
            "availability_zone": "eu-west-1a",
            "availability_zone_id": "euw1-az1",
            "cidr_block": "10.0.0.0/20",
            "customer_owned_ipv4_pool": "",
            "enable_dns64": false,
            "enable_resource_name_dns_a_record_on_launch": false,
            "enable_resource_name_dns_aaaa_record_on_launch": false,
            "id": "subnet-09194fbe54de96b47",
            "ipv6_cidr_block": "2a05:d018:10a0:7e03::/64",
            "ipv6_cidr_block_association_id": "subnet-cidr-assoc-09eb8daf5a450611e",
            "ipv6_native": false,
            "map_customer_owned_ip_on_launch": false,
            "map_public_ip_on_launch": false,
            "outpost_arn": "",
            "owner_id": "832611670348",
            "private_dns_hostname_type_on_launch": "ip-name",
            "tags": {
              "Example": "ex-fluxcd",
              "GithubOrg": "terraform-aws-modules",
              "GithubRepo": "terraform-aws-eks",
              "Name": "ex-fluxcd-private-eu-west-1a",
              "kubernetes.io/role/internal-elb": "1"
            },
            "tags_all": {
              "Example": "ex-fluxcd",
              "GithubOrg": "terraform-aws-modules",
              "GithubRepo": "terraform-aws-eks",
              "Name": "ex-fluxcd-private-eu-west-1a",
              "kubernetes.io/role/internal-elb": "1"
            },
            "timeouts": null,
            "vpc_id": "vpc-0a9f05c347f07e84d"
          },
          "sensitive_attributes": [],
          "private": "eyJlMmJmYjczMC1lY2FhLTExZTYtOGY4OC0zNDM2M2JjN2M0YzAiOnsiY3JlYXRlIjo2MDAwMDAwMDAwMDAsImRlbGV0ZSI6MTIwMDAwMDAwMDAwMH0sInNjaGVtYV92ZXJzaW9uIjoiMSJ9",
          "dependencies": [
            "data.aws_availability_zones.available",
            "module.vpc.aws_vpc.this",
            "module.vpc.aws_vpc_ipv4_cidr_block_association.this"
          ],
          "create_before_destroy": true
        },
        {
          "index_key": 1,
          "schema_version": 1,
          "attributes": {
            "arn": "arn:aws:ec2:eu-west-1:832611670348:subnet/subnet-0369e7a678a97fe7d",
            "assign_ipv6_address_on_creation": false,
            "availability_zone": "eu-west-1b",
            "availability_zone_id": "euw1-az2",
            "cidr_block": "10.0.16.0/20",
            "customer_owned_ipv4_pool": "",
            "enable_dns64": false,
            "enable_resource_name_dns_a_record_on_launch": false,
            "enable_resource_name_dns_aaaa_record_on_launch": false,
            "id": "subnet-0369e7a678a97fe7d",
            "ipv6_cidr_block": "2a05:d018:10a0:7e04::/64",
            "ipv6_cidr_block_association_id": "subnet-cidr-assoc-0f9dc00e417b6b25d",
            "ipv6_native": false,
            "map_customer_owned_ip_on_launch": false,
            "map_public_ip_on_launch": false,
            "outpost_arn": "",
            "owner_id": "832611670348",
            "private_dns_hostname_type_on_launch": "ip-name",
            "tags": {
              "Example": "ex-fluxcd",
              "GithubOrg": "terraform-aws-modules",
              "GithubRepo": "terraform-aws-eks",
              "Name": "ex-fluxcd-private-eu-west-1b",
              "kubernetes.io/role/internal-elb": "1"
            },
            "tags_all": {
              "Example": "ex-fluxcd",
              "GithubOrg": "terraform-aws-modules",
              "GithubRepo": "terraform-aws-eks",
              "Name": "ex-fluxcd-private-eu-west-1b",
              "kubernetes.io/role/internal-elb": "1"
            },
            "timeouts": null,
            "vpc_id": "vpc-0a9f05c347f07e84d"
          },
          "sensitive_attributes": [],
          "private": "eyJlMmJmYjczMC1lY2FhLTExZTYtOGY4OC0zNDM2M2JjN2M0YzAiOnsiY3JlYXRlIjo2MDAwMDAwMDAwMDAsImRlbGV0ZSI6MTIwMDAwMDAwMDAwMH0sInNjaGVtYV92ZXJzaW9uIjoiMSJ9",
          "dependencies": [
            "data.aws_availability_zones.available",
            "module.vpc.aws_vpc.this",
            "module.vpc.aws_vpc_ipv4_cidr_block_association.this"
          ],
          "create_before_destroy": true
        },
        {
          "index_key": 2,
          "schema_version": 1,
          "attributes": {
            "arn": "arn:aws:ec2:eu-west-1:832611670348:subnet/subnet-05a8df5705c949ec7",
            "assign_ipv6_address_on_creation": false,
            "availability_zone": "eu-west-1c",
            "availability_zone_id": "euw1-az3",
            "cidr_block": "10.0.32.0/20",
            "customer_owned_ipv4_pool": "",
            "enable_dns64": false,
            "enable_resource_name_dns_a_record_on_launch": false,
            "enable_resource_name_dns_aaaa_record_on_launch": false,
            "id": "subnet-05a8df5705c949ec7",
            "ipv6_cidr_block": "2a05:d018:10a0:7e05::/64",
            "ipv6_cidr_block_association_id": "subnet-cidr-assoc-0112da472eefd450b",
            "ipv6_native": false,
            "map_customer_owned_ip_on_launch": false,
            "map_public_ip_on_launch": false,
            "outpost_arn": "",
            "owner_id": "832611670348",
            "private_dns_hostname_type_on_launch": "ip-name",
            "tags": {
              "Example": "ex-fluxcd",
              "GithubOrg": "terraform-aws-modules",
              "GithubRepo": "terraform-aws-eks",
              "Name": "ex-fluxcd-private-eu-west-1c",
              "kubernetes.io/role/internal-elb": "1"
            },
            "tags_all": {
              "Example": "ex-fluxcd",
              "GithubOrg": "terraform-aws-modules",
              "GithubRepo": "terraform-aws-eks",
              "Name": "ex-fluxcd-private-eu-west-1c",
              "kubernetes.io/role/internal-elb": "1"
            },
            "timeouts": null,
            "vpc_id": "vpc-0a9f05c347f07e84d"
          },
          "sensitive_attributes": [],
          "private": "eyJlMmJmYjczMC1lY2FhLTExZTYtOGY4OC0zNDM2M2JjN2M0YzAiOnsiY3JlYXRlIjo2MDAwMDAwMDAwMDAsImRlbGV0ZSI6MTIwMDAwMDAwMDAwMH0sInNjaGVtYV92ZXJzaW9uIjoiMSJ9",
          "dependencies": [
            "data.aws_availability_zones.available",
            "module.vpc.aws_vpc.this",
            "module.vpc.aws_vpc_ipv4_cidr_block_association.this"
          ],
          "create_before_destroy": true
        }
      ]
    },
    {
      "module": "module.vpc",
      "mode": "managed",
      "type": "aws_subnet",
      "name": "public",
      "provider": "provider[\"registry.terraform.io/hashicorp/aws\"]",
      "instances": [
        {
          "index_key": 0,
          "schema_version": 1,
          "attributes": {
            "arn": "arn:aws:ec2:eu-west-1:832611670348:subnet/subnet-00a5d29ea82d1d2f4",
            "assign_ipv6_address_on_creation": false,
            "availability_zone": "eu-west-1a",
            "availability_zone_id": "euw1-az1",
            "cidr_block": "10.0.48.0/24",
            "customer_owned_ipv4_pool": "",
            "enable_dns64": false,
            "enable_resource_name_dns_a_record_on_launch": false,
            "enable_resource_name_dns_aaaa_record_on_launch": false,
            "id": "subnet-00a5d29ea82d1d2f4",
            "ipv6_cidr_block": "2a05:d018:10a0:7e00::/64",
            "ipv6_cidr_block_association_id": "subnet-cidr-assoc-09ba995d77f4bcb72",
            "ipv6_native": false,
            "map_customer_owned_ip_on_launch": false,
            "map_public_ip_on_launch": true,
            "outpost_arn": "",
            "owner_id": "832611670348",
            "private_dns_hostname_type_on_launch": "ip-name",
            "tags": {
              "Example": "ex-fluxcd",
              "GithubOrg": "terraform-aws-modules",
              "GithubRepo": "terraform-aws-eks",
              "Name": "ex-fluxcd-public-eu-west-1a",
              "kubernetes.io/role/elb": "1"
            },
            "tags_all": {
              "Example": "ex-fluxcd",
              "GithubOrg": "terraform-aws-modules",
              "GithubRepo": "terraform-aws-eks",
              "Name": "ex-fluxcd-public-eu-west-1a",
              "kubernetes.io/role/elb": "1"
            },
            "timeouts": null,
            "vpc_id": "vpc-0a9f05c347f07e84d"
          },
          "sensitive_attributes": [],
          "private": "eyJlMmJmYjczMC1lY2FhLTExZTYtOGY4OC0zNDM2M2JjN2M0YzAiOnsiY3JlYXRlIjo2MDAwMDAwMDAwMDAsImRlbGV0ZSI6MTIwMDAwMDAwMDAwMH0sInNjaGVtYV92ZXJzaW9uIjoiMSJ9",
          "dependencies": [
            "data.aws_availability_zones.available",
            "module.vpc.aws_vpc.this",
            "module.vpc.aws_vpc_ipv4_cidr_block_association.this"
          ]
        },
        {
          "index_key": 1,
          "schema_version": 1,
          "attributes": {
            "arn": "arn:aws:ec2:eu-west-1:832611670348:subnet/subnet-0cc86524afa1e6592",
            "assign_ipv6_address_on_creation": false,
            "availability_zone": "eu-west-1b",
            "availability_zone_id": "euw1-az2",
            "cidr_block": "10.0.49.0/24",
            "customer_owned_ipv4_pool": "",
            "enable_dns64": false,
            "enable_resource_name_dns_a_record_on_launch": false,
            "enable_resource_name_dns_aaaa_record_on_launch": false,
            "id": "subnet-0cc86524afa1e6592",
            "ipv6_cidr_block": "2a05:d018:10a0:7e01::/64",
            "ipv6_cidr_block_association_id": "subnet-cidr-assoc-031ba59bc2ab8a8df",
            "ipv6_native": false,
            "map_customer_owned_ip_on_launch": false,
            "map_public_ip_on_launch": true,
            "outpost_arn": "",
            "owner_id": "832611670348",
            "private_dns_hostname_type_on_launch": "ip-name",
            "tags": {
              "Example": "ex-fluxcd",
              "GithubOrg": "terraform-aws-modules",
              "GithubRepo": "terraform-aws-eks",
              "Name": "ex-fluxcd-public-eu-west-1b",
              "kubernetes.io/role/elb": "1"
            },
            "tags_all": {
              "Example": "ex-fluxcd",
              "GithubOrg": "terraform-aws-modules",
              "GithubRepo": "terraform-aws-eks",
              "Name": "ex-fluxcd-public-eu-west-1b",
              "kubernetes.io/role/elb": "1"
            },
            "timeouts": null,
            "vpc_id": "vpc-0a9f05c347f07e84d"
          },
          "sensitive_attributes": [],
          "private": "eyJlMmJmYjczMC1lY2FhLTExZTYtOGY4OC0zNDM2M2JjN2M0YzAiOnsiY3JlYXRlIjo2MDAwMDAwMDAwMDAsImRlbGV0ZSI6MTIwMDAwMDAwMDAwMH0sInNjaGVtYV92ZXJzaW9uIjoiMSJ9",
          "dependencies": [
            "data.aws_availability_zones.available",
            "module.vpc.aws_vpc.this",
            "module.vpc.aws_vpc_ipv4_cidr_block_association.this"
          ]
        },
        {
          "index_key": 2,
          "schema_version": 1,
          "attributes": {
            "arn": "arn:aws:ec2:eu-west-1:832611670348:subnet/subnet-067128cbf4c4a516b",
            "assign_ipv6_address_on_creation": false,
            "availability_zone": "eu-west-1c",
            "availability_zone_id": "euw1-az3",
            "cidr_block": "10.0.50.0/24",
            "customer_owned_ipv4_pool": "",
            "enable_dns64": false,
            "enable_resource_name_dns_a_record_on_launch": false,
            "enable_resource_name_dns_aaaa_record_on_launch": false,
            "id": "subnet-067128cbf4c4a516b",
            "ipv6_cidr_block": "2a05:d018:10a0:7e02::/64",
            "ipv6_cidr_block_association_id": "subnet-cidr-assoc-024d9221fe69acced",
            "ipv6_native": false,
            "map_customer_owned_ip_on_launch": false,
            "map_public_ip_on_launch": true,
            "outpost_arn": "",
            "owner_id": "832611670348",
            "private_dns_hostname_type_on_launch": "ip-name",
            "tags": {
              "Example": "ex-fluxcd",
              "GithubOrg": "terraform-aws-modules",
              "GithubRepo": "terraform-aws-eks",
              "Name": "ex-fluxcd-public-eu-west-1c",
              "kubernetes.io/role/elb": "1"
            },
            "tags_all": {
              "Example": "ex-fluxcd",
              "GithubOrg": "terraform-aws-modules",
              "GithubRepo": "terraform-aws-eks",
              "Name": "ex-fluxcd-public-eu-west-1c",
              "kubernetes.io/role/elb": "1"
            },
            "timeouts": null,
            "vpc_id": "vpc-0a9f05c347f07e84d"
          },
          "sensitive_attributes": [],
          "private": "eyJlMmJmYjczMC1lY2FhLTExZTYtOGY4OC0zNDM2M2JjN2M0YzAiOnsiY3JlYXRlIjo2MDAwMDAwMDAwMDAsImRlbGV0ZSI6MTIwMDAwMDAwMDAwMH0sInNjaGVtYV92ZXJzaW9uIjoiMSJ9",
          "dependencies": [
            "data.aws_availability_zones.available",
            "module.vpc.aws_vpc.this",
            "module.vpc.aws_vpc_ipv4_cidr_block_association.this"
          ]
        }
      ]
    },
    {
      "module": "module.vpc",
      "mode": "managed",
      "type": "aws_vpc",
      "name": "this",
      "provider": "provider[\"registry.terraform.io/hashicorp/aws\"]",
      "instances": [
        {
          "index_key": 0,
          "schema_version": 1,
          "attributes": {
            "arn": "arn:aws:ec2:eu-west-1:832611670348:vpc/vpc-0a9f05c347f07e84d",
            "assign_generated_ipv6_cidr_block": true,
            "cidr_block": "10.0.0.0/16",
            "default_network_acl_id": "acl-0e8a40b119f239043",
            "default_route_table_id": "rtb-062f964878b9a76a5",
            "default_security_group_id": "sg-014bcc94305e48b87",
            "dhcp_options_id": "dopt-000d29862459add55",
            "enable_classiclink": false,
            "enable_classiclink_dns_support": false,
            "enable_dns_hostnames": true,
            "enable_dns_support": true,
            "enable_network_address_usage_metrics": false,
            "id": "vpc-0a9f05c347f07e84d",
            "instance_tenancy": "default",
            "ipv4_ipam_pool_id": null,
            "ipv4_netmask_length": null,
            "ipv6_association_id": "vpc-cidr-assoc-0bae1bd6e161bd26c",
            "ipv6_cidr_block": "2a05:d018:10a0:7e00::/56",
            "ipv6_cidr_block_network_border_group": "eu-west-1",
            "ipv6_ipam_pool_id": "",
            "ipv6_netmask_length": 0,
            "main_route_table_id": "rtb-062f964878b9a76a5",
            "owner_id": "832611670348",
            "tags": {
              "Example": "ex-fluxcd",
              "GithubOrg": "terraform-aws-modules",
              "GithubRepo": "terraform-aws-eks",
              "Name": "ex-fluxcd"
            },
            "tags_all": {
              "Example": "ex-fluxcd",
              "GithubOrg": "terraform-aws-modules",
              "GithubRepo": "terraform-aws-eks",
              "Name": "ex-fluxcd"
            }
          },
          "sensitive_attributes": [],
          "private": "eyJzY2hlbWFfdmVyc2lvbiI6IjEifQ==",
          "create_before_destroy": true
        }
      ]
    },
    {
      "module": "module.vpc_cni_irsa",
      "mode": "data",
      "type": "aws_caller_identity",
      "name": "current",
      "provider": "provider[\"registry.terraform.io/hashicorp/aws\"]",
      "instances": [
        {
          "schema_version": 0,
          "attributes": {
            "account_id": "832611670348",
            "arn": "arn:aws:iam::832611670348:user/masterclass",
            "id": "832611670348",
            "user_id": "AIDA4DW4F3FGBVAS6I4WT"
          },
          "sensitive_attributes": []
        }
      ]
    },
    {
      "module": "module.vpc_cni_irsa",
      "mode": "data",
      "type": "aws_iam_policy_document",
      "name": "this",
      "provider": "provider[\"registry.terraform.io/hashicorp/aws\"]",
      "instances": [
        {
          "index_key": 0,
          "schema_version": 0,
          "attributes": {
            "id": "3263843814",
            "json": "{\n  \"Version\": \"2012-10-17\",\n  \"Statement\": [\n    {\n      \"Sid\": \"\",\n      \"Effect\": \"Allow\",\n      \"Action\": \"sts:AssumeRoleWithWebIdentity\",\n      \"Principal\": {\n        \"Federated\": \"arn:aws:iam::832611670348:oidc-provider/oidc.eks.eu-west-1.amazonaws.com/id/30B0BA2FAE48E0BF09CBECD7AB819276\"\n      },\n      \"Condition\": {\n        \"StringEquals\": {\n          \"oidc.eks.eu-west-1.amazonaws.com/id/30B0BA2FAE48E0BF09CBECD7AB819276:aud\": \"sts.amazonaws.com\",\n          \"oidc.eks.eu-west-1.amazonaws.com/id/30B0BA2FAE48E0BF09CBECD7AB819276:sub\": \"system:serviceaccount:kube-system:aws-node\"\n        }\n      }\n    }\n  ]\n}",
            "override_json": null,
            "override_policy_documents": null,
            "policy_id": null,
            "source_json": null,
            "source_policy_documents": null,
            "statement": [
              {
                "actions": [
                  "sts:AssumeRoleWithWebIdentity"
                ],
                "condition": [
                  {
                    "test": "StringEquals",
                    "values": [
                      "sts.amazonaws.com"
                    ],
                    "variable": "oidc.eks.eu-west-1.amazonaws.com/id/30B0BA2FAE48E0BF09CBECD7AB819276:aud"
                  },
                  {
                    "test": "StringEquals",
                    "values": [
                      "system:serviceaccount:kube-system:aws-node"
                    ],
                    "variable": "oidc.eks.eu-west-1.amazonaws.com/id/30B0BA2FAE48E0BF09CBECD7AB819276:sub"
                  }
                ],
                "effect": "Allow",
                "not_actions": [],
                "not_principals": [],
                "not_resources": [],
                "principals": [
                  {
                    "identifiers": [
                      "arn:aws:iam::832611670348:oidc-provider/oidc.eks.eu-west-1.amazonaws.com/id/30B0BA2FAE48E0BF09CBECD7AB819276"
                    ],
                    "type": "Federated"
                  }
                ],
                "resources": [],
                "sid": ""
              }
            ],
            "version": "2012-10-17"
          },
          "sensitive_attributes": []
        }
      ]
    },
    {
      "module": "module.vpc_cni_irsa",
      "mode": "data",
      "type": "aws_iam_policy_document",
      "name": "vpc_cni",
      "provider": "provider[\"registry.terraform.io/hashicorp/aws\"]",
      "instances": [
        {
          "index_key": 0,
          "schema_version": 0,
          "attributes": {
            "id": "572553129",
            "json": "{\n  \"Version\": \"2012-10-17\",\n  \"Statement\": [\n    {\n      \"Sid\": \"IPV6\",\n      \"Effect\": \"Allow\",\n      \"Action\": [\n        \"ec2:DescribeTags\",\n        \"ec2:DescribeNetworkInterfaces\",\n        \"ec2:DescribeInstances\",\n        \"ec2:DescribeInstanceTypes\",\n        \"ec2:AssignIpv6Addresses\"\n      ],\n      \"Resource\": \"*\"\n    },\n    {\n      \"Sid\": \"CreateTags\",\n      \"Effect\": \"Allow\",\n      \"Action\": \"ec2:CreateTags\",\n      \"Resource\": \"arn:aws:ec2:*:*:network-interface/*\"\n    }\n  ]\n}",
            "override_json": null,
            "override_policy_documents": null,
            "policy_id": null,
            "source_json": null,
            "source_policy_documents": null,
            "statement": [
              {
                "actions": [
                  "ec2:AssignIpv6Addresses",
                  "ec2:DescribeInstanceTypes",
                  "ec2:DescribeInstances",
                  "ec2:DescribeNetworkInterfaces",
                  "ec2:DescribeTags"
                ],
                "condition": [],
                "effect": "Allow",
                "not_actions": [],
                "not_principals": [],
                "not_resources": [],
                "principals": [],
                "resources": [
                  "*"
                ],
                "sid": "IPV6"
              },
              {
                "actions": [
                  "ec2:CreateTags"
                ],
                "condition": [],
                "effect": "Allow",
                "not_actions": [],
                "not_principals": [],
                "not_resources": [],
                "principals": [],
                "resources": [
                  "arn:aws:ec2:*:*:network-interface/*"
                ],
                "sid": "CreateTags"
              }
            ],
            "version": "2012-10-17"
          },
          "sensitive_attributes": []
        }
      ]
    },
    {
      "module": "module.vpc_cni_irsa",
      "mode": "data",
      "type": "aws_partition",
      "name": "current",
      "provider": "provider[\"registry.terraform.io/hashicorp/aws\"]",
      "instances": [
        {
          "schema_version": 0,
          "attributes": {
            "dns_suffix": "amazonaws.com",
            "id": "aws",
            "partition": "aws",
            "reverse_dns_prefix": "com.amazonaws"
          },
          "sensitive_attributes": []
        }
      ]
    },
    {
      "module": "module.vpc_cni_irsa",
      "mode": "managed",
      "type": "aws_iam_policy",
      "name": "vpc_cni",
      "provider": "provider[\"registry.terraform.io/hashicorp/aws\"]",
      "instances": [
        {
          "index_key": 0,
          "schema_version": 0,
          "attributes": {
            "arn": "arn:aws:iam::832611670348:policy/AmazonEKS_CNI_Policy-20230120233926309900000003",
            "description": "Provides the Amazon VPC CNI Plugin (amazon-vpc-cni-k8s) the permissions it requires to modify the IPv4/IPv6 address configuration on your EKS worker nodes",
            "id": "arn:aws:iam::832611670348:policy/AmazonEKS_CNI_Policy-20230120233926309900000003",
            "name": "AmazonEKS_CNI_Policy-20230120233926309900000003",
            "name_prefix": "AmazonEKS_CNI_Policy-",
            "path": "/",
            "policy": "{\"Statement\":[{\"Action\":[\"ec2:DescribeTags\",\"ec2:DescribeNetworkInterfaces\",\"ec2:DescribeInstances\",\"ec2:DescribeInstanceTypes\",\"ec2:AssignIpv6Addresses\"],\"Effect\":\"Allow\",\"Resource\":\"*\",\"Sid\":\"IPV6\"},{\"Action\":\"ec2:CreateTags\",\"Effect\":\"Allow\",\"Resource\":\"arn:aws:ec2:*:*:network-interface/*\",\"Sid\":\"CreateTags\"}],\"Version\":\"2012-10-17\"}",
            "policy_id": "ANPA4DW4F3FGANYC2X7R4",
            "tags": {
              "Example": "ex-fluxcd",
              "GithubOrg": "terraform-aws-modules",
              "GithubRepo": "terraform-aws-eks"
            },
            "tags_all": {
              "Example": "ex-fluxcd",
              "GithubOrg": "terraform-aws-modules",
              "GithubRepo": "terraform-aws-eks"
            }
          },
          "sensitive_attributes": [],
          "private": "bnVsbA==",
          "dependencies": [
            "module.vpc_cni_irsa.data.aws_iam_policy_document.vpc_cni"
          ]
        }
      ]
    },
    {
      "module": "module.vpc_cni_irsa",
      "mode": "managed",
      "type": "aws_iam_role",
      "name": "this",
      "provider": "provider[\"registry.terraform.io/hashicorp/aws\"]",
      "instances": [
        {
          "index_key": 0,
          "schema_version": 0,
          "attributes": {
            "arn": "arn:aws:iam::832611670348:role/VPC-CNI-IRSA20230120234909061400000046",
            "assume_role_policy": "{\"Statement\":[{\"Action\":\"sts:AssumeRoleWithWebIdentity\",\"Condition\":{\"StringEquals\":{\"oidc.eks.eu-west-1.amazonaws.com/id/30B0BA2FAE48E0BF09CBECD7AB819276:aud\":\"sts.amazonaws.com\",\"oidc.eks.eu-west-1.amazonaws.com/id/30B0BA2FAE48E0BF09CBECD7AB819276:sub\":\"system:serviceaccount:kube-system:aws-node\"}},\"Effect\":\"Allow\",\"Principal\":{\"Federated\":\"arn:aws:iam::832611670348:oidc-provider/oidc.eks.eu-west-1.amazonaws.com/id/30B0BA2FAE48E0BF09CBECD7AB819276\"},\"Sid\":\"\"}],\"Version\":\"2012-10-17\"}",
            "create_date": "2023-01-20T23:49:09Z",
            "description": "",
            "force_detach_policies": true,
            "id": "VPC-CNI-IRSA20230120234909061400000046",
            "inline_policy": [],
            "managed_policy_arns": [],
            "max_session_duration": 3600,
            "name": "VPC-CNI-IRSA20230120234909061400000046",
            "name_prefix": "VPC-CNI-IRSA",
            "path": "/",
            "permissions_boundary": null,
            "tags": {
              "Example": "ex-fluxcd",
              "GithubOrg": "terraform-aws-modules",
              "GithubRepo": "terraform-aws-eks"
            },
            "tags_all": {
              "Example": "ex-fluxcd",
              "GithubOrg": "terraform-aws-modules",
              "GithubRepo": "terraform-aws-eks"
            },
            "unique_id": "AROA4DW4F3FGAQVJYC36T"
          },
          "sensitive_attributes": [],
          "private": "bnVsbA==",
          "dependencies": [
            "data.aws_availability_zones.available",
            "module.eks.aws_cloudwatch_log_group.this",
            "module.eks.aws_eks_cluster.this",
            "module.eks.aws_iam_openid_connect_provider.oidc_provider",
            "module.eks.aws_iam_role.this",
            "module.eks.aws_iam_role_policy_attachment.this",
            "module.eks.aws_security_group.cluster",
            "module.eks.aws_security_group.node",
            "module.eks.aws_security_group_rule.cluster",
            "module.eks.aws_security_group_rule.node",
            "module.eks.data.aws_iam_policy_document.assume_role_policy",
            "module.eks.data.aws_iam_session_context.current",
            "module.eks.data.aws_partition.current",
            "module.eks.data.tls_certificate.this",
            "module.eks.module.kms.aws_kms_external_key.this",
            "module.eks.module.kms.aws_kms_key.this",
            "module.eks.module.kms.data.aws_caller_identity.current",
            "module.eks.module.kms.data.aws_iam_policy_document.this",
            "module.eks.module.kms.data.aws_partition.current",
            "module.vpc.aws_subnet.intra",
            "module.vpc.aws_subnet.private",
            "module.vpc.aws_vpc.this",
            "module.vpc.aws_vpc_ipv4_cidr_block_association.this",
            "module.vpc_cni_irsa.data.aws_caller_identity.current",
            "module.vpc_cni_irsa.data.aws_iam_policy_document.this",
            "module.vpc_cni_irsa.data.aws_partition.current"
          ]
        }
      ]
    },
    {
      "module": "module.vpc_cni_irsa",
      "mode": "managed",
      "type": "aws_iam_role_policy_attachment",
      "name": "vpc_cni",
      "provider": "provider[\"registry.terraform.io/hashicorp/aws\"]",
      "instances": [
        {
          "index_key": 0,
          "schema_version": 0,
          "attributes": {
            "id": "VPC-CNI-IRSA20230120234909061400000046-20230120234910192700000047",
            "policy_arn": "arn:aws:iam::832611670348:policy/AmazonEKS_CNI_Policy-20230120233926309900000003",
            "role": "VPC-CNI-IRSA20230120234909061400000046"
          },
          "sensitive_attributes": [],
          "private": "bnVsbA==",
          "dependencies": [
            "data.aws_availability_zones.available",
            "module.eks.aws_cloudwatch_log_group.this",
            "module.eks.aws_eks_cluster.this",
            "module.eks.aws_iam_openid_connect_provider.oidc_provider",
            "module.eks.aws_iam_role.this",
            "module.eks.aws_iam_role_policy_attachment.this",
            "module.eks.aws_security_group.cluster",
            "module.eks.aws_security_group.node",
            "module.eks.aws_security_group_rule.cluster",
            "module.eks.aws_security_group_rule.node",
            "module.eks.data.aws_iam_policy_document.assume_role_policy",
            "module.eks.data.aws_iam_session_context.current",
            "module.eks.data.aws_partition.current",
            "module.eks.data.tls_certificate.this",
            "module.eks.module.kms.aws_kms_external_key.this",
            "module.eks.module.kms.aws_kms_key.this",
            "module.eks.module.kms.data.aws_caller_identity.current",
            "module.eks.module.kms.data.aws_iam_policy_document.this",
            "module.eks.module.kms.data.aws_partition.current",
            "module.vpc.aws_subnet.intra",
            "module.vpc.aws_subnet.private",
            "module.vpc.aws_vpc.this",
            "module.vpc.aws_vpc_ipv4_cidr_block_association.this",
            "module.vpc_cni_irsa.aws_iam_policy.vpc_cni",
            "module.vpc_cni_irsa.aws_iam_role.this",
            "module.vpc_cni_irsa.data.aws_caller_identity.current",
            "module.vpc_cni_irsa.data.aws_iam_policy_document.this",
            "module.vpc_cni_irsa.data.aws_iam_policy_document.vpc_cni",
            "module.vpc_cni_irsa.data.aws_partition.current"
          ]
        }
      ]
    }
  ],
  "check_results": null
}
